
Microsoft Visual Studio Solution File, Format Version 12.00
# Visual Studio Version 16
VisualStudioVersion = 16.0.29102.190
MinimumVisualStudioVersion = 10.0.40219.1
Project("{FAE04EC0-301F-11D3-BF4B-00C04F79EFBC}") = "WebTest", "CRLWebTest\WebTest.csproj", "{5B1E144D-0586-4B80-B4E6-F90C81E9CDB7}"
EndProject
Project("{FAE04EC0-301F-11D3-BF4B-00C04F79EFBC}") = "CRL", "CRL\CRL.csproj", "{221A152B-1136-46A0-BF49-37D8E8EF19A0}"
EndProject
Project("{FAE04EC0-301F-11D3-BF4B-00C04F79EFBC}") = "TestConsole", "TestConsole\TestConsole.csproj", "{E9A0438F-27BE-4836-B079-AE5E766AC22F}"
EndProject
Project("{FAE04EC0-301F-11D3-BF4B-00C04F79EFBC}") = "CRLTest", "CRLTest\CRLTest.csproj", "{251D0528-06AE-4FF5-82BA-344C273EF148}"
EndProject
Project("{FAE04EC0-301F-11D3-BF4B-00C04F79EFBC}") = "CRL.Core", "CRL.Core\CRL.Core.csproj", "{1255276C-756E-48AA-A09B-22E92D16D995}"
EndProject
Project("{2150E333-8FDC-42A3-9474-1A3956D46DE8}") = "RPC", "RPC", "{3FFCA506-E9BB-47CC-9760-B93A649E8E30}"
EndProject
Project("{FAE04EC0-301F-11D3-BF4B-00C04F79EFBC}") = "CRL.RPC", "RPC\CRL.RPC\CRL.RPC.csproj", "{A5F7C0AE-AF7A-45F6-8F50-C3AE5616ABBE}"
EndProject
Project("{FAE04EC0-301F-11D3-BF4B-00C04F79EFBC}") = "RPCClient", "RPC\RPCClient\RPCClient.csproj", "{1B4D683C-3FEF-4BCB-886A-BFF4B043B9A6}"
EndProject
Project("{FAE04EC0-301F-11D3-BF4B-00C04F79EFBC}") = "RPCServer", "RPC\RPCServer\RPCServer.csproj", "{EBF47F2C-9452-49E9-B984-5B6D44C3E608}"
EndProject
Project("{2150E333-8FDC-42A3-9474-1A3956D46DE8}") = "DynamicWebApi", "DynamicWebApi", "{A39689D5-9660-497A-AE76-467FBC7D05E6}"
EndProject
Project("{FAE04EC0-301F-11D3-BF4B-00C04F79EFBC}") = "CRL.DynamicWebApi", "DynamicWebApi\CRL.DynamicWebApi\CRL.DynamicWebApi.csproj", "{D38D1696-A995-4764-9A04-52D55DB2B947}"
EndProject
Project("{FAE04EC0-301F-11D3-BF4B-00C04F79EFBC}") = "DynamicWebApiClient", "DynamicWebApi\DynamicWebApiClient\DynamicWebApiClient.csproj", "{D0A1BC05-BBEE-442B-8CFD-8595F6ABC1B7}"
EndProject
Project("{FAE04EC0-301F-11D3-BF4B-00C04F79EFBC}") = "CRL.WebSocket", "WebSocket\CRL.WebSocket\CRL.WebSocket.csproj", "{E417153D-68B1-49F1-9DD5-4C6603334F19}"
EndProject
Project("{2150E333-8FDC-42A3-9474-1A3956D46DE8}") = "WebSocket", "WebSocket", "{219920D4-8F98-409D-861E-FF4F5C146E12}"
EndProject
Project("{FAE04EC0-301F-11D3-BF4B-00C04F79EFBC}") = "WebSocketClient", "WebSocket\WebSocketClient\WebSocketClient.csproj", "{EA746D4D-4888-43D2-BA78-D48F9286FDB2}"
EndProject
Project("{FAE04EC0-301F-11D3-BF4B-00C04F79EFBC}") = "WebSocketServer", "WebSocket\WebSocketServer\WebSocketServer.csproj", "{9A702D80-E791-4A56-8B04-3B2BBAFA2C3F}"
EndProject
Project("{FAE04EC0-301F-11D3-BF4B-00C04F79EFBC}") = "ServerTest", "DynamicWebApi\ServerTest\ServerTest.csproj", "{7D231056-5E8A-4AEA-B3BF-98754CB95997}"
EndProject
Project("{FAE04EC0-301F-11D3-BF4B-00C04F79EFBC}") = "CRL.Core.RedisProvider", "CRL.Core.RedisProvider\CRL.Core.RedisProvider.csproj", "{62AC0217-6A60-4C29-99CA-18DD9C0BF8BF}"
EndProject
Project("{FAE04EC0-301F-11D3-BF4B-00C04F79EFBC}") = "CRL.Core.QuartzScheduler", "CRL.Core.QuartzScheduler\CRL.Core.QuartzScheduler.csproj", "{89A602B5-446E-4F7B-AA96-2E3B90358EF2}"
EndProject
Project("{2150E333-8FDC-42A3-9474-1A3956D46DE8}") = "Core", "Core", "{380DAE15-C41C-4424-A7EF-B8B74D1687D0}"
EndProject
Project("{FAE04EC0-301F-11D3-BF4B-00C04F79EFBC}") = "CRL.Core.RabbitMQ", "CRL.Core.RabbitMQ\CRL.Core.RabbitMQ.csproj", "{C13F7A54-0CF8-4888-AD93-44312E211E6B}"
EndProject
Project("{FAE04EC0-301F-11D3-BF4B-00C04F79EFBC}") = "MQPublish", "MQPublish\MQPublish.csproj", "{9815169D-A627-460E-97B4-B7850C7909F2}"
EndProject
Project("{FAE04EC0-301F-11D3-BF4B-00C04F79EFBC}") = "MQConsume", "MQConsume\MQConsume.csproj", "{4E9A0514-95B6-49A6-8414-9BDABD274DFF}"
EndProject
Project("{FAE04EC0-301F-11D3-BF4B-00C04F79EFBC}") = "ApiProxyTest", "DynamicWebApi\ApiProxyTest\ApiProxyTest.csproj", "{98BDD5F6-5752-41D8-B1B2-4FAF69418A1A}"
EndProject
Project("{9A19103F-16F7-4668-BE54-9A1E7A4F7556}") = "CRL.Ocelot", "CRL.Ocelot\CRL.Ocelot.csproj", "{46ED6E74-112B-4014-947B-5FCC2A06E29D}"
EndProject
Project("{FAE04EC0-301F-11D3-BF4B-00C04F79EFBC}") = "WebApplication1", "WebApplication1\WebApplication1.csproj", "{DB86BC7A-0BA4-4FB9-833D-5DF23D335D95}"
EndProject
Global
	GlobalSection(SolutionConfigurationPlatforms) = preSolution
		Debug|Any CPU = Debug|Any CPU
		Debug|x64 = Debug|x64
		Debug|x86 = Debug|x86
		DebugMono|Any CPU = DebugMono|Any CPU
		DebugMono|x64 = DebugMono|x64
		DebugMono|x86 = DebugMono|x86
		Release|Any CPU = Release|Any CPU
		Release|x64 = Release|x64
		Release|x86 = Release|x86
		ReleaseMono|Any CPU = ReleaseMono|Any CPU
		ReleaseMono|x64 = ReleaseMono|x64
		ReleaseMono|x86 = ReleaseMono|x86
	EndGlobalSection
	GlobalSection(ProjectConfigurationPlatforms) = postSolution
		{5B1E144D-0586-4B80-B4E6-F90C81E9CDB7}.Debug|Any CPU.ActiveCfg = Debug|Any CPU
		{5B1E144D-0586-4B80-B4E6-F90C81E9CDB7}.Debug|Any CPU.Build.0 = Debug|Any CPU
		{5B1E144D-0586-4B80-B4E6-F90C81E9CDB7}.Debug|x64.ActiveCfg = Debug|Any CPU
		{5B1E144D-0586-4B80-B4E6-F90C81E9CDB7}.Debug|x64.Build.0 = Debug|Any CPU
		{5B1E144D-0586-4B80-B4E6-F90C81E9CDB7}.Debug|x86.ActiveCfg = Debug|Any CPU
		{5B1E144D-0586-4B80-B4E6-F90C81E9CDB7}.Debug|x86.Build.0 = Debug|Any CPU
		{5B1E144D-0586-4B80-B4E6-F90C81E9CDB7}.DebugMono|Any CPU.ActiveCfg = Debug|Any CPU
		{5B1E144D-0586-4B80-B4E6-F90C81E9CDB7}.DebugMono|Any CPU.Build.0 = Debug|Any CPU
		{5B1E144D-0586-4B80-B4E6-F90C81E9CDB7}.DebugMono|x64.ActiveCfg = Debug|Any CPU
		{5B1E144D-0586-4B80-B4E6-F90C81E9CDB7}.DebugMono|x64.Build.0 = Debug|Any CPU
		{5B1E144D-0586-4B80-B4E6-F90C81E9CDB7}.DebugMono|x86.ActiveCfg = Debug|Any CPU
		{5B1E144D-0586-4B80-B4E6-F90C81E9CDB7}.DebugMono|x86.Build.0 = Debug|Any CPU
		{5B1E144D-0586-4B80-B4E6-F90C81E9CDB7}.Release|Any CPU.ActiveCfg = Release|Any CPU
		{5B1E144D-0586-4B80-B4E6-F90C81E9CDB7}.Release|Any CPU.Build.0 = Release|Any CPU
		{5B1E144D-0586-4B80-B4E6-F90C81E9CDB7}.Release|x64.ActiveCfg = Release|Any CPU
		{5B1E144D-0586-4B80-B4E6-F90C81E9CDB7}.Release|x64.Build.0 = Release|Any CPU
		{5B1E144D-0586-4B80-B4E6-F90C81E9CDB7}.Release|x86.ActiveCfg = Release|Any CPU
		{5B1E144D-0586-4B80-B4E6-F90C81E9CDB7}.Release|x86.Build.0 = Release|Any CPU
		{5B1E144D-0586-4B80-B4E6-F90C81E9CDB7}.ReleaseMono|Any CPU.ActiveCfg = Release|Any CPU
		{5B1E144D-0586-4B80-B4E6-F90C81E9CDB7}.ReleaseMono|Any CPU.Build.0 = Release|Any CPU
		{5B1E144D-0586-4B80-B4E6-F90C81E9CDB7}.ReleaseMono|x64.ActiveCfg = Release|Any CPU
		{5B1E144D-0586-4B80-B4E6-F90C81E9CDB7}.ReleaseMono|x64.Build.0 = Release|Any CPU
		{5B1E144D-0586-4B80-B4E6-F90C81E9CDB7}.ReleaseMono|x86.ActiveCfg = Release|Any CPU
		{5B1E144D-0586-4B80-B4E6-F90C81E9CDB7}.ReleaseMono|x86.Build.0 = Release|Any CPU
		{221A152B-1136-46A0-BF49-37D8E8EF19A0}.Debug|Any CPU.ActiveCfg = Debug|Any CPU
		{221A152B-1136-46A0-BF49-37D8E8EF19A0}.Debug|Any CPU.Build.0 = Debug|Any CPU
		{221A152B-1136-46A0-BF49-37D8E8EF19A0}.Debug|x64.ActiveCfg = Debug|Any CPU
		{221A152B-1136-46A0-BF49-37D8E8EF19A0}.Debug|x64.Build.0 = Debug|Any CPU
		{221A152B-1136-46A0-BF49-37D8E8EF19A0}.Debug|x86.ActiveCfg = Debug|Any CPU
		{221A152B-1136-46A0-BF49-37D8E8EF19A0}.Debug|x86.Build.0 = Debug|Any CPU
		{221A152B-1136-46A0-BF49-37D8E8EF19A0}.DebugMono|Any CPU.ActiveCfg = Debug|Any CPU
		{221A152B-1136-46A0-BF49-37D8E8EF19A0}.DebugMono|Any CPU.Build.0 = Debug|Any CPU
		{221A152B-1136-46A0-BF49-37D8E8EF19A0}.DebugMono|x64.ActiveCfg = Debug|Any CPU
		{221A152B-1136-46A0-BF49-37D8E8EF19A0}.DebugMono|x64.Build.0 = Debug|Any CPU
		{221A152B-1136-46A0-BF49-37D8E8EF19A0}.DebugMono|x86.ActiveCfg = Debug|Any CPU
		{221A152B-1136-46A0-BF49-37D8E8EF19A0}.DebugMono|x86.Build.0 = Debug|Any CPU
		{221A152B-1136-46A0-BF49-37D8E8EF19A0}.Release|Any CPU.ActiveCfg = Release|Any CPU
		{221A152B-1136-46A0-BF49-37D8E8EF19A0}.Release|Any CPU.Build.0 = Release|Any CPU
		{221A152B-1136-46A0-BF49-37D8E8EF19A0}.Release|x64.ActiveCfg = Release|Any CPU
		{221A152B-1136-46A0-BF49-37D8E8EF19A0}.Release|x64.Build.0 = Release|Any CPU
		{221A152B-1136-46A0-BF49-37D8E8EF19A0}.Release|x86.ActiveCfg = Release|Any CPU
		{221A152B-1136-46A0-BF49-37D8E8EF19A0}.Release|x86.Build.0 = Release|Any CPU
		{221A152B-1136-46A0-BF49-37D8E8EF19A0}.ReleaseMono|Any CPU.ActiveCfg = Release|Any CPU
		{221A152B-1136-46A0-BF49-37D8E8EF19A0}.ReleaseMono|Any CPU.Build.0 = Release|Any CPU
		{221A152B-1136-46A0-BF49-37D8E8EF19A0}.ReleaseMono|x64.ActiveCfg = Release|Any CPU
		{221A152B-1136-46A0-BF49-37D8E8EF19A0}.ReleaseMono|x64.Build.0 = Release|Any CPU
		{221A152B-1136-46A0-BF49-37D8E8EF19A0}.ReleaseMono|x86.ActiveCfg = Release|Any CPU
		{221A152B-1136-46A0-BF49-37D8E8EF19A0}.ReleaseMono|x86.Build.0 = Release|Any CPU
		{E9A0438F-27BE-4836-B079-AE5E766AC22F}.Debug|Any CPU.ActiveCfg = Debug|Any CPU
		{E9A0438F-27BE-4836-B079-AE5E766AC22F}.Debug|Any CPU.Build.0 = Debug|Any CPU
		{E9A0438F-27BE-4836-B079-AE5E766AC22F}.Debug|x64.ActiveCfg = Debug|Any CPU
		{E9A0438F-27BE-4836-B079-AE5E766AC22F}.Debug|x64.Build.0 = Debug|Any CPU
		{E9A0438F-27BE-4836-B079-AE5E766AC22F}.Debug|x86.ActiveCfg = Debug|Any CPU
		{E9A0438F-27BE-4836-B079-AE5E766AC22F}.Debug|x86.Build.0 = Debug|Any CPU
		{E9A0438F-27BE-4836-B079-AE5E766AC22F}.DebugMono|Any CPU.ActiveCfg = Debug|Any CPU
		{E9A0438F-27BE-4836-B079-AE5E766AC22F}.DebugMono|Any CPU.Build.0 = Debug|Any CPU
		{E9A0438F-27BE-4836-B079-AE5E766AC22F}.DebugMono|x64.ActiveCfg = Debug|Any CPU
		{E9A0438F-27BE-4836-B079-AE5E766AC22F}.DebugMono|x64.Build.0 = Debug|Any CPU
		{E9A0438F-27BE-4836-B079-AE5E766AC22F}.DebugMono|x86.ActiveCfg = Debug|Any CPU
		{E9A0438F-27BE-4836-B079-AE5E766AC22F}.DebugMono|x86.Build.0 = Debug|Any CPU
		{E9A0438F-27BE-4836-B079-AE5E766AC22F}.Release|Any CPU.ActiveCfg = Release|Any CPU
		{E9A0438F-27BE-4836-B079-AE5E766AC22F}.Release|Any CPU.Build.0 = Release|Any CPU
		{E9A0438F-27BE-4836-B079-AE5E766AC22F}.Release|x64.ActiveCfg = Release|Any CPU
		{E9A0438F-27BE-4836-B079-AE5E766AC22F}.Release|x64.Build.0 = Release|Any CPU
		{E9A0438F-27BE-4836-B079-AE5E766AC22F}.Release|x86.ActiveCfg = Release|Any CPU
		{E9A0438F-27BE-4836-B079-AE5E766AC22F}.Release|x86.Build.0 = Release|Any CPU
		{E9A0438F-27BE-4836-B079-AE5E766AC22F}.ReleaseMono|Any CPU.ActiveCfg = Release|Any CPU
		{E9A0438F-27BE-4836-B079-AE5E766AC22F}.ReleaseMono|Any CPU.Build.0 = Release|Any CPU
		{E9A0438F-27BE-4836-B079-AE5E766AC22F}.ReleaseMono|x64.ActiveCfg = Release|Any CPU
		{E9A0438F-27BE-4836-B079-AE5E766AC22F}.ReleaseMono|x64.Build.0 = Release|Any CPU
		{E9A0438F-27BE-4836-B079-AE5E766AC22F}.ReleaseMono|x86.ActiveCfg = Release|Any CPU
		{E9A0438F-27BE-4836-B079-AE5E766AC22F}.ReleaseMono|x86.Build.0 = Release|Any CPU
		{251D0528-06AE-4FF5-82BA-344C273EF148}.Debug|Any CPU.ActiveCfg = Debug|Any CPU
		{251D0528-06AE-4FF5-82BA-344C273EF148}.Debug|Any CPU.Build.0 = Debug|Any CPU
		{251D0528-06AE-4FF5-82BA-344C273EF148}.Debug|x64.ActiveCfg = Debug|Any CPU
		{251D0528-06AE-4FF5-82BA-344C273EF148}.Debug|x64.Build.0 = Debug|Any CPU
		{251D0528-06AE-4FF5-82BA-344C273EF148}.Debug|x86.ActiveCfg = Debug|Any CPU
		{251D0528-06AE-4FF5-82BA-344C273EF148}.Debug|x86.Build.0 = Debug|Any CPU
		{251D0528-06AE-4FF5-82BA-344C273EF148}.DebugMono|Any CPU.ActiveCfg = Debug|Any CPU
		{251D0528-06AE-4FF5-82BA-344C273EF148}.DebugMono|Any CPU.Build.0 = Debug|Any CPU
		{251D0528-06AE-4FF5-82BA-344C273EF148}.DebugMono|x64.ActiveCfg = Debug|Any CPU
		{251D0528-06AE-4FF5-82BA-344C273EF148}.DebugMono|x64.Build.0 = Debug|Any CPU
		{251D0528-06AE-4FF5-82BA-344C273EF148}.DebugMono|x86.ActiveCfg = Debug|Any CPU
		{251D0528-06AE-4FF5-82BA-344C273EF148}.DebugMono|x86.Build.0 = Debug|Any CPU
		{251D0528-06AE-4FF5-82BA-344C273EF148}.Release|Any CPU.ActiveCfg = Release|Any CPU
		{251D0528-06AE-4FF5-82BA-344C273EF148}.Release|Any CPU.Build.0 = Release|Any CPU
		{251D0528-06AE-4FF5-82BA-344C273EF148}.Release|x64.ActiveCfg = Release|Any CPU
		{251D0528-06AE-4FF5-82BA-344C273EF148}.Release|x64.Build.0 = Release|Any CPU
		{251D0528-06AE-4FF5-82BA-344C273EF148}.Release|x86.ActiveCfg = Release|Any CPU
		{251D0528-06AE-4FF5-82BA-344C273EF148}.Release|x86.Build.0 = Release|Any CPU
		{251D0528-06AE-4FF5-82BA-344C273EF148}.ReleaseMono|Any CPU.ActiveCfg = Release|Any CPU
		{251D0528-06AE-4FF5-82BA-344C273EF148}.ReleaseMono|Any CPU.Build.0 = Release|Any CPU
		{251D0528-06AE-4FF5-82BA-344C273EF148}.ReleaseMono|x64.ActiveCfg = Release|Any CPU
		{251D0528-06AE-4FF5-82BA-344C273EF148}.ReleaseMono|x64.Build.0 = Release|Any CPU
		{251D0528-06AE-4FF5-82BA-344C273EF148}.ReleaseMono|x86.ActiveCfg = Release|Any CPU
		{251D0528-06AE-4FF5-82BA-344C273EF148}.ReleaseMono|x86.Build.0 = Release|Any CPU
		{1255276C-756E-48AA-A09B-22E92D16D995}.Debug|Any CPU.ActiveCfg = Debug|Any CPU
		{1255276C-756E-48AA-A09B-22E92D16D995}.Debug|Any CPU.Build.0 = Debug|Any CPU
		{1255276C-756E-48AA-A09B-22E92D16D995}.Debug|x64.ActiveCfg = Debug|Any CPU
		{1255276C-756E-48AA-A09B-22E92D16D995}.Debug|x64.Build.0 = Debug|Any CPU
		{1255276C-756E-48AA-A09B-22E92D16D995}.Debug|x86.ActiveCfg = Debug|Any CPU
		{1255276C-756E-48AA-A09B-22E92D16D995}.Debug|x86.Build.0 = Debug|Any CPU
		{1255276C-756E-48AA-A09B-22E92D16D995}.DebugMono|Any CPU.ActiveCfg = Debug|Any CPU
		{1255276C-756E-48AA-A09B-22E92D16D995}.DebugMono|Any CPU.Build.0 = Debug|Any CPU
		{1255276C-756E-48AA-A09B-22E92D16D995}.DebugMono|x64.ActiveCfg = Debug|Any CPU
		{1255276C-756E-48AA-A09B-22E92D16D995}.DebugMono|x64.Build.0 = Debug|Any CPU
		{1255276C-756E-48AA-A09B-22E92D16D995}.DebugMono|x86.ActiveCfg = Debug|Any CPU
		{1255276C-756E-48AA-A09B-22E92D16D995}.DebugMono|x86.Build.0 = Debug|Any CPU
		{1255276C-756E-48AA-A09B-22E92D16D995}.Release|Any CPU.ActiveCfg = Release|Any CPU
		{1255276C-756E-48AA-A09B-22E92D16D995}.Release|Any CPU.Build.0 = Release|Any CPU
		{1255276C-756E-48AA-A09B-22E92D16D995}.Release|x64.ActiveCfg = Release|Any CPU
		{1255276C-756E-48AA-A09B-22E92D16D995}.Release|x64.Build.0 = Release|Any CPU
		{1255276C-756E-48AA-A09B-22E92D16D995}.Release|x86.ActiveCfg = Release|Any CPU
		{1255276C-756E-48AA-A09B-22E92D16D995}.Release|x86.Build.0 = Release|Any CPU
		{1255276C-756E-48AA-A09B-22E92D16D995}.ReleaseMono|Any CPU.ActiveCfg = Release|Any CPU
		{1255276C-756E-48AA-A09B-22E92D16D995}.ReleaseMono|Any CPU.Build.0 = Release|Any CPU
		{1255276C-756E-48AA-A09B-22E92D16D995}.ReleaseMono|x64.ActiveCfg = Release|Any CPU
		{1255276C-756E-48AA-A09B-22E92D16D995}.ReleaseMono|x64.Build.0 = Release|Any CPU
		{1255276C-756E-48AA-A09B-22E92D16D995}.ReleaseMono|x86.ActiveCfg = Release|Any CPU
		{1255276C-756E-48AA-A09B-22E92D16D995}.ReleaseMono|x86.Build.0 = Release|Any CPU
		{A5F7C0AE-AF7A-45F6-8F50-C3AE5616ABBE}.Debug|Any CPU.ActiveCfg = Debug|Any CPU
		{A5F7C0AE-AF7A-45F6-8F50-C3AE5616ABBE}.Debug|Any CPU.Build.0 = Debug|Any CPU
		{A5F7C0AE-AF7A-45F6-8F50-C3AE5616ABBE}.Debug|x64.ActiveCfg = Debug|Any CPU
		{A5F7C0AE-AF7A-45F6-8F50-C3AE5616ABBE}.Debug|x64.Build.0 = Debug|Any CPU
		{A5F7C0AE-AF7A-45F6-8F50-C3AE5616ABBE}.Debug|x86.ActiveCfg = Debug|Any CPU
		{A5F7C0AE-AF7A-45F6-8F50-C3AE5616ABBE}.Debug|x86.Build.0 = Debug|Any CPU
		{A5F7C0AE-AF7A-45F6-8F50-C3AE5616ABBE}.DebugMono|Any CPU.ActiveCfg = Debug|Any CPU
		{A5F7C0AE-AF7A-45F6-8F50-C3AE5616ABBE}.DebugMono|Any CPU.Build.0 = Debug|Any CPU
		{A5F7C0AE-AF7A-45F6-8F50-C3AE5616ABBE}.DebugMono|x64.ActiveCfg = Debug|Any CPU
		{A5F7C0AE-AF7A-45F6-8F50-C3AE5616ABBE}.DebugMono|x64.Build.0 = Debug|Any CPU
		{A5F7C0AE-AF7A-45F6-8F50-C3AE5616ABBE}.DebugMono|x86.ActiveCfg = Debug|Any CPU
		{A5F7C0AE-AF7A-45F6-8F50-C3AE5616ABBE}.DebugMono|x86.Build.0 = Debug|Any CPU
		{A5F7C0AE-AF7A-45F6-8F50-C3AE5616ABBE}.Release|Any CPU.ActiveCfg = Release|Any CPU
		{A5F7C0AE-AF7A-45F6-8F50-C3AE5616ABBE}.Release|Any CPU.Build.0 = Release|Any CPU
		{A5F7C0AE-AF7A-45F6-8F50-C3AE5616ABBE}.Release|x64.ActiveCfg = Release|Any CPU
		{A5F7C0AE-AF7A-45F6-8F50-C3AE5616ABBE}.Release|x64.Build.0 = Release|Any CPU
		{A5F7C0AE-AF7A-45F6-8F50-C3AE5616ABBE}.Release|x86.ActiveCfg = Release|Any CPU
		{A5F7C0AE-AF7A-45F6-8F50-C3AE5616ABBE}.Release|x86.Build.0 = Release|Any CPU
		{A5F7C0AE-AF7A-45F6-8F50-C3AE5616ABBE}.ReleaseMono|Any CPU.ActiveCfg = Release|Any CPU
		{A5F7C0AE-AF7A-45F6-8F50-C3AE5616ABBE}.ReleaseMono|Any CPU.Build.0 = Release|Any CPU
		{A5F7C0AE-AF7A-45F6-8F50-C3AE5616ABBE}.ReleaseMono|x64.ActiveCfg = Release|Any CPU
		{A5F7C0AE-AF7A-45F6-8F50-C3AE5616ABBE}.ReleaseMono|x64.Build.0 = Release|Any CPU
		{A5F7C0AE-AF7A-45F6-8F50-C3AE5616ABBE}.ReleaseMono|x86.ActiveCfg = Release|Any CPU
		{A5F7C0AE-AF7A-45F6-8F50-C3AE5616ABBE}.ReleaseMono|x86.Build.0 = Release|Any CPU
		{1B4D683C-3FEF-4BCB-886A-BFF4B043B9A6}.Debug|Any CPU.ActiveCfg = Debug|Any CPU
		{1B4D683C-3FEF-4BCB-886A-BFF4B043B9A6}.Debug|Any CPU.Build.0 = Debug|Any CPU
		{1B4D683C-3FEF-4BCB-886A-BFF4B043B9A6}.Debug|x64.ActiveCfg = Debug|Any CPU
		{1B4D683C-3FEF-4BCB-886A-BFF4B043B9A6}.Debug|x64.Build.0 = Debug|Any CPU
		{1B4D683C-3FEF-4BCB-886A-BFF4B043B9A6}.Debug|x86.ActiveCfg = Debug|Any CPU
		{1B4D683C-3FEF-4BCB-886A-BFF4B043B9A6}.Debug|x86.Build.0 = Debug|Any CPU
		{1B4D683C-3FEF-4BCB-886A-BFF4B043B9A6}.DebugMono|Any CPU.ActiveCfg = Debug|Any CPU
		{1B4D683C-3FEF-4BCB-886A-BFF4B043B9A6}.DebugMono|Any CPU.Build.0 = Debug|Any CPU
		{1B4D683C-3FEF-4BCB-886A-BFF4B043B9A6}.DebugMono|x64.ActiveCfg = Debug|Any CPU
		{1B4D683C-3FEF-4BCB-886A-BFF4B043B9A6}.DebugMono|x64.Build.0 = Debug|Any CPU
		{1B4D683C-3FEF-4BCB-886A-BFF4B043B9A6}.DebugMono|x86.ActiveCfg = Debug|Any CPU
		{1B4D683C-3FEF-4BCB-886A-BFF4B043B9A6}.DebugMono|x86.Build.0 = Debug|Any CPU
		{1B4D683C-3FEF-4BCB-886A-BFF4B043B9A6}.Release|Any CPU.ActiveCfg = Release|Any CPU
		{1B4D683C-3FEF-4BCB-886A-BFF4B043B9A6}.Release|Any CPU.Build.0 = Release|Any CPU
		{1B4D683C-3FEF-4BCB-886A-BFF4B043B9A6}.Release|x64.ActiveCfg = Release|Any CPU
		{1B4D683C-3FEF-4BCB-886A-BFF4B043B9A6}.Release|x64.Build.0 = Release|Any CPU
		{1B4D683C-3FEF-4BCB-886A-BFF4B043B9A6}.Release|x86.ActiveCfg = Release|Any CPU
		{1B4D683C-3FEF-4BCB-886A-BFF4B043B9A6}.Release|x86.Build.0 = Release|Any CPU
		{1B4D683C-3FEF-4BCB-886A-BFF4B043B9A6}.ReleaseMono|Any CPU.ActiveCfg = Release|Any CPU
		{1B4D683C-3FEF-4BCB-886A-BFF4B043B9A6}.ReleaseMono|Any CPU.Build.0 = Release|Any CPU
		{1B4D683C-3FEF-4BCB-886A-BFF4B043B9A6}.ReleaseMono|x64.ActiveCfg = Release|Any CPU
		{1B4D683C-3FEF-4BCB-886A-BFF4B043B9A6}.ReleaseMono|x64.Build.0 = Release|Any CPU
		{1B4D683C-3FEF-4BCB-886A-BFF4B043B9A6}.ReleaseMono|x86.ActiveCfg = Release|Any CPU
		{1B4D683C-3FEF-4BCB-886A-BFF4B043B9A6}.ReleaseMono|x86.Build.0 = Release|Any CPU
		{EBF47F2C-9452-49E9-B984-5B6D44C3E608}.Debug|Any CPU.ActiveCfg = Debug|Any CPU
		{EBF47F2C-9452-49E9-B984-5B6D44C3E608}.Debug|Any CPU.Build.0 = Debug|Any CPU
		{EBF47F2C-9452-49E9-B984-5B6D44C3E608}.Debug|x64.ActiveCfg = Debug|Any CPU
		{EBF47F2C-9452-49E9-B984-5B6D44C3E608}.Debug|x64.Build.0 = Debug|Any CPU
		{EBF47F2C-9452-49E9-B984-5B6D44C3E608}.Debug|x86.ActiveCfg = Debug|Any CPU
		{EBF47F2C-9452-49E9-B984-5B6D44C3E608}.Debug|x86.Build.0 = Debug|Any CPU
		{EBF47F2C-9452-49E9-B984-5B6D44C3E608}.DebugMono|Any CPU.ActiveCfg = Debug|Any CPU
		{EBF47F2C-9452-49E9-B984-5B6D44C3E608}.DebugMono|Any CPU.Build.0 = Debug|Any CPU
		{EBF47F2C-9452-49E9-B984-5B6D44C3E608}.DebugMono|x64.ActiveCfg = Debug|Any CPU
		{EBF47F2C-9452-49E9-B984-5B6D44C3E608}.DebugMono|x64.Build.0 = Debug|Any CPU
		{EBF47F2C-9452-49E9-B984-5B6D44C3E608}.DebugMono|x86.ActiveCfg = Debug|Any CPU
		{EBF47F2C-9452-49E9-B984-5B6D44C3E608}.DebugMono|x86.Build.0 = Debug|Any CPU
		{EBF47F2C-9452-49E9-B984-5B6D44C3E608}.Release|Any CPU.ActiveCfg = Release|Any CPU
		{EBF47F2C-9452-49E9-B984-5B6D44C3E608}.Release|Any CPU.Build.0 = Release|Any CPU
		{EBF47F2C-9452-49E9-B984-5B6D44C3E608}.Release|x64.ActiveCfg = Release|Any CPU
		{EBF47F2C-9452-49E9-B984-5B6D44C3E608}.Release|x64.Build.0 = Release|Any CPU
		{EBF47F2C-9452-49E9-B984-5B6D44C3E608}.Release|x86.ActiveCfg = Release|Any CPU
		{EBF47F2C-9452-49E9-B984-5B6D44C3E608}.Release|x86.Build.0 = Release|Any CPU
		{EBF47F2C-9452-49E9-B984-5B6D44C3E608}.ReleaseMono|Any CPU.ActiveCfg = Release|Any CPU
		{EBF47F2C-9452-49E9-B984-5B6D44C3E608}.ReleaseMono|Any CPU.Build.0 = Release|Any CPU
		{EBF47F2C-9452-49E9-B984-5B6D44C3E608}.ReleaseMono|x64.ActiveCfg = Release|Any CPU
		{EBF47F2C-9452-49E9-B984-5B6D44C3E608}.ReleaseMono|x64.Build.0 = Release|Any CPU
		{EBF47F2C-9452-49E9-B984-5B6D44C3E608}.ReleaseMono|x86.ActiveCfg = Release|Any CPU
		{EBF47F2C-9452-49E9-B984-5B6D44C3E608}.ReleaseMono|x86.Build.0 = Release|Any CPU
		{D38D1696-A995-4764-9A04-52D55DB2B947}.Debug|Any CPU.ActiveCfg = Debug|Any CPU
		{D38D1696-A995-4764-9A04-52D55DB2B947}.Debug|Any CPU.Build.0 = Debug|Any CPU
		{D38D1696-A995-4764-9A04-52D55DB2B947}.Debug|x64.ActiveCfg = Debug|Any CPU
		{D38D1696-A995-4764-9A04-52D55DB2B947}.Debug|x64.Build.0 = Debug|Any CPU
		{D38D1696-A995-4764-9A04-52D55DB2B947}.Debug|x86.ActiveCfg = Debug|Any CPU
		{D38D1696-A995-4764-9A04-52D55DB2B947}.Debug|x86.Build.0 = Debug|Any CPU
		{D38D1696-A995-4764-9A04-52D55DB2B947}.DebugMono|Any CPU.ActiveCfg = Debug|Any CPU
		{D38D1696-A995-4764-9A04-52D55DB2B947}.DebugMono|Any CPU.Build.0 = Debug|Any CPU
		{D38D1696-A995-4764-9A04-52D55DB2B947}.DebugMono|x64.ActiveCfg = Debug|Any CPU
		{D38D1696-A995-4764-9A04-52D55DB2B947}.DebugMono|x64.Build.0 = Debug|Any CPU
		{D38D1696-A995-4764-9A04-52D55DB2B947}.DebugMono|x86.ActiveCfg = Debug|Any CPU
		{D38D1696-A995-4764-9A04-52D55DB2B947}.DebugMono|x86.Build.0 = Debug|Any CPU
		{D38D1696-A995-4764-9A04-52D55DB2B947}.Release|Any CPU.ActiveCfg = Release|Any CPU
		{D38D1696-A995-4764-9A04-52D55DB2B947}.Release|Any CPU.Build.0 = Release|Any CPU
		{D38D1696-A995-4764-9A04-52D55DB2B947}.Release|x64.ActiveCfg = Release|Any CPU
		{D38D1696-A995-4764-9A04-52D55DB2B947}.Release|x64.Build.0 = Release|Any CPU
		{D38D1696-A995-4764-9A04-52D55DB2B947}.Release|x86.ActiveCfg = Release|Any CPU
		{D38D1696-A995-4764-9A04-52D55DB2B947}.Release|x86.Build.0 = Release|Any CPU
		{D38D1696-A995-4764-9A04-52D55DB2B947}.ReleaseMono|Any CPU.ActiveCfg = Release|Any CPU
		{D38D1696-A995-4764-9A04-52D55DB2B947}.ReleaseMono|Any CPU.Build.0 = Release|Any CPU
		{D38D1696-A995-4764-9A04-52D55DB2B947}.ReleaseMono|x64.ActiveCfg = Release|Any CPU
		{D38D1696-A995-4764-9A04-52D55DB2B947}.ReleaseMono|x64.Build.0 = Release|Any CPU
		{D38D1696-A995-4764-9A04-52D55DB2B947}.ReleaseMono|x86.ActiveCfg = Release|Any CPU
		{D38D1696-A995-4764-9A04-52D55DB2B947}.ReleaseMono|x86.Build.0 = Release|Any CPU
		{D0A1BC05-BBEE-442B-8CFD-8595F6ABC1B7}.Debug|Any CPU.ActiveCfg = Debug|Any CPU
		{D0A1BC05-BBEE-442B-8CFD-8595F6ABC1B7}.Debug|Any CPU.Build.0 = Debug|Any CPU
		{D0A1BC05-BBEE-442B-8CFD-8595F6ABC1B7}.Debug|x64.ActiveCfg = Debug|Any CPU
		{D0A1BC05-BBEE-442B-8CFD-8595F6ABC1B7}.Debug|x64.Build.0 = Debug|Any CPU
		{D0A1BC05-BBEE-442B-8CFD-8595F6ABC1B7}.Debug|x86.ActiveCfg = Debug|Any CPU
		{D0A1BC05-BBEE-442B-8CFD-8595F6ABC1B7}.Debug|x86.Build.0 = Debug|Any CPU
		{D0A1BC05-BBEE-442B-8CFD-8595F6ABC1B7}.DebugMono|Any CPU.ActiveCfg = Debug|Any CPU
		{D0A1BC05-BBEE-442B-8CFD-8595F6ABC1B7}.DebugMono|Any CPU.Build.0 = Debug|Any CPU
		{D0A1BC05-BBEE-442B-8CFD-8595F6ABC1B7}.DebugMono|x64.ActiveCfg = Debug|Any CPU
		{D0A1BC05-BBEE-442B-8CFD-8595F6ABC1B7}.DebugMono|x64.Build.0 = Debug|Any CPU
		{D0A1BC05-BBEE-442B-8CFD-8595F6ABC1B7}.DebugMono|x86.ActiveCfg = Debug|Any CPU
		{D0A1BC05-BBEE-442B-8CFD-8595F6ABC1B7}.DebugMono|x86.Build.0 = Debug|Any CPU
		{D0A1BC05-BBEE-442B-8CFD-8595F6ABC1B7}.Release|Any CPU.ActiveCfg = Release|Any CPU
		{D0A1BC05-BBEE-442B-8CFD-8595F6ABC1B7}.Release|Any CPU.Build.0 = Release|Any CPU
		{D0A1BC05-BBEE-442B-8CFD-8595F6ABC1B7}.Release|x64.ActiveCfg = Release|Any CPU
		{D0A1BC05-BBEE-442B-8CFD-8595F6ABC1B7}.Release|x64.Build.0 = Release|Any CPU
		{D0A1BC05-BBEE-442B-8CFD-8595F6ABC1B7}.Release|x86.ActiveCfg = Release|Any CPU
		{D0A1BC05-BBEE-442B-8CFD-8595F6ABC1B7}.Release|x86.Build.0 = Release|Any CPU
		{D0A1BC05-BBEE-442B-8CFD-8595F6ABC1B7}.ReleaseMono|Any CPU.ActiveCfg = Release|Any CPU
		{D0A1BC05-BBEE-442B-8CFD-8595F6ABC1B7}.ReleaseMono|Any CPU.Build.0 = Release|Any CPU
		{D0A1BC05-BBEE-442B-8CFD-8595F6ABC1B7}.ReleaseMono|x64.ActiveCfg = Release|Any CPU
		{D0A1BC05-BBEE-442B-8CFD-8595F6ABC1B7}.ReleaseMono|x64.Build.0 = Release|Any CPU
		{D0A1BC05-BBEE-442B-8CFD-8595F6ABC1B7}.ReleaseMono|x86.ActiveCfg = Release|Any CPU
		{D0A1BC05-BBEE-442B-8CFD-8595F6ABC1B7}.ReleaseMono|x86.Build.0 = Release|Any CPU
		{E417153D-68B1-49F1-9DD5-4C6603334F19}.Debug|Any CPU.ActiveCfg = Debug|Any CPU
		{E417153D-68B1-49F1-9DD5-4C6603334F19}.Debug|Any CPU.Build.0 = Debug|Any CPU
		{E417153D-68B1-49F1-9DD5-4C6603334F19}.Debug|x64.ActiveCfg = Debug|Any CPU
		{E417153D-68B1-49F1-9DD5-4C6603334F19}.Debug|x64.Build.0 = Debug|Any CPU
		{E417153D-68B1-49F1-9DD5-4C6603334F19}.Debug|x86.ActiveCfg = Debug|Any CPU
		{E417153D-68B1-49F1-9DD5-4C6603334F19}.Debug|x86.Build.0 = Debug|Any CPU
		{E417153D-68B1-49F1-9DD5-4C6603334F19}.DebugMono|Any CPU.ActiveCfg = Debug|Any CPU
		{E417153D-68B1-49F1-9DD5-4C6603334F19}.DebugMono|Any CPU.Build.0 = Debug|Any CPU
		{E417153D-68B1-49F1-9DD5-4C6603334F19}.DebugMono|x64.ActiveCfg = Debug|Any CPU
		{E417153D-68B1-49F1-9DD5-4C6603334F19}.DebugMono|x64.Build.0 = Debug|Any CPU
		{E417153D-68B1-49F1-9DD5-4C6603334F19}.DebugMono|x86.ActiveCfg = Debug|Any CPU
		{E417153D-68B1-49F1-9DD5-4C6603334F19}.DebugMono|x86.Build.0 = Debug|Any CPU
		{E417153D-68B1-49F1-9DD5-4C6603334F19}.Release|Any CPU.ActiveCfg = Release|Any CPU
		{E417153D-68B1-49F1-9DD5-4C6603334F19}.Release|Any CPU.Build.0 = Release|Any CPU
		{E417153D-68B1-49F1-9DD5-4C6603334F19}.Release|x64.ActiveCfg = Release|Any CPU
		{E417153D-68B1-49F1-9DD5-4C6603334F19}.Release|x64.Build.0 = Release|Any CPU
		{E417153D-68B1-49F1-9DD5-4C6603334F19}.Release|x86.ActiveCfg = Release|Any CPU
		{E417153D-68B1-49F1-9DD5-4C6603334F19}.Release|x86.Build.0 = Release|Any CPU
		{E417153D-68B1-49F1-9DD5-4C6603334F19}.ReleaseMono|Any CPU.ActiveCfg = Release|Any CPU
		{E417153D-68B1-49F1-9DD5-4C6603334F19}.ReleaseMono|Any CPU.Build.0 = Release|Any CPU
		{E417153D-68B1-49F1-9DD5-4C6603334F19}.ReleaseMono|x64.ActiveCfg = Release|Any CPU
		{E417153D-68B1-49F1-9DD5-4C6603334F19}.ReleaseMono|x64.Build.0 = Release|Any CPU
		{E417153D-68B1-49F1-9DD5-4C6603334F19}.ReleaseMono|x86.ActiveCfg = Release|Any CPU
		{E417153D-68B1-49F1-9DD5-4C6603334F19}.ReleaseMono|x86.Build.0 = Release|Any CPU
		{EA746D4D-4888-43D2-BA78-D48F9286FDB2}.Debug|Any CPU.ActiveCfg = Debug|Any CPU
		{EA746D4D-4888-43D2-BA78-D48F9286FDB2}.Debug|Any CPU.Build.0 = Debug|Any CPU
		{EA746D4D-4888-43D2-BA78-D48F9286FDB2}.Debug|x64.ActiveCfg = Debug|Any CPU
		{EA746D4D-4888-43D2-BA78-D48F9286FDB2}.Debug|x64.Build.0 = Debug|Any CPU
		{EA746D4D-4888-43D2-BA78-D48F9286FDB2}.Debug|x86.ActiveCfg = Debug|Any CPU
		{EA746D4D-4888-43D2-BA78-D48F9286FDB2}.Debug|x86.Build.0 = Debug|Any CPU
		{EA746D4D-4888-43D2-BA78-D48F9286FDB2}.DebugMono|Any CPU.ActiveCfg = Debug|Any CPU
		{EA746D4D-4888-43D2-BA78-D48F9286FDB2}.DebugMono|Any CPU.Build.0 = Debug|Any CPU
		{EA746D4D-4888-43D2-BA78-D48F9286FDB2}.DebugMono|x64.ActiveCfg = Debug|Any CPU
		{EA746D4D-4888-43D2-BA78-D48F9286FDB2}.DebugMono|x64.Build.0 = Debug|Any CPU
		{EA746D4D-4888-43D2-BA78-D48F9286FDB2}.DebugMono|x86.ActiveCfg = Debug|Any CPU
		{EA746D4D-4888-43D2-BA78-D48F9286FDB2}.DebugMono|x86.Build.0 = Debug|Any CPU
		{EA746D4D-4888-43D2-BA78-D48F9286FDB2}.Release|Any CPU.ActiveCfg = Release|Any CPU
		{EA746D4D-4888-43D2-BA78-D48F9286FDB2}.Release|Any CPU.Build.0 = Release|Any CPU
		{EA746D4D-4888-43D2-BA78-D48F9286FDB2}.Release|x64.ActiveCfg = Release|Any CPU
		{EA746D4D-4888-43D2-BA78-D48F9286FDB2}.Release|x64.Build.0 = Release|Any CPU
		{EA746D4D-4888-43D2-BA78-D48F9286FDB2}.Release|x86.ActiveCfg = Release|Any CPU
		{EA746D4D-4888-43D2-BA78-D48F9286FDB2}.Release|x86.Build.0 = Release|Any CPU
		{EA746D4D-4888-43D2-BA78-D48F9286FDB2}.ReleaseMono|Any CPU.ActiveCfg = Release|Any CPU
		{EA746D4D-4888-43D2-BA78-D48F9286FDB2}.ReleaseMono|Any CPU.Build.0 = Release|Any CPU
		{EA746D4D-4888-43D2-BA78-D48F9286FDB2}.ReleaseMono|x64.ActiveCfg = Release|Any CPU
		{EA746D4D-4888-43D2-BA78-D48F9286FDB2}.ReleaseMono|x64.Build.0 = Release|Any CPU
		{EA746D4D-4888-43D2-BA78-D48F9286FDB2}.ReleaseMono|x86.ActiveCfg = Release|Any CPU
		{EA746D4D-4888-43D2-BA78-D48F9286FDB2}.ReleaseMono|x86.Build.0 = Release|Any CPU
		{9A702D80-E791-4A56-8B04-3B2BBAFA2C3F}.Debug|Any CPU.ActiveCfg = Debug|Any CPU
		{9A702D80-E791-4A56-8B04-3B2BBAFA2C3F}.Debug|Any CPU.Build.0 = Debug|Any CPU
		{9A702D80-E791-4A56-8B04-3B2BBAFA2C3F}.Debug|x64.ActiveCfg = Debug|Any CPU
		{9A702D80-E791-4A56-8B04-3B2BBAFA2C3F}.Debug|x64.Build.0 = Debug|Any CPU
		{9A702D80-E791-4A56-8B04-3B2BBAFA2C3F}.Debug|x86.ActiveCfg = Debug|Any CPU
		{9A702D80-E791-4A56-8B04-3B2BBAFA2C3F}.Debug|x86.Build.0 = Debug|Any CPU
		{9A702D80-E791-4A56-8B04-3B2BBAFA2C3F}.DebugMono|Any CPU.ActiveCfg = Debug|Any CPU
		{9A702D80-E791-4A56-8B04-3B2BBAFA2C3F}.DebugMono|Any CPU.Build.0 = Debug|Any CPU
		{9A702D80-E791-4A56-8B04-3B2BBAFA2C3F}.DebugMono|x64.ActiveCfg = Debug|Any CPU
		{9A702D80-E791-4A56-8B04-3B2BBAFA2C3F}.DebugMono|x64.Build.0 = Debug|Any CPU
		{9A702D80-E791-4A56-8B04-3B2BBAFA2C3F}.DebugMono|x86.ActiveCfg = Debug|Any CPU
		{9A702D80-E791-4A56-8B04-3B2BBAFA2C3F}.DebugMono|x86.Build.0 = Debug|Any CPU
		{9A702D80-E791-4A56-8B04-3B2BBAFA2C3F}.Release|Any CPU.ActiveCfg = Release|Any CPU
		{9A702D80-E791-4A56-8B04-3B2BBAFA2C3F}.Release|Any CPU.Build.0 = Release|Any CPU
		{9A702D80-E791-4A56-8B04-3B2BBAFA2C3F}.Release|x64.ActiveCfg = Release|Any CPU
		{9A702D80-E791-4A56-8B04-3B2BBAFA2C3F}.Release|x64.Build.0 = Release|Any CPU
		{9A702D80-E791-4A56-8B04-3B2BBAFA2C3F}.Release|x86.ActiveCfg = Release|Any CPU
		{9A702D80-E791-4A56-8B04-3B2BBAFA2C3F}.Release|x86.Build.0 = Release|Any CPU
		{9A702D80-E791-4A56-8B04-3B2BBAFA2C3F}.ReleaseMono|Any CPU.ActiveCfg = Release|Any CPU
		{9A702D80-E791-4A56-8B04-3B2BBAFA2C3F}.ReleaseMono|Any CPU.Build.0 = Release|Any CPU
		{9A702D80-E791-4A56-8B04-3B2BBAFA2C3F}.ReleaseMono|x64.ActiveCfg = Release|Any CPU
		{9A702D80-E791-4A56-8B04-3B2BBAFA2C3F}.ReleaseMono|x64.Build.0 = Release|Any CPU
		{9A702D80-E791-4A56-8B04-3B2BBAFA2C3F}.ReleaseMono|x86.ActiveCfg = Release|Any CPU
		{9A702D80-E791-4A56-8B04-3B2BBAFA2C3F}.ReleaseMono|x86.Build.0 = Release|Any CPU
		{7D231056-5E8A-4AEA-B3BF-98754CB95997}.Debug|Any CPU.ActiveCfg = Debug|Any CPU
		{7D231056-5E8A-4AEA-B3BF-98754CB95997}.Debug|Any CPU.Build.0 = Debug|Any CPU
		{7D231056-5E8A-4AEA-B3BF-98754CB95997}.Debug|x64.ActiveCfg = Debug|Any CPU
		{7D231056-5E8A-4AEA-B3BF-98754CB95997}.Debug|x64.Build.0 = Debug|Any CPU
		{7D231056-5E8A-4AEA-B3BF-98754CB95997}.Debug|x86.ActiveCfg = Debug|Any CPU
		{7D231056-5E8A-4AEA-B3BF-98754CB95997}.Debug|x86.Build.0 = Debug|Any CPU
		{7D231056-5E8A-4AEA-B3BF-98754CB95997}.DebugMono|Any CPU.ActiveCfg = Debug|Any CPU
		{7D231056-5E8A-4AEA-B3BF-98754CB95997}.DebugMono|Any CPU.Build.0 = Debug|Any CPU
		{7D231056-5E8A-4AEA-B3BF-98754CB95997}.DebugMono|x64.ActiveCfg = Debug|Any CPU
		{7D231056-5E8A-4AEA-B3BF-98754CB95997}.DebugMono|x64.Build.0 = Debug|Any CPU
		{7D231056-5E8A-4AEA-B3BF-98754CB95997}.DebugMono|x86.ActiveCfg = Debug|Any CPU
		{7D231056-5E8A-4AEA-B3BF-98754CB95997}.DebugMono|x86.Build.0 = Debug|Any CPU
		{7D231056-5E8A-4AEA-B3BF-98754CB95997}.Release|Any CPU.ActiveCfg = Release|Any CPU
		{7D231056-5E8A-4AEA-B3BF-98754CB95997}.Release|Any CPU.Build.0 = Release|Any CPU
		{7D231056-5E8A-4AEA-B3BF-98754CB95997}.Release|x64.ActiveCfg = Release|Any CPU
		{7D231056-5E8A-4AEA-B3BF-98754CB95997}.Release|x64.Build.0 = Release|Any CPU
		{7D231056-5E8A-4AEA-B3BF-98754CB95997}.Release|x86.ActiveCfg = Release|Any CPU
		{7D231056-5E8A-4AEA-B3BF-98754CB95997}.Release|x86.Build.0 = Release|Any CPU
		{7D231056-5E8A-4AEA-B3BF-98754CB95997}.ReleaseMono|Any CPU.ActiveCfg = Release|Any CPU
		{7D231056-5E8A-4AEA-B3BF-98754CB95997}.ReleaseMono|Any CPU.Build.0 = Release|Any CPU
		{7D231056-5E8A-4AEA-B3BF-98754CB95997}.ReleaseMono|x64.ActiveCfg = Release|Any CPU
		{7D231056-5E8A-4AEA-B3BF-98754CB95997}.ReleaseMono|x64.Build.0 = Release|Any CPU
		{7D231056-5E8A-4AEA-B3BF-98754CB95997}.ReleaseMono|x86.ActiveCfg = Release|Any CPU
		{7D231056-5E8A-4AEA-B3BF-98754CB95997}.ReleaseMono|x86.Build.0 = Release|Any CPU
		{62AC0217-6A60-4C29-99CA-18DD9C0BF8BF}.Debug|Any CPU.ActiveCfg = Debug|Any CPU
		{62AC0217-6A60-4C29-99CA-18DD9C0BF8BF}.Debug|Any CPU.Build.0 = Debug|Any CPU
		{62AC0217-6A60-4C29-99CA-18DD9C0BF8BF}.Debug|x64.ActiveCfg = Debug|Any CPU
		{62AC0217-6A60-4C29-99CA-18DD9C0BF8BF}.Debug|x64.Build.0 = Debug|Any CPU
		{62AC0217-6A60-4C29-99CA-18DD9C0BF8BF}.Debug|x86.ActiveCfg = Debug|Any CPU
		{62AC0217-6A60-4C29-99CA-18DD9C0BF8BF}.Debug|x86.Build.0 = Debug|Any CPU
		{62AC0217-6A60-4C29-99CA-18DD9C0BF8BF}.DebugMono|Any CPU.ActiveCfg = Debug|Any CPU
		{62AC0217-6A60-4C29-99CA-18DD9C0BF8BF}.DebugMono|Any CPU.Build.0 = Debug|Any CPU
		{62AC0217-6A60-4C29-99CA-18DD9C0BF8BF}.DebugMono|x64.ActiveCfg = Debug|Any CPU
		{62AC0217-6A60-4C29-99CA-18DD9C0BF8BF}.DebugMono|x64.Build.0 = Debug|Any CPU
		{62AC0217-6A60-4C29-99CA-18DD9C0BF8BF}.DebugMono|x86.ActiveCfg = Debug|Any CPU
		{62AC0217-6A60-4C29-99CA-18DD9C0BF8BF}.DebugMono|x86.Build.0 = Debug|Any CPU
		{62AC0217-6A60-4C29-99CA-18DD9C0BF8BF}.Release|Any CPU.ActiveCfg = Release|Any CPU
		{62AC0217-6A60-4C29-99CA-18DD9C0BF8BF}.Release|Any CPU.Build.0 = Release|Any CPU
		{62AC0217-6A60-4C29-99CA-18DD9C0BF8BF}.Release|x64.ActiveCfg = Release|Any CPU
		{62AC0217-6A60-4C29-99CA-18DD9C0BF8BF}.Release|x64.Build.0 = Release|Any CPU
		{62AC0217-6A60-4C29-99CA-18DD9C0BF8BF}.Release|x86.ActiveCfg = Release|Any CPU
		{62AC0217-6A60-4C29-99CA-18DD9C0BF8BF}.Release|x86.Build.0 = Release|Any CPU
		{62AC0217-6A60-4C29-99CA-18DD9C0BF8BF}.ReleaseMono|Any CPU.ActiveCfg = Release|Any CPU
		{62AC0217-6A60-4C29-99CA-18DD9C0BF8BF}.ReleaseMono|Any CPU.Build.0 = Release|Any CPU
		{62AC0217-6A60-4C29-99CA-18DD9C0BF8BF}.ReleaseMono|x64.ActiveCfg = Release|Any CPU
		{62AC0217-6A60-4C29-99CA-18DD9C0BF8BF}.ReleaseMono|x64.Build.0 = Release|Any CPU
		{62AC0217-6A60-4C29-99CA-18DD9C0BF8BF}.ReleaseMono|x86.ActiveCfg = Release|Any CPU
		{62AC0217-6A60-4C29-99CA-18DD9C0BF8BF}.ReleaseMono|x86.Build.0 = Release|Any CPU
		{89A602B5-446E-4F7B-AA96-2E3B90358EF2}.Debug|Any CPU.ActiveCfg = Debug|Any CPU
		{89A602B5-446E-4F7B-AA96-2E3B90358EF2}.Debug|Any CPU.Build.0 = Debug|Any CPU
		{89A602B5-446E-4F7B-AA96-2E3B90358EF2}.Debug|x64.ActiveCfg = Debug|Any CPU
		{89A602B5-446E-4F7B-AA96-2E3B90358EF2}.Debug|x64.Build.0 = Debug|Any CPU
		{89A602B5-446E-4F7B-AA96-2E3B90358EF2}.Debug|x86.ActiveCfg = Debug|Any CPU
		{89A602B5-446E-4F7B-AA96-2E3B90358EF2}.Debug|x86.Build.0 = Debug|Any CPU
		{89A602B5-446E-4F7B-AA96-2E3B90358EF2}.DebugMono|Any CPU.ActiveCfg = Debug|Any CPU
		{89A602B5-446E-4F7B-AA96-2E3B90358EF2}.DebugMono|Any CPU.Build.0 = Debug|Any CPU
		{89A602B5-446E-4F7B-AA96-2E3B90358EF2}.DebugMono|x64.ActiveCfg = Debug|Any CPU
		{89A602B5-446E-4F7B-AA96-2E3B90358EF2}.DebugMono|x64.Build.0 = Debug|Any CPU
		{89A602B5-446E-4F7B-AA96-2E3B90358EF2}.DebugMono|x86.ActiveCfg = Debug|Any CPU
		{89A602B5-446E-4F7B-AA96-2E3B90358EF2}.DebugMono|x86.Build.0 = Debug|Any CPU
		{89A602B5-446E-4F7B-AA96-2E3B90358EF2}.Release|Any CPU.ActiveCfg = Release|Any CPU
		{89A602B5-446E-4F7B-AA96-2E3B90358EF2}.Release|Any CPU.Build.0 = Release|Any CPU
		{89A602B5-446E-4F7B-AA96-2E3B90358EF2}.Release|x64.ActiveCfg = Release|Any CPU
		{89A602B5-446E-4F7B-AA96-2E3B90358EF2}.Release|x64.Build.0 = Release|Any CPU
		{89A602B5-446E-4F7B-AA96-2E3B90358EF2}.Release|x86.ActiveCfg = Release|Any CPU
		{89A602B5-446E-4F7B-AA96-2E3B90358EF2}.Release|x86.Build.0 = Release|Any CPU
		{89A602B5-446E-4F7B-AA96-2E3B90358EF2}.ReleaseMono|Any CPU.ActiveCfg = Release|Any CPU
		{89A602B5-446E-4F7B-AA96-2E3B90358EF2}.ReleaseMono|Any CPU.Build.0 = Release|Any CPU
		{89A602B5-446E-4F7B-AA96-2E3B90358EF2}.ReleaseMono|x64.ActiveCfg = Release|Any CPU
		{89A602B5-446E-4F7B-AA96-2E3B90358EF2}.ReleaseMono|x64.Build.0 = Release|Any CPU
		{89A602B5-446E-4F7B-AA96-2E3B90358EF2}.ReleaseMono|x86.ActiveCfg = Release|Any CPU
		{89A602B5-446E-4F7B-AA96-2E3B90358EF2}.ReleaseMono|x86.Build.0 = Release|Any CPU
		{C13F7A54-0CF8-4888-AD93-44312E211E6B}.Debug|Any CPU.ActiveCfg = Debug|Any CPU
		{C13F7A54-0CF8-4888-AD93-44312E211E6B}.Debug|Any CPU.Build.0 = Debug|Any CPU
		{C13F7A54-0CF8-4888-AD93-44312E211E6B}.Debug|x64.ActiveCfg = Debug|Any CPU
		{C13F7A54-0CF8-4888-AD93-44312E211E6B}.Debug|x64.Build.0 = Debug|Any CPU
		{C13F7A54-0CF8-4888-AD93-44312E211E6B}.Debug|x86.ActiveCfg = Debug|Any CPU
		{C13F7A54-0CF8-4888-AD93-44312E211E6B}.Debug|x86.Build.0 = Debug|Any CPU
		{C13F7A54-0CF8-4888-AD93-44312E211E6B}.DebugMono|Any CPU.ActiveCfg = Debug|Any CPU
		{C13F7A54-0CF8-4888-AD93-44312E211E6B}.DebugMono|Any CPU.Build.0 = Debug|Any CPU
		{C13F7A54-0CF8-4888-AD93-44312E211E6B}.DebugMono|x64.ActiveCfg = Debug|Any CPU
		{C13F7A54-0CF8-4888-AD93-44312E211E6B}.DebugMono|x64.Build.0 = Debug|Any CPU
		{C13F7A54-0CF8-4888-AD93-44312E211E6B}.DebugMono|x86.ActiveCfg = Debug|Any CPU
		{C13F7A54-0CF8-4888-AD93-44312E211E6B}.DebugMono|x86.Build.0 = Debug|Any CPU
		{C13F7A54-0CF8-4888-AD93-44312E211E6B}.Release|Any CPU.ActiveCfg = Release|Any CPU
		{C13F7A54-0CF8-4888-AD93-44312E211E6B}.Release|Any CPU.Build.0 = Release|Any CPU
		{C13F7A54-0CF8-4888-AD93-44312E211E6B}.Release|x64.ActiveCfg = Release|Any CPU
		{C13F7A54-0CF8-4888-AD93-44312E211E6B}.Release|x64.Build.0 = Release|Any CPU
		{C13F7A54-0CF8-4888-AD93-44312E211E6B}.Release|x86.ActiveCfg = Release|Any CPU
		{C13F7A54-0CF8-4888-AD93-44312E211E6B}.Release|x86.Build.0 = Release|Any CPU
		{C13F7A54-0CF8-4888-AD93-44312E211E6B}.ReleaseMono|Any CPU.ActiveCfg = Release|Any CPU
		{C13F7A54-0CF8-4888-AD93-44312E211E6B}.ReleaseMono|Any CPU.Build.0 = Release|Any CPU
		{C13F7A54-0CF8-4888-AD93-44312E211E6B}.ReleaseMono|x64.ActiveCfg = Release|Any CPU
		{C13F7A54-0CF8-4888-AD93-44312E211E6B}.ReleaseMono|x64.Build.0 = Release|Any CPU
		{C13F7A54-0CF8-4888-AD93-44312E211E6B}.ReleaseMono|x86.ActiveCfg = Release|Any CPU
		{C13F7A54-0CF8-4888-AD93-44312E211E6B}.ReleaseMono|x86.Build.0 = Release|Any CPU
		{9815169D-A627-460E-97B4-B7850C7909F2}.Debug|Any CPU.ActiveCfg = Debug|Any CPU
		{9815169D-A627-460E-97B4-B7850C7909F2}.Debug|Any CPU.Build.0 = Debug|Any CPU
		{9815169D-A627-460E-97B4-B7850C7909F2}.Debug|x64.ActiveCfg = Debug|Any CPU
		{9815169D-A627-460E-97B4-B7850C7909F2}.Debug|x64.Build.0 = Debug|Any CPU
		{9815169D-A627-460E-97B4-B7850C7909F2}.Debug|x86.ActiveCfg = Debug|Any CPU
		{9815169D-A627-460E-97B4-B7850C7909F2}.Debug|x86.Build.0 = Debug|Any CPU
		{9815169D-A627-460E-97B4-B7850C7909F2}.DebugMono|Any CPU.ActiveCfg = Debug|Any CPU
		{9815169D-A627-460E-97B4-B7850C7909F2}.DebugMono|Any CPU.Build.0 = Debug|Any CPU
		{9815169D-A627-460E-97B4-B7850C7909F2}.DebugMono|x64.ActiveCfg = Debug|Any CPU
		{9815169D-A627-460E-97B4-B7850C7909F2}.DebugMono|x64.Build.0 = Debug|Any CPU
		{9815169D-A627-460E-97B4-B7850C7909F2}.DebugMono|x86.ActiveCfg = Debug|Any CPU
		{9815169D-A627-460E-97B4-B7850C7909F2}.DebugMono|x86.Build.0 = Debug|Any CPU
		{9815169D-A627-460E-97B4-B7850C7909F2}.Release|Any CPU.ActiveCfg = Release|Any CPU
		{9815169D-A627-460E-97B4-B7850C7909F2}.Release|Any CPU.Build.0 = Release|Any CPU
		{9815169D-A627-460E-97B4-B7850C7909F2}.Release|x64.ActiveCfg = Release|Any CPU
		{9815169D-A627-460E-97B4-B7850C7909F2}.Release|x64.Build.0 = Release|Any CPU
		{9815169D-A627-460E-97B4-B7850C7909F2}.Release|x86.ActiveCfg = Release|Any CPU
		{9815169D-A627-460E-97B4-B7850C7909F2}.Release|x86.Build.0 = Release|Any CPU
		{9815169D-A627-460E-97B4-B7850C7909F2}.ReleaseMono|Any CPU.ActiveCfg = Release|Any CPU
		{9815169D-A627-460E-97B4-B7850C7909F2}.ReleaseMono|Any CPU.Build.0 = Release|Any CPU
		{9815169D-A627-460E-97B4-B7850C7909F2}.ReleaseMono|x64.ActiveCfg = Release|Any CPU
		{9815169D-A627-460E-97B4-B7850C7909F2}.ReleaseMono|x64.Build.0 = Release|Any CPU
		{9815169D-A627-460E-97B4-B7850C7909F2}.ReleaseMono|x86.ActiveCfg = Release|Any CPU
		{9815169D-A627-460E-97B4-B7850C7909F2}.ReleaseMono|x86.Build.0 = Release|Any CPU
		{4E9A0514-95B6-49A6-8414-9BDABD274DFF}.Debug|Any CPU.ActiveCfg = Debug|Any CPU
		{4E9A0514-95B6-49A6-8414-9BDABD274DFF}.Debug|Any CPU.Build.0 = Debug|Any CPU
		{4E9A0514-95B6-49A6-8414-9BDABD274DFF}.Debug|x64.ActiveCfg = Debug|Any CPU
		{4E9A0514-95B6-49A6-8414-9BDABD274DFF}.Debug|x64.Build.0 = Debug|Any CPU
		{4E9A0514-95B6-49A6-8414-9BDABD274DFF}.Debug|x86.ActiveCfg = Debug|Any CPU
		{4E9A0514-95B6-49A6-8414-9BDABD274DFF}.Debug|x86.Build.0 = Debug|Any CPU
		{4E9A0514-95B6-49A6-8414-9BDABD274DFF}.DebugMono|Any CPU.ActiveCfg = Debug|Any CPU
		{4E9A0514-95B6-49A6-8414-9BDABD274DFF}.DebugMono|Any CPU.Build.0 = Debug|Any CPU
		{4E9A0514-95B6-49A6-8414-9BDABD274DFF}.DebugMono|x64.ActiveCfg = Debug|Any CPU
		{4E9A0514-95B6-49A6-8414-9BDABD274DFF}.DebugMono|x64.Build.0 = Debug|Any CPU
		{4E9A0514-95B6-49A6-8414-9BDABD274DFF}.DebugMono|x86.ActiveCfg = Debug|Any CPU
		{4E9A0514-95B6-49A6-8414-9BDABD274DFF}.DebugMono|x86.Build.0 = Debug|Any CPU
		{4E9A0514-95B6-49A6-8414-9BDABD274DFF}.Release|Any CPU.ActiveCfg = Release|Any CPU
		{4E9A0514-95B6-49A6-8414-9BDABD274DFF}.Release|Any CPU.Build.0 = Release|Any CPU
		{4E9A0514-95B6-49A6-8414-9BDABD274DFF}.Release|x64.ActiveCfg = Release|Any CPU
		{4E9A0514-95B6-49A6-8414-9BDABD274DFF}.Release|x64.Build.0 = Release|Any CPU
		{4E9A0514-95B6-49A6-8414-9BDABD274DFF}.Release|x86.ActiveCfg = Release|Any CPU
		{4E9A0514-95B6-49A6-8414-9BDABD274DFF}.Release|x86.Build.0 = Release|Any CPU
		{4E9A0514-95B6-49A6-8414-9BDABD274DFF}.ReleaseMono|Any CPU.ActiveCfg = Release|Any CPU
		{4E9A0514-95B6-49A6-8414-9BDABD274DFF}.ReleaseMono|Any CPU.Build.0 = Release|Any CPU
		{4E9A0514-95B6-49A6-8414-9BDABD274DFF}.ReleaseMono|x64.ActiveCfg = Release|Any CPU
		{4E9A0514-95B6-49A6-8414-9BDABD274DFF}.ReleaseMono|x64.Build.0 = Release|Any CPU
		{4E9A0514-95B6-49A6-8414-9BDABD274DFF}.ReleaseMono|x86.ActiveCfg = Release|Any CPU
		{4E9A0514-95B6-49A6-8414-9BDABD274DFF}.ReleaseMono|x86.Build.0 = Release|Any CPU
		{98BDD5F6-5752-41D8-B1B2-4FAF69418A1A}.Debug|Any CPU.ActiveCfg = Debug|Any CPU
		{98BDD5F6-5752-41D8-B1B2-4FAF69418A1A}.Debug|Any CPU.Build.0 = Debug|Any CPU
		{98BDD5F6-5752-41D8-B1B2-4FAF69418A1A}.Debug|x64.ActiveCfg = Debug|Any CPU
		{98BDD5F6-5752-41D8-B1B2-4FAF69418A1A}.Debug|x64.Build.0 = Debug|Any CPU
		{98BDD5F6-5752-41D8-B1B2-4FAF69418A1A}.Debug|x86.ActiveCfg = Debug|Any CPU
		{98BDD5F6-5752-41D8-B1B2-4FAF69418A1A}.Debug|x86.Build.0 = Debug|Any CPU
		{98BDD5F6-5752-41D8-B1B2-4FAF69418A1A}.DebugMono|Any CPU.ActiveCfg = Debug|Any CPU
		{98BDD5F6-5752-41D8-B1B2-4FAF69418A1A}.DebugMono|Any CPU.Build.0 = Debug|Any CPU
		{98BDD5F6-5752-41D8-B1B2-4FAF69418A1A}.DebugMono|x64.ActiveCfg = Debug|Any CPU
		{98BDD5F6-5752-41D8-B1B2-4FAF69418A1A}.DebugMono|x64.Build.0 = Debug|Any CPU
		{98BDD5F6-5752-41D8-B1B2-4FAF69418A1A}.DebugMono|x86.ActiveCfg = Debug|Any CPU
		{98BDD5F6-5752-41D8-B1B2-4FAF69418A1A}.DebugMono|x86.Build.0 = Debug|Any CPU
		{98BDD5F6-5752-41D8-B1B2-4FAF69418A1A}.Release|Any CPU.ActiveCfg = Release|Any CPU
		{98BDD5F6-5752-41D8-B1B2-4FAF69418A1A}.Release|Any CPU.Build.0 = Release|Any CPU
		{98BDD5F6-5752-41D8-B1B2-4FAF69418A1A}.Release|x64.ActiveCfg = Release|Any CPU
		{98BDD5F6-5752-41D8-B1B2-4FAF69418A1A}.Release|x64.Build.0 = Release|Any CPU
		{98BDD5F6-5752-41D8-B1B2-4FAF69418A1A}.Release|x86.ActiveCfg = Release|Any CPU
		{98BDD5F6-5752-41D8-B1B2-4FAF69418A1A}.Release|x86.Build.0 = Release|Any CPU
		{98BDD5F6-5752-41D8-B1B2-4FAF69418A1A}.ReleaseMono|Any CPU.ActiveCfg = Release|Any CPU
		{98BDD5F6-5752-41D8-B1B2-4FAF69418A1A}.ReleaseMono|Any CPU.Build.0 = Release|Any CPU
		{98BDD5F6-5752-41D8-B1B2-4FAF69418A1A}.ReleaseMono|x64.ActiveCfg = Release|Any CPU
		{98BDD5F6-5752-41D8-B1B2-4FAF69418A1A}.ReleaseMono|x64.Build.0 = Release|Any CPU
		{98BDD5F6-5752-41D8-B1B2-4FAF69418A1A}.ReleaseMono|x86.ActiveCfg = Release|Any CPU
		{98BDD5F6-5752-41D8-B1B2-4FAF69418A1A}.ReleaseMono|x86.Build.0 = Release|Any CPU
		{46ED6E74-112B-4014-947B-5FCC2A06E29D}.Debug|Any CPU.ActiveCfg = Debug|Any CPU
		{46ED6E74-112B-4014-947B-5FCC2A06E29D}.Debug|Any CPU.Build.0 = Debug|Any CPU
		{46ED6E74-112B-4014-947B-5FCC2A06E29D}.Debug|x64.ActiveCfg = Debug|Any CPU
		{46ED6E74-112B-4014-947B-5FCC2A06E29D}.Debug|x64.Build.0 = Debug|Any CPU
		{46ED6E74-112B-4014-947B-5FCC2A06E29D}.Debug|x86.ActiveCfg = Debug|Any CPU
		{46ED6E74-112B-4014-947B-5FCC2A06E29D}.Debug|x86.Build.0 = Debug|Any CPU
		{46ED6E74-112B-4014-947B-5FCC2A06E29D}.DebugMono|Any CPU.ActiveCfg = Debug|Any CPU
		{46ED6E74-112B-4014-947B-5FCC2A06E29D}.DebugMono|Any CPU.Build.0 = Debug|Any CPU
		{46ED6E74-112B-4014-947B-5FCC2A06E29D}.DebugMono|x64.ActiveCfg = Debug|Any CPU
		{46ED6E74-112B-4014-947B-5FCC2A06E29D}.DebugMono|x64.Build.0 = Debug|Any CPU
		{46ED6E74-112B-4014-947B-5FCC2A06E29D}.DebugMono|x86.ActiveCfg = Debug|Any CPU
		{46ED6E74-112B-4014-947B-5FCC2A06E29D}.DebugMono|x86.Build.0 = Debug|Any CPU
		{46ED6E74-112B-4014-947B-5FCC2A06E29D}.Release|Any CPU.ActiveCfg = Release|Any CPU
		{46ED6E74-112B-4014-947B-5FCC2A06E29D}.Release|Any CPU.Build.0 = Release|Any CPU
		{46ED6E74-112B-4014-947B-5FCC2A06E29D}.Release|x64.ActiveCfg = Release|Any CPU
		{46ED6E74-112B-4014-947B-5FCC2A06E29D}.Release|x64.Build.0 = Release|Any CPU
		{46ED6E74-112B-4014-947B-5FCC2A06E29D}.Release|x86.ActiveCfg = Release|Any CPU
		{46ED6E74-112B-4014-947B-5FCC2A06E29D}.Release|x86.Build.0 = Release|Any CPU
		{46ED6E74-112B-4014-947B-5FCC2A06E29D}.ReleaseMono|Any CPU.ActiveCfg = Release|Any CPU
		{46ED6E74-112B-4014-947B-5FCC2A06E29D}.ReleaseMono|Any CPU.Build.0 = Release|Any CPU
		{46ED6E74-112B-4014-947B-5FCC2A06E29D}.ReleaseMono|x64.ActiveCfg = Release|Any CPU
		{46ED6E74-112B-4014-947B-5FCC2A06E29D}.ReleaseMono|x64.Build.0 = Release|Any CPU
		{46ED6E74-112B-4014-947B-5FCC2A06E29D}.ReleaseMono|x86.ActiveCfg = Release|Any CPU
		{46ED6E74-112B-4014-947B-5FCC2A06E29D}.ReleaseMono|x86.Build.0 = Release|Any CPU
		{DB86BC7A-0BA4-4FB9-833D-5DF23D335D95}.Debug|Any CPU.ActiveCfg = Debug|Any CPU
		{DB86BC7A-0BA4-4FB9-833D-5DF23D335D95}.Debug|Any CPU.Build.0 = Debug|Any CPU
		{DB86BC7A-0BA4-4FB9-833D-5DF23D335D95}.Debug|x64.ActiveCfg = Debug|Any CPU
		{DB86BC7A-0BA4-4FB9-833D-5DF23D335D95}.Debug|x64.Build.0 = Debug|Any CPU
		{DB86BC7A-0BA4-4FB9-833D-5DF23D335D95}.Debug|x86.ActiveCfg = Debug|Any CPU
		{DB86BC7A-0BA4-4FB9-833D-5DF23D335D95}.Debug|x86.Build.0 = Debug|Any CPU
		{DB86BC7A-0BA4-4FB9-833D-5DF23D335D95}.DebugMono|Any CPU.ActiveCfg = Debug|Any CPU
		{DB86BC7A-0BA4-4FB9-833D-5DF23D335D95}.DebugMono|Any CPU.Build.0 = Debug|Any CPU
		{DB86BC7A-0BA4-4FB9-833D-5DF23D335D95}.DebugMono|x64.ActiveCfg = Debug|Any CPU
		{DB86BC7A-0BA4-4FB9-833D-5DF23D335D95}.DebugMono|x64.Build.0 = Debug|Any CPU
		{DB86BC7A-0BA4-4FB9-833D-5DF23D335D95}.DebugMono|x86.ActiveCfg = Debug|Any CPU
		{DB86BC7A-0BA4-4FB9-833D-5DF23D335D95}.DebugMono|x86.Build.0 = Debug|Any CPU
		{DB86BC7A-0BA4-4FB9-833D-5DF23D335D95}.Release|Any CPU.ActiveCfg = Release|Any CPU
		{DB86BC7A-0BA4-4FB9-833D-5DF23D335D95}.Release|Any CPU.Build.0 = Release|Any CPU
		{DB86BC7A-0BA4-4FB9-833D-5DF23D335D95}.Release|x64.ActiveCfg = Release|Any CPU
		{DB86BC7A-0BA4-4FB9-833D-5DF23D335D95}.Release|x64.Build.0 = Release|Any CPU
		{DB86BC7A-0BA4-4FB9-833D-5DF23D335D95}.Release|x86.ActiveCfg = Release|Any CPU
		{DB86BC7A-0BA4-4FB9-833D-5DF23D335D95}.Release|x86.Build.0 = Release|Any CPU
		{DB86BC7A-0BA4-4FB9-833D-5DF23D335D95}.ReleaseMono|Any CPU.ActiveCfg = Release|Any CPU
		{DB86BC7A-0BA4-4FB9-833D-5DF23D335D95}.ReleaseMono|Any CPU.Build.0 = Release|Any CPU
		{DB86BC7A-0BA4-4FB9-833D-5DF23D335D95}.ReleaseMono|x64.ActiveCfg = Release|Any CPU
		{DB86BC7A-0BA4-4FB9-833D-5DF23D335D95}.ReleaseMono|x64.Build.0 = Release|Any CPU
		{DB86BC7A-0BA4-4FB9-833D-5DF23D335D95}.ReleaseMono|x86.ActiveCfg = Release|Any CPU
		{DB86BC7A-0BA4-4FB9-833D-5DF23D335D95}.ReleaseMono|x86.Build.0 = Release|Any CPU
	EndGlobalSection
	GlobalSection(SolutionProperties) = preSolution
		HideSolutionNode = FALSE
	EndGlobalSection
	GlobalSection(NestedProjects) = preSolution
		{1255276C-756E-48AA-A09B-22E92D16D995} = {380DAE15-C41C-4424-A7EF-B8B74D1687D0}
		{A5F7C0AE-AF7A-45F6-8F50-C3AE5616ABBE} = {3FFCA506-E9BB-47CC-9760-B93A649E8E30}
		{1B4D683C-3FEF-4BCB-886A-BFF4B043B9A6} = {3FFCA506-E9BB-47CC-9760-B93A649E8E30}
		{EBF47F2C-9452-49E9-B984-5B6D44C3E608} = {3FFCA506-E9BB-47CC-9760-B93A649E8E30}
		{D38D1696-A995-4764-9A04-52D55DB2B947} = {A39689D5-9660-497A-AE76-467FBC7D05E6}
		{D0A1BC05-BBEE-442B-8CFD-8595F6ABC1B7} = {A39689D5-9660-497A-AE76-467FBC7D05E6}
		{E417153D-68B1-49F1-9DD5-4C6603334F19} = {219920D4-8F98-409D-861E-FF4F5C146E12}
		{EA746D4D-4888-43D2-BA78-D48F9286FDB2} = {219920D4-8F98-409D-861E-FF4F5C146E12}
		{9A702D80-E791-4A56-8B04-3B2BBAFA2C3F} = {219920D4-8F98-409D-861E-FF4F5C146E12}
		{7D231056-5E8A-4AEA-B3BF-98754CB95997} = {A39689D5-9660-497A-AE76-467FBC7D05E6}
		{62AC0217-6A60-4C29-99CA-18DD9C0BF8BF} = {380DAE15-C41C-4424-A7EF-B8B74D1687D0}
		{89A602B5-446E-4F7B-AA96-2E3B90358EF2} = {380DAE15-C41C-4424-A7EF-B8B74D1687D0}
		{C13F7A54-0CF8-4888-AD93-44312E211E6B} = {380DAE15-C41C-4424-A7EF-B8B74D1687D0}
		{9815169D-A627-460E-97B4-B7850C7909F2} = {380DAE15-C41C-4424-A7EF-B8B74D1687D0}
		{4E9A0514-95B6-49A6-8414-9BDABD274DFF} = {380DAE15-C41C-4424-A7EF-B8B74D1687D0}
		{98BDD5F6-5752-41D8-B1B2-4FAF69418A1A} = {A39689D5-9660-497A-AE76-467FBC7D05E6}
		{46ED6E74-112B-4014-947B-5FCC2A06E29D} = {380DAE15-C41C-4424-A7EF-B8B74D1687D0}
		{DB86BC7A-0BA4-4FB9-833D-5DF23D335D95} = {380DAE15-C41C-4424-A7EF-B8B74D1687D0}
	EndGlobalSection
	GlobalSection(ExtensibilityGlobals) = postSolution
		SolutionGuid = {797A0322-E124-4A78-9126-A666E4FD4EB7}
	EndGlobalSection
EndGlobal
