
Microsoft Visual Studio Solution File, Format Version 12.00
# Visual Studio Version 16
VisualStudioVersion = 16.0.29102.190
MinimumVisualStudioVersion = 10.0.40219.1
Project("{FAE04EC0-301F-11D3-BF4B-00C04F79EFBC}") = "WebTest", "CRLWebTest\WebTest.csproj", "{5B1E144D-0586-4B80-B4E6-F90C81E9CDB7}"
EndProject
Project("{FAE04EC0-301F-11D3-BF4B-00C04F79EFBC}") = "CRL", "CRL\CRL.csproj", "{221A152B-1136-46A0-BF49-37D8E8EF19A0}"
EndProject
Project("{FAE04EC0-301F-11D3-BF4B-00C04F79EFBC}") = "TestConsole", "TestConsole\TestConsole.csproj", "{E9A0438F-27BE-4836-B079-AE5E766AC22F}"
EndProject
Project("{FAE04EC0-301F-11D3-BF4B-00C04F79EFBC}") = "CRLTest", "CRLTest\CRLTest.csproj", "{251D0528-06AE-4FF5-82BA-344C273EF148}"
EndProject
Project("{FAE04EC0-301F-11D3-BF4B-00C04F79EFBC}") = "CRL.Core", "CRL.Core\CRL.Core.csproj", "{1255276C-756E-48AA-A09B-22E92D16D995}"
EndProject
Project("{2150E333-8FDC-42A3-9474-1A3956D46DE8}") = "RPC", "RPC", "{3FFCA506-E9BB-47CC-9760-B93A649E8E30}"
EndProject
Project("{FAE04EC0-301F-11D3-BF4B-00C04F79EFBC}") = "CRL.RPC", "RPC\CRL.RPC\CRL.RPC.csproj", "{A5F7C0AE-AF7A-45F6-8F50-C3AE5616ABBE}"
EndProject
Project("{FAE04EC0-301F-11D3-BF4B-00C04F79EFBC}") = "RPCClient", "RPC\RPCClient\RPCClient.csproj", "{1B4D683C-3FEF-4BCB-886A-BFF4B043B9A6}"
EndProject
Project("{FAE04EC0-301F-11D3-BF4B-00C04F79EFBC}") = "RPCServer", "RPC\RPCServer\RPCServer.csproj", "{EBF47F2C-9452-49E9-B984-5B6D44C3E608}"
EndProject
Project("{2150E333-8FDC-42A3-9474-1A3956D46DE8}") = "DynamicWebApi", "DynamicWebApi", "{A39689D5-9660-497A-AE76-467FBC7D05E6}"
EndProject
Project("{FAE04EC0-301F-11D3-BF4B-00C04F79EFBC}") = "CRL.DynamicWebApi", "DynamicWebApi\CRL.DynamicWebApi\CRL.DynamicWebApi.csproj", "{D38D1696-A995-4764-9A04-52D55DB2B947}"
EndProject
Project("{FAE04EC0-301F-11D3-BF4B-00C04F79EFBC}") = "DynamicWebApiClient", "DynamicWebApi\DynamicWebApiClient\DynamicWebApiClient.csproj", "{D0A1BC05-BBEE-442B-8CFD-8595F6ABC1B7}"
EndProject
Project("{FAE04EC0-301F-11D3-BF4B-00C04F79EFBC}") = "DynamicWebApiServerTest", "DynamicWebApi\DynamicWebApiServerTest\DynamicWebApiServerTest.csproj", "{DDA5CC5B-D7F0-4D27-A6D6-B90BA5FA4B50}"
EndProject
Project("{FAE04EC0-301F-11D3-BF4B-00C04F79EFBC}") = "CRL.WebSocket", "WebSocket\CRL.WebSocket\CRL.WebSocket.csproj", "{E417153D-68B1-49F1-9DD5-4C6603334F19}"
EndProject
Project("{2150E333-8FDC-42A3-9474-1A3956D46DE8}") = "WebSocket", "WebSocket", "{219920D4-8F98-409D-861E-FF4F5C146E12}"
EndProject
Project("{FAE04EC0-301F-11D3-BF4B-00C04F79EFBC}") = "WebSocketClient", "WebSocket\WebSocketClient\WebSocketClient.csproj", "{EA746D4D-4888-43D2-BA78-D48F9286FDB2}"
EndProject
Project("{FAE04EC0-301F-11D3-BF4B-00C04F79EFBC}") = "WebSocketServer", "WebSocket\WebSocketServer\WebSocketServer.csproj", "{9A702D80-E791-4A56-8B04-3B2BBAFA2C3F}"
EndProject
Global
	GlobalSection(SolutionConfigurationPlatforms) = preSolution
		Debug|Any CPU = Debug|Any CPU
		DebugMono|Any CPU = DebugMono|Any CPU
		Release|Any CPU = Release|Any CPU
		ReleaseMono|Any CPU = ReleaseMono|Any CPU
	EndGlobalSection
	GlobalSection(ProjectConfigurationPlatforms) = postSolution
		{5B1E144D-0586-4B80-B4E6-F90C81E9CDB7}.Debug|Any CPU.ActiveCfg = Debug|Any CPU
		{5B1E144D-0586-4B80-B4E6-F90C81E9CDB7}.Debug|Any CPU.Build.0 = Debug|Any CPU
		{5B1E144D-0586-4B80-B4E6-F90C81E9CDB7}.DebugMono|Any CPU.ActiveCfg = Debug|Any CPU
		{5B1E144D-0586-4B80-B4E6-F90C81E9CDB7}.DebugMono|Any CPU.Build.0 = Debug|Any CPU
		{5B1E144D-0586-4B80-B4E6-F90C81E9CDB7}.Release|Any CPU.ActiveCfg = Release|Any CPU
		{5B1E144D-0586-4B80-B4E6-F90C81E9CDB7}.Release|Any CPU.Build.0 = Release|Any CPU
		{5B1E144D-0586-4B80-B4E6-F90C81E9CDB7}.ReleaseMono|Any CPU.ActiveCfg = Release|Any CPU
		{5B1E144D-0586-4B80-B4E6-F90C81E9CDB7}.ReleaseMono|Any CPU.Build.0 = Release|Any CPU
		{221A152B-1136-46A0-BF49-37D8E8EF19A0}.Debug|Any CPU.ActiveCfg = Debug|Any CPU
		{221A152B-1136-46A0-BF49-37D8E8EF19A0}.Debug|Any CPU.Build.0 = Debug|Any CPU
		{221A152B-1136-46A0-BF49-37D8E8EF19A0}.DebugMono|Any CPU.ActiveCfg = Debug|Any CPU
		{221A152B-1136-46A0-BF49-37D8E8EF19A0}.DebugMono|Any CPU.Build.0 = Debug|Any CPU
		{221A152B-1136-46A0-BF49-37D8E8EF19A0}.Release|Any CPU.ActiveCfg = Release|Any CPU
		{221A152B-1136-46A0-BF49-37D8E8EF19A0}.Release|Any CPU.Build.0 = Release|Any CPU
		{221A152B-1136-46A0-BF49-37D8E8EF19A0}.ReleaseMono|Any CPU.ActiveCfg = Release|Any CPU
		{221A152B-1136-46A0-BF49-37D8E8EF19A0}.ReleaseMono|Any CPU.Build.0 = Release|Any CPU
		{E9A0438F-27BE-4836-B079-AE5E766AC22F}.Debug|Any CPU.ActiveCfg = Debug|Any CPU
		{E9A0438F-27BE-4836-B079-AE5E766AC22F}.Debug|Any CPU.Build.0 = Debug|Any CPU
		{E9A0438F-27BE-4836-B079-AE5E766AC22F}.DebugMono|Any CPU.ActiveCfg = Debug|Any CPU
		{E9A0438F-27BE-4836-B079-AE5E766AC22F}.DebugMono|Any CPU.Build.0 = Debug|Any CPU
		{E9A0438F-27BE-4836-B079-AE5E766AC22F}.Release|Any CPU.ActiveCfg = Release|Any CPU
		{E9A0438F-27BE-4836-B079-AE5E766AC22F}.Release|Any CPU.Build.0 = Release|Any CPU
		{E9A0438F-27BE-4836-B079-AE5E766AC22F}.ReleaseMono|Any CPU.ActiveCfg = Release|Any CPU
		{E9A0438F-27BE-4836-B079-AE5E766AC22F}.ReleaseMono|Any CPU.Build.0 = Release|Any CPU
		{251D0528-06AE-4FF5-82BA-344C273EF148}.Debug|Any CPU.ActiveCfg = Debug|Any CPU
		{251D0528-06AE-4FF5-82BA-344C273EF148}.Debug|Any CPU.Build.0 = Debug|Any CPU
		{251D0528-06AE-4FF5-82BA-344C273EF148}.DebugMono|Any CPU.ActiveCfg = Debug|Any CPU
		{251D0528-06AE-4FF5-82BA-344C273EF148}.DebugMono|Any CPU.Build.0 = Debug|Any CPU
		{251D0528-06AE-4FF5-82BA-344C273EF148}.Release|Any CPU.ActiveCfg = Release|Any CPU
		{251D0528-06AE-4FF5-82BA-344C273EF148}.Release|Any CPU.Build.0 = Release|Any CPU
		{251D0528-06AE-4FF5-82BA-344C273EF148}.ReleaseMono|Any CPU.ActiveCfg = Release|Any CPU
		{251D0528-06AE-4FF5-82BA-344C273EF148}.ReleaseMono|Any CPU.Build.0 = Release|Any CPU
		{1255276C-756E-48AA-A09B-22E92D16D995}.Debug|Any CPU.ActiveCfg = Debug|Any CPU
		{1255276C-756E-48AA-A09B-22E92D16D995}.Debug|Any CPU.Build.0 = Debug|Any CPU
		{1255276C-756E-48AA-A09B-22E92D16D995}.DebugMono|Any CPU.ActiveCfg = Debug|Any CPU
		{1255276C-756E-48AA-A09B-22E92D16D995}.DebugMono|Any CPU.Build.0 = Debug|Any CPU
		{1255276C-756E-48AA-A09B-22E92D16D995}.Release|Any CPU.ActiveCfg = Release|Any CPU
		{1255276C-756E-48AA-A09B-22E92D16D995}.Release|Any CPU.Build.0 = Release|Any CPU
		{1255276C-756E-48AA-A09B-22E92D16D995}.ReleaseMono|Any CPU.ActiveCfg = Release|Any CPU
		{1255276C-756E-48AA-A09B-22E92D16D995}.ReleaseMono|Any CPU.Build.0 = Release|Any CPU
		{A5F7C0AE-AF7A-45F6-8F50-C3AE5616ABBE}.Debug|Any CPU.ActiveCfg = Debug|Any CPU
		{A5F7C0AE-AF7A-45F6-8F50-C3AE5616ABBE}.Debug|Any CPU.Build.0 = Debug|Any CPU
		{A5F7C0AE-AF7A-45F6-8F50-C3AE5616ABBE}.DebugMono|Any CPU.ActiveCfg = Debug|Any CPU
		{A5F7C0AE-AF7A-45F6-8F50-C3AE5616ABBE}.DebugMono|Any CPU.Build.0 = Debug|Any CPU
		{A5F7C0AE-AF7A-45F6-8F50-C3AE5616ABBE}.Release|Any CPU.ActiveCfg = Release|Any CPU
		{A5F7C0AE-AF7A-45F6-8F50-C3AE5616ABBE}.Release|Any CPU.Build.0 = Release|Any CPU
		{A5F7C0AE-AF7A-45F6-8F50-C3AE5616ABBE}.ReleaseMono|Any CPU.ActiveCfg = Release|Any CPU
		{A5F7C0AE-AF7A-45F6-8F50-C3AE5616ABBE}.ReleaseMono|Any CPU.Build.0 = Release|Any CPU
		{1B4D683C-3FEF-4BCB-886A-BFF4B043B9A6}.Debug|Any CPU.ActiveCfg = Debug|Any CPU
		{1B4D683C-3FEF-4BCB-886A-BFF4B043B9A6}.Debug|Any CPU.Build.0 = Debug|Any CPU
		{1B4D683C-3FEF-4BCB-886A-BFF4B043B9A6}.DebugMono|Any CPU.ActiveCfg = Debug|Any CPU
		{1B4D683C-3FEF-4BCB-886A-BFF4B043B9A6}.DebugMono|Any CPU.Build.0 = Debug|Any CPU
		{1B4D683C-3FEF-4BCB-886A-BFF4B043B9A6}.Release|Any CPU.ActiveCfg = Release|Any CPU
		{1B4D683C-3FEF-4BCB-886A-BFF4B043B9A6}.Release|Any CPU.Build.0 = Release|Any CPU
		{1B4D683C-3FEF-4BCB-886A-BFF4B043B9A6}.ReleaseMono|Any CPU.ActiveCfg = Release|Any CPU
		{1B4D683C-3FEF-4BCB-886A-BFF4B043B9A6}.ReleaseMono|Any CPU.Build.0 = Release|Any CPU
		{EBF47F2C-9452-49E9-B984-5B6D44C3E608}.Debug|Any CPU.ActiveCfg = Debug|Any CPU
		{EBF47F2C-9452-49E9-B984-5B6D44C3E608}.Debug|Any CPU.Build.0 = Debug|Any CPU
		{EBF47F2C-9452-49E9-B984-5B6D44C3E608}.DebugMono|Any CPU.ActiveCfg = Debug|Any CPU
		{EBF47F2C-9452-49E9-B984-5B6D44C3E608}.DebugMono|Any CPU.Build.0 = Debug|Any CPU
		{EBF47F2C-9452-49E9-B984-5B6D44C3E608}.Release|Any CPU.ActiveCfg = Release|Any CPU
		{EBF47F2C-9452-49E9-B984-5B6D44C3E608}.Release|Any CPU.Build.0 = Release|Any CPU
		{EBF47F2C-9452-49E9-B984-5B6D44C3E608}.ReleaseMono|Any CPU.ActiveCfg = Release|Any CPU
		{EBF47F2C-9452-49E9-B984-5B6D44C3E608}.ReleaseMono|Any CPU.Build.0 = Release|Any CPU
		{D38D1696-A995-4764-9A04-52D55DB2B947}.Debug|Any CPU.ActiveCfg = Debug|Any CPU
		{D38D1696-A995-4764-9A04-52D55DB2B947}.Debug|Any CPU.Build.0 = Debug|Any CPU
		{D38D1696-A995-4764-9A04-52D55DB2B947}.DebugMono|Any CPU.ActiveCfg = Debug|Any CPU
		{D38D1696-A995-4764-9A04-52D55DB2B947}.DebugMono|Any CPU.Build.0 = Debug|Any CPU
		{D38D1696-A995-4764-9A04-52D55DB2B947}.Release|Any CPU.ActiveCfg = Release|Any CPU
		{D38D1696-A995-4764-9A04-52D55DB2B947}.Release|Any CPU.Build.0 = Release|Any CPU
		{D38D1696-A995-4764-9A04-52D55DB2B947}.ReleaseMono|Any CPU.ActiveCfg = Release|Any CPU
		{D38D1696-A995-4764-9A04-52D55DB2B947}.ReleaseMono|Any CPU.Build.0 = Release|Any CPU
		{D0A1BC05-BBEE-442B-8CFD-8595F6ABC1B7}.Debug|Any CPU.ActiveCfg = Debug|Any CPU
		{D0A1BC05-BBEE-442B-8CFD-8595F6ABC1B7}.Debug|Any CPU.Build.0 = Debug|Any CPU
		{D0A1BC05-BBEE-442B-8CFD-8595F6ABC1B7}.DebugMono|Any CPU.ActiveCfg = Debug|Any CPU
		{D0A1BC05-BBEE-442B-8CFD-8595F6ABC1B7}.DebugMono|Any CPU.Build.0 = Debug|Any CPU
		{D0A1BC05-BBEE-442B-8CFD-8595F6ABC1B7}.Release|Any CPU.ActiveCfg = Release|Any CPU
		{D0A1BC05-BBEE-442B-8CFD-8595F6ABC1B7}.Release|Any CPU.Build.0 = Release|Any CPU
		{D0A1BC05-BBEE-442B-8CFD-8595F6ABC1B7}.ReleaseMono|Any CPU.ActiveCfg = Release|Any CPU
		{D0A1BC05-BBEE-442B-8CFD-8595F6ABC1B7}.ReleaseMono|Any CPU.Build.0 = Release|Any CPU
		{DDA5CC5B-D7F0-4D27-A6D6-B90BA5FA4B50}.Debug|Any CPU.ActiveCfg = Debug|Any CPU
		{DDA5CC5B-D7F0-4D27-A6D6-B90BA5FA4B50}.Debug|Any CPU.Build.0 = Debug|Any CPU
		{DDA5CC5B-D7F0-4D27-A6D6-B90BA5FA4B50}.DebugMono|Any CPU.ActiveCfg = Debug|Any CPU
		{DDA5CC5B-D7F0-4D27-A6D6-B90BA5FA4B50}.DebugMono|Any CPU.Build.0 = Debug|Any CPU
		{DDA5CC5B-D7F0-4D27-A6D6-B90BA5FA4B50}.Release|Any CPU.ActiveCfg = Release|Any CPU
		{DDA5CC5B-D7F0-4D27-A6D6-B90BA5FA4B50}.Release|Any CPU.Build.0 = Release|Any CPU
		{DDA5CC5B-D7F0-4D27-A6D6-B90BA5FA4B50}.ReleaseMono|Any CPU.ActiveCfg = Release|Any CPU
		{DDA5CC5B-D7F0-4D27-A6D6-B90BA5FA4B50}.ReleaseMono|Any CPU.Build.0 = Release|Any CPU
		{E417153D-68B1-49F1-9DD5-4C6603334F19}.Debug|Any CPU.ActiveCfg = Debug|Any CPU
		{E417153D-68B1-49F1-9DD5-4C6603334F19}.Debug|Any CPU.Build.0 = Debug|Any CPU
		{E417153D-68B1-49F1-9DD5-4C6603334F19}.DebugMono|Any CPU.ActiveCfg = Debug|Any CPU
		{E417153D-68B1-49F1-9DD5-4C6603334F19}.DebugMono|Any CPU.Build.0 = Debug|Any CPU
		{E417153D-68B1-49F1-9DD5-4C6603334F19}.Release|Any CPU.ActiveCfg = Release|Any CPU
		{E417153D-68B1-49F1-9DD5-4C6603334F19}.Release|Any CPU.Build.0 = Release|Any CPU
		{E417153D-68B1-49F1-9DD5-4C6603334F19}.ReleaseMono|Any CPU.ActiveCfg = Release|Any CPU
		{E417153D-68B1-49F1-9DD5-4C6603334F19}.ReleaseMono|Any CPU.Build.0 = Release|Any CPU
		{EA746D4D-4888-43D2-BA78-D48F9286FDB2}.Debug|Any CPU.ActiveCfg = Debug|Any CPU
		{EA746D4D-4888-43D2-BA78-D48F9286FDB2}.Debug|Any CPU.Build.0 = Debug|Any CPU
		{EA746D4D-4888-43D2-BA78-D48F9286FDB2}.DebugMono|Any CPU.ActiveCfg = Debug|Any CPU
		{EA746D4D-4888-43D2-BA78-D48F9286FDB2}.DebugMono|Any CPU.Build.0 = Debug|Any CPU
		{EA746D4D-4888-43D2-BA78-D48F9286FDB2}.Release|Any CPU.ActiveCfg = Release|Any CPU
		{EA746D4D-4888-43D2-BA78-D48F9286FDB2}.Release|Any CPU.Build.0 = Release|Any CPU
		{EA746D4D-4888-43D2-BA78-D48F9286FDB2}.ReleaseMono|Any CPU.ActiveCfg = Release|Any CPU
		{EA746D4D-4888-43D2-BA78-D48F9286FDB2}.ReleaseMono|Any CPU.Build.0 = Release|Any CPU
		{9A702D80-E791-4A56-8B04-3B2BBAFA2C3F}.Debug|Any CPU.ActiveCfg = Debug|Any CPU
		{9A702D80-E791-4A56-8B04-3B2BBAFA2C3F}.Debug|Any CPU.Build.0 = Debug|Any CPU
		{9A702D80-E791-4A56-8B04-3B2BBAFA2C3F}.DebugMono|Any CPU.ActiveCfg = Debug|Any CPU
		{9A702D80-E791-4A56-8B04-3B2BBAFA2C3F}.DebugMono|Any CPU.Build.0 = Debug|Any CPU
		{9A702D80-E791-4A56-8B04-3B2BBAFA2C3F}.Release|Any CPU.ActiveCfg = Release|Any CPU
		{9A702D80-E791-4A56-8B04-3B2BBAFA2C3F}.Release|Any CPU.Build.0 = Release|Any CPU
		{9A702D80-E791-4A56-8B04-3B2BBAFA2C3F}.ReleaseMono|Any CPU.ActiveCfg = Release|Any CPU
		{9A702D80-E791-4A56-8B04-3B2BBAFA2C3F}.ReleaseMono|Any CPU.Build.0 = Release|Any CPU
	EndGlobalSection
	GlobalSection(SolutionProperties) = preSolution
		HideSolutionNode = FALSE
	EndGlobalSection
	GlobalSection(NestedProjects) = preSolution
		{A5F7C0AE-AF7A-45F6-8F50-C3AE5616ABBE} = {3FFCA506-E9BB-47CC-9760-B93A649E8E30}
		{1B4D683C-3FEF-4BCB-886A-BFF4B043B9A6} = {3FFCA506-E9BB-47CC-9760-B93A649E8E30}
		{EBF47F2C-9452-49E9-B984-5B6D44C3E608} = {3FFCA506-E9BB-47CC-9760-B93A649E8E30}
		{D38D1696-A995-4764-9A04-52D55DB2B947} = {A39689D5-9660-497A-AE76-467FBC7D05E6}
		{D0A1BC05-BBEE-442B-8CFD-8595F6ABC1B7} = {A39689D5-9660-497A-AE76-467FBC7D05E6}
		{DDA5CC5B-D7F0-4D27-A6D6-B90BA5FA4B50} = {A39689D5-9660-497A-AE76-467FBC7D05E6}
		{E417153D-68B1-49F1-9DD5-4C6603334F19} = {219920D4-8F98-409D-861E-FF4F5C146E12}
		{EA746D4D-4888-43D2-BA78-D48F9286FDB2} = {219920D4-8F98-409D-861E-FF4F5C146E12}
		{9A702D80-E791-4A56-8B04-3B2BBAFA2C3F} = {219920D4-8F98-409D-861E-FF4F5C146E12}
	EndGlobalSection
	GlobalSection(ExtensibilityGlobals) = postSolution
		SolutionGuid = {797A0322-E124-4A78-9126-A666E4FD4EB7}
	EndGlobalSection
EndGlobal
