
Microsoft Visual Studio Solution File, Format Version 12.00
# Visual Studio Version 16
VisualStudioVersion = 16.0.29102.190
MinimumVisualStudioVersion = 10.0.40219.1
Project("{FAE04EC0-301F-11D3-BF4B-00C04F79EFBC}") = "CRL", "CRL\CRL.csproj", "{221A152B-1136-46A0-BF49-37D8E8EF19A0}"
EndProject
Project("{FAE04EC0-301F-11D3-BF4B-00C04F79EFBC}") = "CRL.Core", "CRL.Core\CRL.Core.csproj", "{1255276C-756E-48AA-A09B-22E92D16D995}"
EndProject
Project("{2150E333-8FDC-42A3-9474-1A3956D46DE8}") = "RPC", "RPC", "{3FFCA506-E9BB-47CC-9760-B93A649E8E30}"
EndProject
Project("{FAE04EC0-301F-11D3-BF4B-00C04F79EFBC}") = "CRL.RPC", "RPC\CRL.RPC\CRL.RPC.csproj", "{A5F7C0AE-AF7A-45F6-8F50-C3AE5616ABBE}"
EndProject
Project("{FAE04EC0-301F-11D3-BF4B-00C04F79EFBC}") = "RPCClient", "RPC\RPCClient\RPCClient.csproj", "{1B4D683C-3FEF-4BCB-886A-BFF4B043B9A6}"
EndProject
Project("{FAE04EC0-301F-11D3-BF4B-00C04F79EFBC}") = "RPCServer", "RPC\RPCServer\RPCServer.csproj", "{EBF47F2C-9452-49E9-B984-5B6D44C3E608}"
EndProject
Project("{2150E333-8FDC-42A3-9474-1A3956D46DE8}") = "DynamicWebApi", "DynamicWebApi", "{A39689D5-9660-497A-AE76-467FBC7D05E6}"
EndProject
Project("{FAE04EC0-301F-11D3-BF4B-00C04F79EFBC}") = "CRL.DynamicWebApi", "DynamicWebApi\CRL.DynamicWebApi\CRL.DynamicWebApi.csproj", "{D38D1696-A995-4764-9A04-52D55DB2B947}"
EndProject
Project("{FAE04EC0-301F-11D3-BF4B-00C04F79EFBC}") = "DynamicWebApiClient", "DynamicWebApi\DynamicWebApiClient\DynamicWebApiClient.csproj", "{D0A1BC05-BBEE-442B-8CFD-8595F6ABC1B7}"
EndProject
Project("{FAE04EC0-301F-11D3-BF4B-00C04F79EFBC}") = "CRL.WebSocket", "WebSocket\CRL.WebSocket\CRL.WebSocket.csproj", "{E417153D-68B1-49F1-9DD5-4C6603334F19}"
EndProject
Project("{2150E333-8FDC-42A3-9474-1A3956D46DE8}") = "WebSocket", "WebSocket", "{219920D4-8F98-409D-861E-FF4F5C146E12}"
EndProject
Project("{FAE04EC0-301F-11D3-BF4B-00C04F79EFBC}") = "WebSocketClient", "WebSocket\WebSocketClient\WebSocketClient.csproj", "{EA746D4D-4888-43D2-BA78-D48F9286FDB2}"
EndProject
Project("{FAE04EC0-301F-11D3-BF4B-00C04F79EFBC}") = "WebSocketServer", "WebSocket\WebSocketServer\WebSocketServer.csproj", "{9A702D80-E791-4A56-8B04-3B2BBAFA2C3F}"
EndProject
Project("{FAE04EC0-301F-11D3-BF4B-00C04F79EFBC}") = "ServerTest", "DynamicWebApi\ServerTest\ServerTest.csproj", "{7D231056-5E8A-4AEA-B3BF-98754CB95997}"
EndProject
Project("{FAE04EC0-301F-11D3-BF4B-00C04F79EFBC}") = "CRL.Core.RedisProvider", "CRL.Core.RedisProvider\CRL.Core.RedisProvider.csproj", "{62AC0217-6A60-4C29-99CA-18DD9C0BF8BF}"
EndProject
Project("{FAE04EC0-301F-11D3-BF4B-00C04F79EFBC}") = "CRL.Core.QuartzScheduler", "CRL.Core.QuartzScheduler\CRL.Core.QuartzScheduler.csproj", "{89A602B5-446E-4F7B-AA96-2E3B90358EF2}"
EndProject
Project("{2150E333-8FDC-42A3-9474-1A3956D46DE8}") = "Core", "Core", "{380DAE15-C41C-4424-A7EF-B8B74D1687D0}"
EndProject
Project("{FAE04EC0-301F-11D3-BF4B-00C04F79EFBC}") = "CRL.Core.RabbitMQ", "CRL.Core.RabbitMQ\CRL.Core.RabbitMQ.csproj", "{C13F7A54-0CF8-4888-AD93-44312E211E6B}"
EndProject
Project("{FAE04EC0-301F-11D3-BF4B-00C04F79EFBC}") = "ApiProxyTest", "DynamicWebApi\ApiProxyTest\ApiProxyTest.csproj", "{98BDD5F6-5752-41D8-B1B2-4FAF69418A1A}"
EndProject
Project("{2150E333-8FDC-42A3-9474-1A3956D46DE8}") = "Consul", "Consul", "{27505EAA-C584-4618-AD8B-081832674612}"
EndProject
Project("{2150E333-8FDC-42A3-9474-1A3956D46DE8}") = "CRL.Providers", "CRL.Providers", "{466677B3-8708-4291-A5CB-31E256367E2F}"
EndProject
Project("{FAE04EC0-301F-11D3-BF4B-00C04F79EFBC}") = "CRL.MySql", "CRL.Providers\CRL.Providers.MySql\CRL.MySql.csproj", "{A9A0476D-E1C8-4488-ABC7-A19AA12509DD}"
EndProject
Project("{FAE04EC0-301F-11D3-BF4B-00C04F79EFBC}") = "CRL.Oracle", "CRL.Providers\CRL.Oracle\CRL.Oracle.csproj", "{F3A4DCC4-196B-411C-B3AC-02177A58D071}"
EndProject
Project("{FAE04EC0-301F-11D3-BF4B-00C04F79EFBC}") = "CRL.Mongo", "CRL.Providers\CRL.MongoDB\CRL.Mongo.csproj", "{61C36869-9489-4EB7-B8EB-7AD5F7DC9B1A}"
EndProject
Project("{FAE04EC0-301F-11D3-BF4B-00C04F79EFBC}") = "ConsulTest", "Consul\ConsulTest\ConsulTest.csproj", "{126597CA-D404-43B3-BCFE-36F777B6B741}"
EndProject
Project("{9A19103F-16F7-4668-BE54-9A1E7A4F7556}") = "CRL.Ocelot", "Consul\CRL.Ocelot\CRL.Ocelot.csproj", "{26D44C42-3D1F-42E5-AEBC-B365A92D0B39}"
EndProject
Project("{9A19103F-16F7-4668-BE54-9A1E7A4F7556}") = "JWTApiTest", "Consul\JWTApi\JWTApiTest.csproj", "{497B3AD1-4609-43DC-A862-99CEA17D3E85}"
EndProject
Project("{9A19103F-16F7-4668-BE54-9A1E7A4F7556}") = "JWTAuthorize", "Consul\JWTAuthorize\JWTAuthorize.csproj", "{72297BB0-84FA-460F-9A95-FE300D14C3BE}"
EndProject
Project("{2150E333-8FDC-42A3-9474-1A3956D46DE8}") = "Test", "Test", "{0C8399A0-3749-4155-A7F5-08F37BAC9DF9}"
EndProject
Project("{FAE04EC0-301F-11D3-BF4B-00C04F79EFBC}") = "CRLTest", "Test\CRLTest\CRLTest.csproj", "{DD47CB0D-8ED7-44E8-B267-BE6CE1D8F49C}"
EndProject
Project("{FAE04EC0-301F-11D3-BF4B-00C04F79EFBC}") = "MQConsume", "Test\MQConsume\MQConsume.csproj", "{4E9A0514-95B6-49A6-8414-9BDABD274DFF}"
EndProject
Project("{FAE04EC0-301F-11D3-BF4B-00C04F79EFBC}") = "MQPublish", "Test\MQPublish\MQPublish.csproj", "{9815169D-A627-460E-97B4-B7850C7909F2}"
EndProject
Project("{FAE04EC0-301F-11D3-BF4B-00C04F79EFBC}") = "TestConsole", "Test\TestConsole\TestConsole.csproj", "{1FF7695C-1EE2-48FD-80A5-3481F4DC2C2E}"
EndProject
Project("{FAE04EC0-301F-11D3-BF4B-00C04F79EFBC}") = "WebTest", "Test\CRLWebTest\WebTest.csproj", "{5B1E144D-0586-4B80-B4E6-F90C81E9CDB7}"
EndProject
Project("{2150E333-8FDC-42A3-9474-1A3956D46DE8}") = "doc", "doc", "{D36480A5-351D-4350-87AC-58676BAA80CA}"
	ProjectSection(SolutionItems) = preProject
		doc\CRL5.1.txt = doc\CRL5.1.txt
	EndProjectSection
EndProject
Global
	GlobalSection(SolutionConfigurationPlatforms) = preSolution
		Debug|Any CPU = Debug|Any CPU
		Debug|x64 = Debug|x64
		Debug|x86 = Debug|x86
		DebugMono|Any CPU = DebugMono|Any CPU
		DebugMono|x64 = DebugMono|x64
		DebugMono|x86 = DebugMono|x86
		Release|Any CPU = Release|Any CPU
		Release|x64 = Release|x64
		Release|x86 = Release|x86
		ReleaseMono|Any CPU = ReleaseMono|Any CPU
		ReleaseMono|x64 = ReleaseMono|x64
		ReleaseMono|x86 = ReleaseMono|x86
	EndGlobalSection
	GlobalSection(ProjectConfigurationPlatforms) = postSolution
		{221A152B-1136-46A0-BF49-37D8E8EF19A0}.Debug|Any CPU.ActiveCfg = Debug|Any CPU
		{221A152B-1136-46A0-BF49-37D8E8EF19A0}.Debug|Any CPU.Build.0 = Debug|Any CPU
		{221A152B-1136-46A0-BF49-37D8E8EF19A0}.Debug|x64.ActiveCfg = Debug|Any CPU
		{221A152B-1136-46A0-BF49-37D8E8EF19A0}.Debug|x64.Build.0 = Debug|Any CPU
		{221A152B-1136-46A0-BF49-37D8E8EF19A0}.Debug|x86.ActiveCfg = Debug|Any CPU
		{221A152B-1136-46A0-BF49-37D8E8EF19A0}.Debug|x86.Build.0 = Debug|Any CPU
		{221A152B-1136-46A0-BF49-37D8E8EF19A0}.DebugMono|Any CPU.ActiveCfg = Debug|Any CPU
		{221A152B-1136-46A0-BF49-37D8E8EF19A0}.DebugMono|Any CPU.Build.0 = Debug|Any CPU
		{221A152B-1136-46A0-BF49-37D8E8EF19A0}.DebugMono|x64.ActiveCfg = Debug|Any CPU
		{221A152B-1136-46A0-BF49-37D8E8EF19A0}.DebugMono|x64.Build.0 = Debug|Any CPU
		{221A152B-1136-46A0-BF49-37D8E8EF19A0}.DebugMono|x86.ActiveCfg = Debug|Any CPU
		{221A152B-1136-46A0-BF49-37D8E8EF19A0}.DebugMono|x86.Build.0 = Debug|Any CPU
		{221A152B-1136-46A0-BF49-37D8E8EF19A0}.Release|Any CPU.ActiveCfg = Release|Any CPU
		{221A152B-1136-46A0-BF49-37D8E8EF19A0}.Release|Any CPU.Build.0 = Release|Any CPU
		{221A152B-1136-46A0-BF49-37D8E8EF19A0}.Release|x64.ActiveCfg = Release|Any CPU
		{221A152B-1136-46A0-BF49-37D8E8EF19A0}.Release|x64.Build.0 = Release|Any CPU
		{221A152B-1136-46A0-BF49-37D8E8EF19A0}.Release|x86.ActiveCfg = Release|Any CPU
		{221A152B-1136-46A0-BF49-37D8E8EF19A0}.Release|x86.Build.0 = Release|Any CPU
		{221A152B-1136-46A0-BF49-37D8E8EF19A0}.ReleaseMono|Any CPU.ActiveCfg = Release|Any CPU
		{221A152B-1136-46A0-BF49-37D8E8EF19A0}.ReleaseMono|Any CPU.Build.0 = Release|Any CPU
		{221A152B-1136-46A0-BF49-37D8E8EF19A0}.ReleaseMono|x64.ActiveCfg = Release|Any CPU
		{221A152B-1136-46A0-BF49-37D8E8EF19A0}.ReleaseMono|x64.Build.0 = Release|Any CPU
		{221A152B-1136-46A0-BF49-37D8E8EF19A0}.ReleaseMono|x86.ActiveCfg = Release|Any CPU
		{221A152B-1136-46A0-BF49-37D8E8EF19A0}.ReleaseMono|x86.Build.0 = Release|Any CPU
		{1255276C-756E-48AA-A09B-22E92D16D995}.Debug|Any CPU.ActiveCfg = Debug|Any CPU
		{1255276C-756E-48AA-A09B-22E92D16D995}.Debug|Any CPU.Build.0 = Debug|Any CPU
		{1255276C-756E-48AA-A09B-22E92D16D995}.Debug|x64.ActiveCfg = Debug|Any CPU
		{1255276C-756E-48AA-A09B-22E92D16D995}.Debug|x64.Build.0 = Debug|Any CPU
		{1255276C-756E-48AA-A09B-22E92D16D995}.Debug|x86.ActiveCfg = Debug|Any CPU
		{1255276C-756E-48AA-A09B-22E92D16D995}.Debug|x86.Build.0 = Debug|Any CPU
		{1255276C-756E-48AA-A09B-22E92D16D995}.DebugMono|Any CPU.ActiveCfg = Debug|Any CPU
		{1255276C-756E-48AA-A09B-22E92D16D995}.DebugMono|Any CPU.Build.0 = Debug|Any CPU
		{1255276C-756E-48AA-A09B-22E92D16D995}.DebugMono|x64.ActiveCfg = Debug|Any CPU
		{1255276C-756E-48AA-A09B-22E92D16D995}.DebugMono|x64.Build.0 = Debug|Any CPU
		{1255276C-756E-48AA-A09B-22E92D16D995}.DebugMono|x86.ActiveCfg = Debug|Any CPU
		{1255276C-756E-48AA-A09B-22E92D16D995}.DebugMono|x86.Build.0 = Debug|Any CPU
		{1255276C-756E-48AA-A09B-22E92D16D995}.Release|Any CPU.ActiveCfg = Release|Any CPU
		{1255276C-756E-48AA-A09B-22E92D16D995}.Release|Any CPU.Build.0 = Release|Any CPU
		{1255276C-756E-48AA-A09B-22E92D16D995}.Release|x64.ActiveCfg = Release|Any CPU
		{1255276C-756E-48AA-A09B-22E92D16D995}.Release|x64.Build.0 = Release|Any CPU
		{1255276C-756E-48AA-A09B-22E92D16D995}.Release|x86.ActiveCfg = Release|Any CPU
		{1255276C-756E-48AA-A09B-22E92D16D995}.Release|x86.Build.0 = Release|Any CPU
		{1255276C-756E-48AA-A09B-22E92D16D995}.ReleaseMono|Any CPU.ActiveCfg = Release|Any CPU
		{1255276C-756E-48AA-A09B-22E92D16D995}.ReleaseMono|Any CPU.Build.0 = Release|Any CPU
		{1255276C-756E-48AA-A09B-22E92D16D995}.ReleaseMono|x64.ActiveCfg = Release|Any CPU
		{1255276C-756E-48AA-A09B-22E92D16D995}.ReleaseMono|x64.Build.0 = Release|Any CPU
		{1255276C-756E-48AA-A09B-22E92D16D995}.ReleaseMono|x86.ActiveCfg = Release|Any CPU
		{1255276C-756E-48AA-A09B-22E92D16D995}.ReleaseMono|x86.Build.0 = Release|Any CPU
		{A5F7C0AE-AF7A-45F6-8F50-C3AE5616ABBE}.Debug|Any CPU.ActiveCfg = Debug|Any CPU
		{A5F7C0AE-AF7A-45F6-8F50-C3AE5616ABBE}.Debug|Any CPU.Build.0 = Debug|Any CPU
		{A5F7C0AE-AF7A-45F6-8F50-C3AE5616ABBE}.Debug|x64.ActiveCfg = Debug|Any CPU
		{A5F7C0AE-AF7A-45F6-8F50-C3AE5616ABBE}.Debug|x64.Build.0 = Debug|Any CPU
		{A5F7C0AE-AF7A-45F6-8F50-C3AE5616ABBE}.Debug|x86.ActiveCfg = Debug|Any CPU
		{A5F7C0AE-AF7A-45F6-8F50-C3AE5616ABBE}.Debug|x86.Build.0 = Debug|Any CPU
		{A5F7C0AE-AF7A-45F6-8F50-C3AE5616ABBE}.DebugMono|Any CPU.ActiveCfg = Debug|Any CPU
		{A5F7C0AE-AF7A-45F6-8F50-C3AE5616ABBE}.DebugMono|Any CPU.Build.0 = Debug|Any CPU
		{A5F7C0AE-AF7A-45F6-8F50-C3AE5616ABBE}.DebugMono|x64.ActiveCfg = Debug|Any CPU
		{A5F7C0AE-AF7A-45F6-8F50-C3AE5616ABBE}.DebugMono|x64.Build.0 = Debug|Any CPU
		{A5F7C0AE-AF7A-45F6-8F50-C3AE5616ABBE}.DebugMono|x86.ActiveCfg = Debug|Any CPU
		{A5F7C0AE-AF7A-45F6-8F50-C3AE5616ABBE}.DebugMono|x86.Build.0 = Debug|Any CPU
		{A5F7C0AE-AF7A-45F6-8F50-C3AE5616ABBE}.Release|Any CPU.ActiveCfg = Release|Any CPU
		{A5F7C0AE-AF7A-45F6-8F50-C3AE5616ABBE}.Release|Any CPU.Build.0 = Release|Any CPU
		{A5F7C0AE-AF7A-45F6-8F50-C3AE5616ABBE}.Release|x64.ActiveCfg = Release|Any CPU
		{A5F7C0AE-AF7A-45F6-8F50-C3AE5616ABBE}.Release|x64.Build.0 = Release|Any CPU
		{A5F7C0AE-AF7A-45F6-8F50-C3AE5616ABBE}.Release|x86.ActiveCfg = Release|Any CPU
		{A5F7C0AE-AF7A-45F6-8F50-C3AE5616ABBE}.Release|x86.Build.0 = Release|Any CPU
		{A5F7C0AE-AF7A-45F6-8F50-C3AE5616ABBE}.ReleaseMono|Any CPU.ActiveCfg = Release|Any CPU
		{A5F7C0AE-AF7A-45F6-8F50-C3AE5616ABBE}.ReleaseMono|Any CPU.Build.0 = Release|Any CPU
		{A5F7C0AE-AF7A-45F6-8F50-C3AE5616ABBE}.ReleaseMono|x64.ActiveCfg = Release|Any CPU
		{A5F7C0AE-AF7A-45F6-8F50-C3AE5616ABBE}.ReleaseMono|x64.Build.0 = Release|Any CPU
		{A5F7C0AE-AF7A-45F6-8F50-C3AE5616ABBE}.ReleaseMono|x86.ActiveCfg = Release|Any CPU
		{A5F7C0AE-AF7A-45F6-8F50-C3AE5616ABBE}.ReleaseMono|x86.Build.0 = Release|Any CPU
		{1B4D683C-3FEF-4BCB-886A-BFF4B043B9A6}.Debug|Any CPU.ActiveCfg = Debug|Any CPU
		{1B4D683C-3FEF-4BCB-886A-BFF4B043B9A6}.Debug|Any CPU.Build.0 = Debug|Any CPU
		{1B4D683C-3FEF-4BCB-886A-BFF4B043B9A6}.Debug|x64.ActiveCfg = Debug|Any CPU
		{1B4D683C-3FEF-4BCB-886A-BFF4B043B9A6}.Debug|x64.Build.0 = Debug|Any CPU
		{1B4D683C-3FEF-4BCB-886A-BFF4B043B9A6}.Debug|x86.ActiveCfg = Debug|Any CPU
		{1B4D683C-3FEF-4BCB-886A-BFF4B043B9A6}.Debug|x86.Build.0 = Debug|Any CPU
		{1B4D683C-3FEF-4BCB-886A-BFF4B043B9A6}.DebugMono|Any CPU.ActiveCfg = Debug|Any CPU
		{1B4D683C-3FEF-4BCB-886A-BFF4B043B9A6}.DebugMono|Any CPU.Build.0 = Debug|Any CPU
		{1B4D683C-3FEF-4BCB-886A-BFF4B043B9A6}.DebugMono|x64.ActiveCfg = Debug|Any CPU
		{1B4D683C-3FEF-4BCB-886A-BFF4B043B9A6}.DebugMono|x64.Build.0 = Debug|Any CPU
		{1B4D683C-3FEF-4BCB-886A-BFF4B043B9A6}.DebugMono|x86.ActiveCfg = Debug|Any CPU
		{1B4D683C-3FEF-4BCB-886A-BFF4B043B9A6}.DebugMono|x86.Build.0 = Debug|Any CPU
		{1B4D683C-3FEF-4BCB-886A-BFF4B043B9A6}.Release|Any CPU.ActiveCfg = Release|Any CPU
		{1B4D683C-3FEF-4BCB-886A-BFF4B043B9A6}.Release|Any CPU.Build.0 = Release|Any CPU
		{1B4D683C-3FEF-4BCB-886A-BFF4B043B9A6}.Release|x64.ActiveCfg = Release|Any CPU
		{1B4D683C-3FEF-4BCB-886A-BFF4B043B9A6}.Release|x64.Build.0 = Release|Any CPU
		{1B4D683C-3FEF-4BCB-886A-BFF4B043B9A6}.Release|x86.ActiveCfg = Release|Any CPU
		{1B4D683C-3FEF-4BCB-886A-BFF4B043B9A6}.Release|x86.Build.0 = Release|Any CPU
		{1B4D683C-3FEF-4BCB-886A-BFF4B043B9A6}.ReleaseMono|Any CPU.ActiveCfg = Release|Any CPU
		{1B4D683C-3FEF-4BCB-886A-BFF4B043B9A6}.ReleaseMono|Any CPU.Build.0 = Release|Any CPU
		{1B4D683C-3FEF-4BCB-886A-BFF4B043B9A6}.ReleaseMono|x64.ActiveCfg = Release|Any CPU
		{1B4D683C-3FEF-4BCB-886A-BFF4B043B9A6}.ReleaseMono|x64.Build.0 = Release|Any CPU
		{1B4D683C-3FEF-4BCB-886A-BFF4B043B9A6}.ReleaseMono|x86.ActiveCfg = Release|Any CPU
		{1B4D683C-3FEF-4BCB-886A-BFF4B043B9A6}.ReleaseMono|x86.Build.0 = Release|Any CPU
		{EBF47F2C-9452-49E9-B984-5B6D44C3E608}.Debug|Any CPU.ActiveCfg = Debug|Any CPU
		{EBF47F2C-9452-49E9-B984-5B6D44C3E608}.Debug|Any CPU.Build.0 = Debug|Any CPU
		{EBF47F2C-9452-49E9-B984-5B6D44C3E608}.Debug|x64.ActiveCfg = Debug|Any CPU
		{EBF47F2C-9452-49E9-B984-5B6D44C3E608}.Debug|x64.Build.0 = Debug|Any CPU
		{EBF47F2C-9452-49E9-B984-5B6D44C3E608}.Debug|x86.ActiveCfg = Debug|Any CPU
		{EBF47F2C-9452-49E9-B984-5B6D44C3E608}.Debug|x86.Build.0 = Debug|Any CPU
		{EBF47F2C-9452-49E9-B984-5B6D44C3E608}.DebugMono|Any CPU.ActiveCfg = Debug|Any CPU
		{EBF47F2C-9452-49E9-B984-5B6D44C3E608}.DebugMono|Any CPU.Build.0 = Debug|Any CPU
		{EBF47F2C-9452-49E9-B984-5B6D44C3E608}.DebugMono|x64.ActiveCfg = Debug|Any CPU
		{EBF47F2C-9452-49E9-B984-5B6D44C3E608}.DebugMono|x64.Build.0 = Debug|Any CPU
		{EBF47F2C-9452-49E9-B984-5B6D44C3E608}.DebugMono|x86.ActiveCfg = Debug|Any CPU
		{EBF47F2C-9452-49E9-B984-5B6D44C3E608}.DebugMono|x86.Build.0 = Debug|Any CPU
		{EBF47F2C-9452-49E9-B984-5B6D44C3E608}.Release|Any CPU.ActiveCfg = Release|Any CPU
		{EBF47F2C-9452-49E9-B984-5B6D44C3E608}.Release|Any CPU.Build.0 = Release|Any CPU
		{EBF47F2C-9452-49E9-B984-5B6D44C3E608}.Release|x64.ActiveCfg = Release|Any CPU
		{EBF47F2C-9452-49E9-B984-5B6D44C3E608}.Release|x64.Build.0 = Release|Any CPU
		{EBF47F2C-9452-49E9-B984-5B6D44C3E608}.Release|x86.ActiveCfg = Release|Any CPU
		{EBF47F2C-9452-49E9-B984-5B6D44C3E608}.Release|x86.Build.0 = Release|Any CPU
		{EBF47F2C-9452-49E9-B984-5B6D44C3E608}.ReleaseMono|Any CPU.ActiveCfg = Release|Any CPU
		{EBF47F2C-9452-49E9-B984-5B6D44C3E608}.ReleaseMono|Any CPU.Build.0 = Release|Any CPU
		{EBF47F2C-9452-49E9-B984-5B6D44C3E608}.ReleaseMono|x64.ActiveCfg = Release|Any CPU
		{EBF47F2C-9452-49E9-B984-5B6D44C3E608}.ReleaseMono|x64.Build.0 = Release|Any CPU
		{EBF47F2C-9452-49E9-B984-5B6D44C3E608}.ReleaseMono|x86.ActiveCfg = Release|Any CPU
		{EBF47F2C-9452-49E9-B984-5B6D44C3E608}.ReleaseMono|x86.Build.0 = Release|Any CPU
		{D38D1696-A995-4764-9A04-52D55DB2B947}.Debug|Any CPU.ActiveCfg = Debug|Any CPU
		{D38D1696-A995-4764-9A04-52D55DB2B947}.Debug|Any CPU.Build.0 = Debug|Any CPU
		{D38D1696-A995-4764-9A04-52D55DB2B947}.Debug|x64.ActiveCfg = Debug|Any CPU
		{D38D1696-A995-4764-9A04-52D55DB2B947}.Debug|x64.Build.0 = Debug|Any CPU
		{D38D1696-A995-4764-9A04-52D55DB2B947}.Debug|x86.ActiveCfg = Debug|Any CPU
		{D38D1696-A995-4764-9A04-52D55DB2B947}.Debug|x86.Build.0 = Debug|Any CPU
		{D38D1696-A995-4764-9A04-52D55DB2B947}.DebugMono|Any CPU.ActiveCfg = Debug|Any CPU
		{D38D1696-A995-4764-9A04-52D55DB2B947}.DebugMono|Any CPU.Build.0 = Debug|Any CPU
		{D38D1696-A995-4764-9A04-52D55DB2B947}.DebugMono|x64.ActiveCfg = Debug|Any CPU
		{D38D1696-A995-4764-9A04-52D55DB2B947}.DebugMono|x64.Build.0 = Debug|Any CPU
		{D38D1696-A995-4764-9A04-52D55DB2B947}.DebugMono|x86.ActiveCfg = Debug|Any CPU
		{D38D1696-A995-4764-9A04-52D55DB2B947}.DebugMono|x86.Build.0 = Debug|Any CPU
		{D38D1696-A995-4764-9A04-52D55DB2B947}.Release|Any CPU.ActiveCfg = Release|Any CPU
		{D38D1696-A995-4764-9A04-52D55DB2B947}.Release|Any CPU.Build.0 = Release|Any CPU
		{D38D1696-A995-4764-9A04-52D55DB2B947}.Release|x64.ActiveCfg = Release|Any CPU
		{D38D1696-A995-4764-9A04-52D55DB2B947}.Release|x64.Build.0 = Release|Any CPU
		{D38D1696-A995-4764-9A04-52D55DB2B947}.Release|x86.ActiveCfg = Release|Any CPU
		{D38D1696-A995-4764-9A04-52D55DB2B947}.Release|x86.Build.0 = Release|Any CPU
		{D38D1696-A995-4764-9A04-52D55DB2B947}.ReleaseMono|Any CPU.ActiveCfg = Release|Any CPU
		{D38D1696-A995-4764-9A04-52D55DB2B947}.ReleaseMono|Any CPU.Build.0 = Release|Any CPU
		{D38D1696-A995-4764-9A04-52D55DB2B947}.ReleaseMono|x64.ActiveCfg = Release|Any CPU
		{D38D1696-A995-4764-9A04-52D55DB2B947}.ReleaseMono|x64.Build.0 = Release|Any CPU
		{D38D1696-A995-4764-9A04-52D55DB2B947}.ReleaseMono|x86.ActiveCfg = Release|Any CPU
		{D38D1696-A995-4764-9A04-52D55DB2B947}.ReleaseMono|x86.Build.0 = Release|Any CPU
		{D0A1BC05-BBEE-442B-8CFD-8595F6ABC1B7}.Debug|Any CPU.ActiveCfg = Debug|Any CPU
		{D0A1BC05-BBEE-442B-8CFD-8595F6ABC1B7}.Debug|Any CPU.Build.0 = Debug|Any CPU
		{D0A1BC05-BBEE-442B-8CFD-8595F6ABC1B7}.Debug|x64.ActiveCfg = Debug|Any CPU
		{D0A1BC05-BBEE-442B-8CFD-8595F6ABC1B7}.Debug|x64.Build.0 = Debug|Any CPU
		{D0A1BC05-BBEE-442B-8CFD-8595F6ABC1B7}.Debug|x86.ActiveCfg = Debug|Any CPU
		{D0A1BC05-BBEE-442B-8CFD-8595F6ABC1B7}.Debug|x86.Build.0 = Debug|Any CPU
		{D0A1BC05-BBEE-442B-8CFD-8595F6ABC1B7}.DebugMono|Any CPU.ActiveCfg = Debug|Any CPU
		{D0A1BC05-BBEE-442B-8CFD-8595F6ABC1B7}.DebugMono|Any CPU.Build.0 = Debug|Any CPU
		{D0A1BC05-BBEE-442B-8CFD-8595F6ABC1B7}.DebugMono|x64.ActiveCfg = Debug|Any CPU
		{D0A1BC05-BBEE-442B-8CFD-8595F6ABC1B7}.DebugMono|x64.Build.0 = Debug|Any CPU
		{D0A1BC05-BBEE-442B-8CFD-8595F6ABC1B7}.DebugMono|x86.ActiveCfg = Debug|Any CPU
		{D0A1BC05-BBEE-442B-8CFD-8595F6ABC1B7}.DebugMono|x86.Build.0 = Debug|Any CPU
		{D0A1BC05-BBEE-442B-8CFD-8595F6ABC1B7}.Release|Any CPU.ActiveCfg = Release|Any CPU
		{D0A1BC05-BBEE-442B-8CFD-8595F6ABC1B7}.Release|Any CPU.Build.0 = Release|Any CPU
		{D0A1BC05-BBEE-442B-8CFD-8595F6ABC1B7}.Release|x64.ActiveCfg = Release|Any CPU
		{D0A1BC05-BBEE-442B-8CFD-8595F6ABC1B7}.Release|x64.Build.0 = Release|Any CPU
		{D0A1BC05-BBEE-442B-8CFD-8595F6ABC1B7}.Release|x86.ActiveCfg = Release|Any CPU
		{D0A1BC05-BBEE-442B-8CFD-8595F6ABC1B7}.Release|x86.Build.0 = Release|Any CPU
		{D0A1BC05-BBEE-442B-8CFD-8595F6ABC1B7}.ReleaseMono|Any CPU.ActiveCfg = Release|Any CPU
		{D0A1BC05-BBEE-442B-8CFD-8595F6ABC1B7}.ReleaseMono|Any CPU.Build.0 = Release|Any CPU
		{D0A1BC05-BBEE-442B-8CFD-8595F6ABC1B7}.ReleaseMono|x64.ActiveCfg = Release|Any CPU
		{D0A1BC05-BBEE-442B-8CFD-8595F6ABC1B7}.ReleaseMono|x64.Build.0 = Release|Any CPU
		{D0A1BC05-BBEE-442B-8CFD-8595F6ABC1B7}.ReleaseMono|x86.ActiveCfg = Release|Any CPU
		{D0A1BC05-BBEE-442B-8CFD-8595F6ABC1B7}.ReleaseMono|x86.Build.0 = Release|Any CPU
		{E417153D-68B1-49F1-9DD5-4C6603334F19}.Debug|Any CPU.ActiveCfg = Debug|Any CPU
		{E417153D-68B1-49F1-9DD5-4C6603334F19}.Debug|Any CPU.Build.0 = Debug|Any CPU
		{E417153D-68B1-49F1-9DD5-4C6603334F19}.Debug|x64.ActiveCfg = Debug|Any CPU
		{E417153D-68B1-49F1-9DD5-4C6603334F19}.Debug|x64.Build.0 = Debug|Any CPU
		{E417153D-68B1-49F1-9DD5-4C6603334F19}.Debug|x86.ActiveCfg = Debug|Any CPU
		{E417153D-68B1-49F1-9DD5-4C6603334F19}.Debug|x86.Build.0 = Debug|Any CPU
		{E417153D-68B1-49F1-9DD5-4C6603334F19}.DebugMono|Any CPU.ActiveCfg = Debug|Any CPU
		{E417153D-68B1-49F1-9DD5-4C6603334F19}.DebugMono|Any CPU.Build.0 = Debug|Any CPU
		{E417153D-68B1-49F1-9DD5-4C6603334F19}.DebugMono|x64.ActiveCfg = Debug|Any CPU
		{E417153D-68B1-49F1-9DD5-4C6603334F19}.DebugMono|x64.Build.0 = Debug|Any CPU
		{E417153D-68B1-49F1-9DD5-4C6603334F19}.DebugMono|x86.ActiveCfg = Debug|Any CPU
		{E417153D-68B1-49F1-9DD5-4C6603334F19}.DebugMono|x86.Build.0 = Debug|Any CPU
		{E417153D-68B1-49F1-9DD5-4C6603334F19}.Release|Any CPU.ActiveCfg = Release|Any CPU
		{E417153D-68B1-49F1-9DD5-4C6603334F19}.Release|Any CPU.Build.0 = Release|Any CPU
		{E417153D-68B1-49F1-9DD5-4C6603334F19}.Release|x64.ActiveCfg = Release|Any CPU
		{E417153D-68B1-49F1-9DD5-4C6603334F19}.Release|x64.Build.0 = Release|Any CPU
		{E417153D-68B1-49F1-9DD5-4C6603334F19}.Release|x86.ActiveCfg = Release|Any CPU
		{E417153D-68B1-49F1-9DD5-4C6603334F19}.Release|x86.Build.0 = Release|Any CPU
		{E417153D-68B1-49F1-9DD5-4C6603334F19}.ReleaseMono|Any CPU.ActiveCfg = Release|Any CPU
		{E417153D-68B1-49F1-9DD5-4C6603334F19}.ReleaseMono|Any CPU.Build.0 = Release|Any CPU
		{E417153D-68B1-49F1-9DD5-4C6603334F19}.ReleaseMono|x64.ActiveCfg = Release|Any CPU
		{E417153D-68B1-49F1-9DD5-4C6603334F19}.ReleaseMono|x64.Build.0 = Release|Any CPU
		{E417153D-68B1-49F1-9DD5-4C6603334F19}.ReleaseMono|x86.ActiveCfg = Release|Any CPU
		{E417153D-68B1-49F1-9DD5-4C6603334F19}.ReleaseMono|x86.Build.0 = Release|Any CPU
		{EA746D4D-4888-43D2-BA78-D48F9286FDB2}.Debug|Any CPU.ActiveCfg = Debug|Any CPU
		{EA746D4D-4888-43D2-BA78-D48F9286FDB2}.Debug|Any CPU.Build.0 = Debug|Any CPU
		{EA746D4D-4888-43D2-BA78-D48F9286FDB2}.Debug|x64.ActiveCfg = Debug|Any CPU
		{EA746D4D-4888-43D2-BA78-D48F9286FDB2}.Debug|x64.Build.0 = Debug|Any CPU
		{EA746D4D-4888-43D2-BA78-D48F9286FDB2}.Debug|x86.ActiveCfg = Debug|Any CPU
		{EA746D4D-4888-43D2-BA78-D48F9286FDB2}.Debug|x86.Build.0 = Debug|Any CPU
		{EA746D4D-4888-43D2-BA78-D48F9286FDB2}.DebugMono|Any CPU.ActiveCfg = Debug|Any CPU
		{EA746D4D-4888-43D2-BA78-D48F9286FDB2}.DebugMono|Any CPU.Build.0 = Debug|Any CPU
		{EA746D4D-4888-43D2-BA78-D48F9286FDB2}.DebugMono|x64.ActiveCfg = Debug|Any CPU
		{EA746D4D-4888-43D2-BA78-D48F9286FDB2}.DebugMono|x64.Build.0 = Debug|Any CPU
		{EA746D4D-4888-43D2-BA78-D48F9286FDB2}.DebugMono|x86.ActiveCfg = Debug|Any CPU
		{EA746D4D-4888-43D2-BA78-D48F9286FDB2}.DebugMono|x86.Build.0 = Debug|Any CPU
		{EA746D4D-4888-43D2-BA78-D48F9286FDB2}.Release|Any CPU.ActiveCfg = Release|Any CPU
		{EA746D4D-4888-43D2-BA78-D48F9286FDB2}.Release|Any CPU.Build.0 = Release|Any CPU
		{EA746D4D-4888-43D2-BA78-D48F9286FDB2}.Release|x64.ActiveCfg = Release|Any CPU
		{EA746D4D-4888-43D2-BA78-D48F9286FDB2}.Release|x64.Build.0 = Release|Any CPU
		{EA746D4D-4888-43D2-BA78-D48F9286FDB2}.Release|x86.ActiveCfg = Release|Any CPU
		{EA746D4D-4888-43D2-BA78-D48F9286FDB2}.Release|x86.Build.0 = Release|Any CPU
		{EA746D4D-4888-43D2-BA78-D48F9286FDB2}.ReleaseMono|Any CPU.ActiveCfg = Release|Any CPU
		{EA746D4D-4888-43D2-BA78-D48F9286FDB2}.ReleaseMono|Any CPU.Build.0 = Release|Any CPU
		{EA746D4D-4888-43D2-BA78-D48F9286FDB2}.ReleaseMono|x64.ActiveCfg = Release|Any CPU
		{EA746D4D-4888-43D2-BA78-D48F9286FDB2}.ReleaseMono|x64.Build.0 = Release|Any CPU
		{EA746D4D-4888-43D2-BA78-D48F9286FDB2}.ReleaseMono|x86.ActiveCfg = Release|Any CPU
		{EA746D4D-4888-43D2-BA78-D48F9286FDB2}.ReleaseMono|x86.Build.0 = Release|Any CPU
		{9A702D80-E791-4A56-8B04-3B2BBAFA2C3F}.Debug|Any CPU.ActiveCfg = Debug|Any CPU
		{9A702D80-E791-4A56-8B04-3B2BBAFA2C3F}.Debug|Any CPU.Build.0 = Debug|Any CPU
		{9A702D80-E791-4A56-8B04-3B2BBAFA2C3F}.Debug|x64.ActiveCfg = Debug|Any CPU
		{9A702D80-E791-4A56-8B04-3B2BBAFA2C3F}.Debug|x64.Build.0 = Debug|Any CPU
		{9A702D80-E791-4A56-8B04-3B2BBAFA2C3F}.Debug|x86.ActiveCfg = Debug|Any CPU
		{9A702D80-E791-4A56-8B04-3B2BBAFA2C3F}.Debug|x86.Build.0 = Debug|Any CPU
		{9A702D80-E791-4A56-8B04-3B2BBAFA2C3F}.DebugMono|Any CPU.ActiveCfg = Debug|Any CPU
		{9A702D80-E791-4A56-8B04-3B2BBAFA2C3F}.DebugMono|Any CPU.Build.0 = Debug|Any CPU
		{9A702D80-E791-4A56-8B04-3B2BBAFA2C3F}.DebugMono|x64.ActiveCfg = Debug|Any CPU
		{9A702D80-E791-4A56-8B04-3B2BBAFA2C3F}.DebugMono|x64.Build.0 = Debug|Any CPU
		{9A702D80-E791-4A56-8B04-3B2BBAFA2C3F}.DebugMono|x86.ActiveCfg = Debug|Any CPU
		{9A702D80-E791-4A56-8B04-3B2BBAFA2C3F}.DebugMono|x86.Build.0 = Debug|Any CPU
		{9A702D80-E791-4A56-8B04-3B2BBAFA2C3F}.Release|Any CPU.ActiveCfg = Release|Any CPU
		{9A702D80-E791-4A56-8B04-3B2BBAFA2C3F}.Release|Any CPU.Build.0 = Release|Any CPU
		{9A702D80-E791-4A56-8B04-3B2BBAFA2C3F}.Release|x64.ActiveCfg = Release|Any CPU
		{9A702D80-E791-4A56-8B04-3B2BBAFA2C3F}.Release|x64.Build.0 = Release|Any CPU
		{9A702D80-E791-4A56-8B04-3B2BBAFA2C3F}.Release|x86.ActiveCfg = Release|Any CPU
		{9A702D80-E791-4A56-8B04-3B2BBAFA2C3F}.Release|x86.Build.0 = Release|Any CPU
		{9A702D80-E791-4A56-8B04-3B2BBAFA2C3F}.ReleaseMono|Any CPU.ActiveCfg = Release|Any CPU
		{9A702D80-E791-4A56-8B04-3B2BBAFA2C3F}.ReleaseMono|Any CPU.Build.0 = Release|Any CPU
		{9A702D80-E791-4A56-8B04-3B2BBAFA2C3F}.ReleaseMono|x64.ActiveCfg = Release|Any CPU
		{9A702D80-E791-4A56-8B04-3B2BBAFA2C3F}.ReleaseMono|x64.Build.0 = Release|Any CPU
		{9A702D80-E791-4A56-8B04-3B2BBAFA2C3F}.ReleaseMono|x86.ActiveCfg = Release|Any CPU
		{9A702D80-E791-4A56-8B04-3B2BBAFA2C3F}.ReleaseMono|x86.Build.0 = Release|Any CPU
		{7D231056-5E8A-4AEA-B3BF-98754CB95997}.Debug|Any CPU.ActiveCfg = Debug|Any CPU
		{7D231056-5E8A-4AEA-B3BF-98754CB95997}.Debug|Any CPU.Build.0 = Debug|Any CPU
		{7D231056-5E8A-4AEA-B3BF-98754CB95997}.Debug|x64.ActiveCfg = Debug|Any CPU
		{7D231056-5E8A-4AEA-B3BF-98754CB95997}.Debug|x64.Build.0 = Debug|Any CPU
		{7D231056-5E8A-4AEA-B3BF-98754CB95997}.Debug|x86.ActiveCfg = Debug|Any CPU
		{7D231056-5E8A-4AEA-B3BF-98754CB95997}.Debug|x86.Build.0 = Debug|Any CPU
		{7D231056-5E8A-4AEA-B3BF-98754CB95997}.DebugMono|Any CPU.ActiveCfg = Debug|Any CPU
		{7D231056-5E8A-4AEA-B3BF-98754CB95997}.DebugMono|Any CPU.Build.0 = Debug|Any CPU
		{7D231056-5E8A-4AEA-B3BF-98754CB95997}.DebugMono|x64.ActiveCfg = Debug|Any CPU
		{7D231056-5E8A-4AEA-B3BF-98754CB95997}.DebugMono|x64.Build.0 = Debug|Any CPU
		{7D231056-5E8A-4AEA-B3BF-98754CB95997}.DebugMono|x86.ActiveCfg = Debug|Any CPU
		{7D231056-5E8A-4AEA-B3BF-98754CB95997}.DebugMono|x86.Build.0 = Debug|Any CPU
		{7D231056-5E8A-4AEA-B3BF-98754CB95997}.Release|Any CPU.ActiveCfg = Release|Any CPU
		{7D231056-5E8A-4AEA-B3BF-98754CB95997}.Release|Any CPU.Build.0 = Release|Any CPU
		{7D231056-5E8A-4AEA-B3BF-98754CB95997}.Release|x64.ActiveCfg = Release|Any CPU
		{7D231056-5E8A-4AEA-B3BF-98754CB95997}.Release|x64.Build.0 = Release|Any CPU
		{7D231056-5E8A-4AEA-B3BF-98754CB95997}.Release|x86.ActiveCfg = Release|Any CPU
		{7D231056-5E8A-4AEA-B3BF-98754CB95997}.Release|x86.Build.0 = Release|Any CPU
		{7D231056-5E8A-4AEA-B3BF-98754CB95997}.ReleaseMono|Any CPU.ActiveCfg = Release|Any CPU
		{7D231056-5E8A-4AEA-B3BF-98754CB95997}.ReleaseMono|Any CPU.Build.0 = Release|Any CPU
		{7D231056-5E8A-4AEA-B3BF-98754CB95997}.ReleaseMono|x64.ActiveCfg = Release|Any CPU
		{7D231056-5E8A-4AEA-B3BF-98754CB95997}.ReleaseMono|x64.Build.0 = Release|Any CPU
		{7D231056-5E8A-4AEA-B3BF-98754CB95997}.ReleaseMono|x86.ActiveCfg = Release|Any CPU
		{7D231056-5E8A-4AEA-B3BF-98754CB95997}.ReleaseMono|x86.Build.0 = Release|Any CPU
		{62AC0217-6A60-4C29-99CA-18DD9C0BF8BF}.Debug|Any CPU.ActiveCfg = Debug|Any CPU
		{62AC0217-6A60-4C29-99CA-18DD9C0BF8BF}.Debug|Any CPU.Build.0 = Debug|Any CPU
		{62AC0217-6A60-4C29-99CA-18DD9C0BF8BF}.Debug|x64.ActiveCfg = Debug|Any CPU
		{62AC0217-6A60-4C29-99CA-18DD9C0BF8BF}.Debug|x64.Build.0 = Debug|Any CPU
		{62AC0217-6A60-4C29-99CA-18DD9C0BF8BF}.Debug|x86.ActiveCfg = Debug|Any CPU
		{62AC0217-6A60-4C29-99CA-18DD9C0BF8BF}.Debug|x86.Build.0 = Debug|Any CPU
		{62AC0217-6A60-4C29-99CA-18DD9C0BF8BF}.DebugMono|Any CPU.ActiveCfg = Debug|Any CPU
		{62AC0217-6A60-4C29-99CA-18DD9C0BF8BF}.DebugMono|Any CPU.Build.0 = Debug|Any CPU
		{62AC0217-6A60-4C29-99CA-18DD9C0BF8BF}.DebugMono|x64.ActiveCfg = Debug|Any CPU
		{62AC0217-6A60-4C29-99CA-18DD9C0BF8BF}.DebugMono|x64.Build.0 = Debug|Any CPU
		{62AC0217-6A60-4C29-99CA-18DD9C0BF8BF}.DebugMono|x86.ActiveCfg = Debug|Any CPU
		{62AC0217-6A60-4C29-99CA-18DD9C0BF8BF}.DebugMono|x86.Build.0 = Debug|Any CPU
		{62AC0217-6A60-4C29-99CA-18DD9C0BF8BF}.Release|Any CPU.ActiveCfg = Release|Any CPU
		{62AC0217-6A60-4C29-99CA-18DD9C0BF8BF}.Release|Any CPU.Build.0 = Release|Any CPU
		{62AC0217-6A60-4C29-99CA-18DD9C0BF8BF}.Release|x64.ActiveCfg = Release|Any CPU
		{62AC0217-6A60-4C29-99CA-18DD9C0BF8BF}.Release|x64.Build.0 = Release|Any CPU
		{62AC0217-6A60-4C29-99CA-18DD9C0BF8BF}.Release|x86.ActiveCfg = Release|Any CPU
		{62AC0217-6A60-4C29-99CA-18DD9C0BF8BF}.Release|x86.Build.0 = Release|Any CPU
		{62AC0217-6A60-4C29-99CA-18DD9C0BF8BF}.ReleaseMono|Any CPU.ActiveCfg = Release|Any CPU
		{62AC0217-6A60-4C29-99CA-18DD9C0BF8BF}.ReleaseMono|Any CPU.Build.0 = Release|Any CPU
		{62AC0217-6A60-4C29-99CA-18DD9C0BF8BF}.ReleaseMono|x64.ActiveCfg = Release|Any CPU
		{62AC0217-6A60-4C29-99CA-18DD9C0BF8BF}.ReleaseMono|x64.Build.0 = Release|Any CPU
		{62AC0217-6A60-4C29-99CA-18DD9C0BF8BF}.ReleaseMono|x86.ActiveCfg = Release|Any CPU
		{62AC0217-6A60-4C29-99CA-18DD9C0BF8BF}.ReleaseMono|x86.Build.0 = Release|Any CPU
		{89A602B5-446E-4F7B-AA96-2E3B90358EF2}.Debug|Any CPU.ActiveCfg = Debug|Any CPU
		{89A602B5-446E-4F7B-AA96-2E3B90358EF2}.Debug|Any CPU.Build.0 = Debug|Any CPU
		{89A602B5-446E-4F7B-AA96-2E3B90358EF2}.Debug|x64.ActiveCfg = Debug|Any CPU
		{89A602B5-446E-4F7B-AA96-2E3B90358EF2}.Debug|x64.Build.0 = Debug|Any CPU
		{89A602B5-446E-4F7B-AA96-2E3B90358EF2}.Debug|x86.ActiveCfg = Debug|Any CPU
		{89A602B5-446E-4F7B-AA96-2E3B90358EF2}.Debug|x86.Build.0 = Debug|Any CPU
		{89A602B5-446E-4F7B-AA96-2E3B90358EF2}.DebugMono|Any CPU.ActiveCfg = Debug|Any CPU
		{89A602B5-446E-4F7B-AA96-2E3B90358EF2}.DebugMono|Any CPU.Build.0 = Debug|Any CPU
		{89A602B5-446E-4F7B-AA96-2E3B90358EF2}.DebugMono|x64.ActiveCfg = Debug|Any CPU
		{89A602B5-446E-4F7B-AA96-2E3B90358EF2}.DebugMono|x64.Build.0 = Debug|Any CPU
		{89A602B5-446E-4F7B-AA96-2E3B90358EF2}.DebugMono|x86.ActiveCfg = Debug|Any CPU
		{89A602B5-446E-4F7B-AA96-2E3B90358EF2}.DebugMono|x86.Build.0 = Debug|Any CPU
		{89A602B5-446E-4F7B-AA96-2E3B90358EF2}.Release|Any CPU.ActiveCfg = Release|Any CPU
		{89A602B5-446E-4F7B-AA96-2E3B90358EF2}.Release|Any CPU.Build.0 = Release|Any CPU
		{89A602B5-446E-4F7B-AA96-2E3B90358EF2}.Release|x64.ActiveCfg = Release|Any CPU
		{89A602B5-446E-4F7B-AA96-2E3B90358EF2}.Release|x64.Build.0 = Release|Any CPU
		{89A602B5-446E-4F7B-AA96-2E3B90358EF2}.Release|x86.ActiveCfg = Release|Any CPU
		{89A602B5-446E-4F7B-AA96-2E3B90358EF2}.Release|x86.Build.0 = Release|Any CPU
		{89A602B5-446E-4F7B-AA96-2E3B90358EF2}.ReleaseMono|Any CPU.ActiveCfg = Release|Any CPU
		{89A602B5-446E-4F7B-AA96-2E3B90358EF2}.ReleaseMono|Any CPU.Build.0 = Release|Any CPU
		{89A602B5-446E-4F7B-AA96-2E3B90358EF2}.ReleaseMono|x64.ActiveCfg = Release|Any CPU
		{89A602B5-446E-4F7B-AA96-2E3B90358EF2}.ReleaseMono|x64.Build.0 = Release|Any CPU
		{89A602B5-446E-4F7B-AA96-2E3B90358EF2}.ReleaseMono|x86.ActiveCfg = Release|Any CPU
		{89A602B5-446E-4F7B-AA96-2E3B90358EF2}.ReleaseMono|x86.Build.0 = Release|Any CPU
		{C13F7A54-0CF8-4888-AD93-44312E211E6B}.Debug|Any CPU.ActiveCfg = Debug|Any CPU
		{C13F7A54-0CF8-4888-AD93-44312E211E6B}.Debug|Any CPU.Build.0 = Debug|Any CPU
		{C13F7A54-0CF8-4888-AD93-44312E211E6B}.Debug|x64.ActiveCfg = Debug|Any CPU
		{C13F7A54-0CF8-4888-AD93-44312E211E6B}.Debug|x64.Build.0 = Debug|Any CPU
		{C13F7A54-0CF8-4888-AD93-44312E211E6B}.Debug|x86.ActiveCfg = Debug|Any CPU
		{C13F7A54-0CF8-4888-AD93-44312E211E6B}.Debug|x86.Build.0 = Debug|Any CPU
		{C13F7A54-0CF8-4888-AD93-44312E211E6B}.DebugMono|Any CPU.ActiveCfg = Debug|Any CPU
		{C13F7A54-0CF8-4888-AD93-44312E211E6B}.DebugMono|Any CPU.Build.0 = Debug|Any CPU
		{C13F7A54-0CF8-4888-AD93-44312E211E6B}.DebugMono|x64.ActiveCfg = Debug|Any CPU
		{C13F7A54-0CF8-4888-AD93-44312E211E6B}.DebugMono|x64.Build.0 = Debug|Any CPU
		{C13F7A54-0CF8-4888-AD93-44312E211E6B}.DebugMono|x86.ActiveCfg = Debug|Any CPU
		{C13F7A54-0CF8-4888-AD93-44312E211E6B}.DebugMono|x86.Build.0 = Debug|Any CPU
		{C13F7A54-0CF8-4888-AD93-44312E211E6B}.Release|Any CPU.ActiveCfg = Release|Any CPU
		{C13F7A54-0CF8-4888-AD93-44312E211E6B}.Release|Any CPU.Build.0 = Release|Any CPU
		{C13F7A54-0CF8-4888-AD93-44312E211E6B}.Release|x64.ActiveCfg = Release|Any CPU
		{C13F7A54-0CF8-4888-AD93-44312E211E6B}.Release|x64.Build.0 = Release|Any CPU
		{C13F7A54-0CF8-4888-AD93-44312E211E6B}.Release|x86.ActiveCfg = Release|Any CPU
		{C13F7A54-0CF8-4888-AD93-44312E211E6B}.Release|x86.Build.0 = Release|Any CPU
		{C13F7A54-0CF8-4888-AD93-44312E211E6B}.ReleaseMono|Any CPU.ActiveCfg = Release|Any CPU
		{C13F7A54-0CF8-4888-AD93-44312E211E6B}.ReleaseMono|Any CPU.Build.0 = Release|Any CPU
		{C13F7A54-0CF8-4888-AD93-44312E211E6B}.ReleaseMono|x64.ActiveCfg = Release|Any CPU
		{C13F7A54-0CF8-4888-AD93-44312E211E6B}.ReleaseMono|x64.Build.0 = Release|Any CPU
		{C13F7A54-0CF8-4888-AD93-44312E211E6B}.ReleaseMono|x86.ActiveCfg = Release|Any CPU
		{C13F7A54-0CF8-4888-AD93-44312E211E6B}.ReleaseMono|x86.Build.0 = Release|Any CPU
		{98BDD5F6-5752-41D8-B1B2-4FAF69418A1A}.Debug|Any CPU.ActiveCfg = Debug|Any CPU
		{98BDD5F6-5752-41D8-B1B2-4FAF69418A1A}.Debug|Any CPU.Build.0 = Debug|Any CPU
		{98BDD5F6-5752-41D8-B1B2-4FAF69418A1A}.Debug|x64.ActiveCfg = Debug|Any CPU
		{98BDD5F6-5752-41D8-B1B2-4FAF69418A1A}.Debug|x64.Build.0 = Debug|Any CPU
		{98BDD5F6-5752-41D8-B1B2-4FAF69418A1A}.Debug|x86.ActiveCfg = Debug|Any CPU
		{98BDD5F6-5752-41D8-B1B2-4FAF69418A1A}.Debug|x86.Build.0 = Debug|Any CPU
		{98BDD5F6-5752-41D8-B1B2-4FAF69418A1A}.DebugMono|Any CPU.ActiveCfg = Debug|Any CPU
		{98BDD5F6-5752-41D8-B1B2-4FAF69418A1A}.DebugMono|Any CPU.Build.0 = Debug|Any CPU
		{98BDD5F6-5752-41D8-B1B2-4FAF69418A1A}.DebugMono|x64.ActiveCfg = Debug|Any CPU
		{98BDD5F6-5752-41D8-B1B2-4FAF69418A1A}.DebugMono|x64.Build.0 = Debug|Any CPU
		{98BDD5F6-5752-41D8-B1B2-4FAF69418A1A}.DebugMono|x86.ActiveCfg = Debug|Any CPU
		{98BDD5F6-5752-41D8-B1B2-4FAF69418A1A}.DebugMono|x86.Build.0 = Debug|Any CPU
		{98BDD5F6-5752-41D8-B1B2-4FAF69418A1A}.Release|Any CPU.ActiveCfg = Release|Any CPU
		{98BDD5F6-5752-41D8-B1B2-4FAF69418A1A}.Release|Any CPU.Build.0 = Release|Any CPU
		{98BDD5F6-5752-41D8-B1B2-4FAF69418A1A}.Release|x64.ActiveCfg = Release|Any CPU
		{98BDD5F6-5752-41D8-B1B2-4FAF69418A1A}.Release|x64.Build.0 = Release|Any CPU
		{98BDD5F6-5752-41D8-B1B2-4FAF69418A1A}.Release|x86.ActiveCfg = Release|Any CPU
		{98BDD5F6-5752-41D8-B1B2-4FAF69418A1A}.Release|x86.Build.0 = Release|Any CPU
		{98BDD5F6-5752-41D8-B1B2-4FAF69418A1A}.ReleaseMono|Any CPU.ActiveCfg = Release|Any CPU
		{98BDD5F6-5752-41D8-B1B2-4FAF69418A1A}.ReleaseMono|Any CPU.Build.0 = Release|Any CPU
		{98BDD5F6-5752-41D8-B1B2-4FAF69418A1A}.ReleaseMono|x64.ActiveCfg = Release|Any CPU
		{98BDD5F6-5752-41D8-B1B2-4FAF69418A1A}.ReleaseMono|x64.Build.0 = Release|Any CPU
		{98BDD5F6-5752-41D8-B1B2-4FAF69418A1A}.ReleaseMono|x86.ActiveCfg = Release|Any CPU
		{98BDD5F6-5752-41D8-B1B2-4FAF69418A1A}.ReleaseMono|x86.Build.0 = Release|Any CPU
		{A9A0476D-E1C8-4488-ABC7-A19AA12509DD}.Debug|Any CPU.ActiveCfg = Debug|Any CPU
		{A9A0476D-E1C8-4488-ABC7-A19AA12509DD}.Debug|Any CPU.Build.0 = Debug|Any CPU
		{A9A0476D-E1C8-4488-ABC7-A19AA12509DD}.Debug|x64.ActiveCfg = Debug|Any CPU
		{A9A0476D-E1C8-4488-ABC7-A19AA12509DD}.Debug|x64.Build.0 = Debug|Any CPU
		{A9A0476D-E1C8-4488-ABC7-A19AA12509DD}.Debug|x86.ActiveCfg = Debug|Any CPU
		{A9A0476D-E1C8-4488-ABC7-A19AA12509DD}.Debug|x86.Build.0 = Debug|Any CPU
		{A9A0476D-E1C8-4488-ABC7-A19AA12509DD}.DebugMono|Any CPU.ActiveCfg = Debug|Any CPU
		{A9A0476D-E1C8-4488-ABC7-A19AA12509DD}.DebugMono|Any CPU.Build.0 = Debug|Any CPU
		{A9A0476D-E1C8-4488-ABC7-A19AA12509DD}.DebugMono|x64.ActiveCfg = Debug|Any CPU
		{A9A0476D-E1C8-4488-ABC7-A19AA12509DD}.DebugMono|x64.Build.0 = Debug|Any CPU
		{A9A0476D-E1C8-4488-ABC7-A19AA12509DD}.DebugMono|x86.ActiveCfg = Debug|Any CPU
		{A9A0476D-E1C8-4488-ABC7-A19AA12509DD}.DebugMono|x86.Build.0 = Debug|Any CPU
		{A9A0476D-E1C8-4488-ABC7-A19AA12509DD}.Release|Any CPU.ActiveCfg = Release|Any CPU
		{A9A0476D-E1C8-4488-ABC7-A19AA12509DD}.Release|Any CPU.Build.0 = Release|Any CPU
		{A9A0476D-E1C8-4488-ABC7-A19AA12509DD}.Release|x64.ActiveCfg = Release|Any CPU
		{A9A0476D-E1C8-4488-ABC7-A19AA12509DD}.Release|x64.Build.0 = Release|Any CPU
		{A9A0476D-E1C8-4488-ABC7-A19AA12509DD}.Release|x86.ActiveCfg = Release|Any CPU
		{A9A0476D-E1C8-4488-ABC7-A19AA12509DD}.Release|x86.Build.0 = Release|Any CPU
		{A9A0476D-E1C8-4488-ABC7-A19AA12509DD}.ReleaseMono|Any CPU.ActiveCfg = Release|Any CPU
		{A9A0476D-E1C8-4488-ABC7-A19AA12509DD}.ReleaseMono|Any CPU.Build.0 = Release|Any CPU
		{A9A0476D-E1C8-4488-ABC7-A19AA12509DD}.ReleaseMono|x64.ActiveCfg = Release|Any CPU
		{A9A0476D-E1C8-4488-ABC7-A19AA12509DD}.ReleaseMono|x64.Build.0 = Release|Any CPU
		{A9A0476D-E1C8-4488-ABC7-A19AA12509DD}.ReleaseMono|x86.ActiveCfg = Release|Any CPU
		{A9A0476D-E1C8-4488-ABC7-A19AA12509DD}.ReleaseMono|x86.Build.0 = Release|Any CPU
		{F3A4DCC4-196B-411C-B3AC-02177A58D071}.Debug|Any CPU.ActiveCfg = Debug|Any CPU
		{F3A4DCC4-196B-411C-B3AC-02177A58D071}.Debug|Any CPU.Build.0 = Debug|Any CPU
		{F3A4DCC4-196B-411C-B3AC-02177A58D071}.Debug|x64.ActiveCfg = Debug|Any CPU
		{F3A4DCC4-196B-411C-B3AC-02177A58D071}.Debug|x64.Build.0 = Debug|Any CPU
		{F3A4DCC4-196B-411C-B3AC-02177A58D071}.Debug|x86.ActiveCfg = Debug|Any CPU
		{F3A4DCC4-196B-411C-B3AC-02177A58D071}.Debug|x86.Build.0 = Debug|Any CPU
		{F3A4DCC4-196B-411C-B3AC-02177A58D071}.DebugMono|Any CPU.ActiveCfg = Debug|Any CPU
		{F3A4DCC4-196B-411C-B3AC-02177A58D071}.DebugMono|Any CPU.Build.0 = Debug|Any CPU
		{F3A4DCC4-196B-411C-B3AC-02177A58D071}.DebugMono|x64.ActiveCfg = Debug|Any CPU
		{F3A4DCC4-196B-411C-B3AC-02177A58D071}.DebugMono|x64.Build.0 = Debug|Any CPU
		{F3A4DCC4-196B-411C-B3AC-02177A58D071}.DebugMono|x86.ActiveCfg = Debug|Any CPU
		{F3A4DCC4-196B-411C-B3AC-02177A58D071}.DebugMono|x86.Build.0 = Debug|Any CPU
		{F3A4DCC4-196B-411C-B3AC-02177A58D071}.Release|Any CPU.ActiveCfg = Release|Any CPU
		{F3A4DCC4-196B-411C-B3AC-02177A58D071}.Release|Any CPU.Build.0 = Release|Any CPU
		{F3A4DCC4-196B-411C-B3AC-02177A58D071}.Release|x64.ActiveCfg = Release|Any CPU
		{F3A4DCC4-196B-411C-B3AC-02177A58D071}.Release|x64.Build.0 = Release|Any CPU
		{F3A4DCC4-196B-411C-B3AC-02177A58D071}.Release|x86.ActiveCfg = Release|Any CPU
		{F3A4DCC4-196B-411C-B3AC-02177A58D071}.Release|x86.Build.0 = Release|Any CPU
		{F3A4DCC4-196B-411C-B3AC-02177A58D071}.ReleaseMono|Any CPU.ActiveCfg = Release|Any CPU
		{F3A4DCC4-196B-411C-B3AC-02177A58D071}.ReleaseMono|Any CPU.Build.0 = Release|Any CPU
		{F3A4DCC4-196B-411C-B3AC-02177A58D071}.ReleaseMono|x64.ActiveCfg = Release|Any CPU
		{F3A4DCC4-196B-411C-B3AC-02177A58D071}.ReleaseMono|x64.Build.0 = Release|Any CPU
		{F3A4DCC4-196B-411C-B3AC-02177A58D071}.ReleaseMono|x86.ActiveCfg = Release|Any CPU
		{F3A4DCC4-196B-411C-B3AC-02177A58D071}.ReleaseMono|x86.Build.0 = Release|Any CPU
		{61C36869-9489-4EB7-B8EB-7AD5F7DC9B1A}.Debug|Any CPU.ActiveCfg = Debug|Any CPU
		{61C36869-9489-4EB7-B8EB-7AD5F7DC9B1A}.Debug|Any CPU.Build.0 = Debug|Any CPU
		{61C36869-9489-4EB7-B8EB-7AD5F7DC9B1A}.Debug|x64.ActiveCfg = Debug|Any CPU
		{61C36869-9489-4EB7-B8EB-7AD5F7DC9B1A}.Debug|x64.Build.0 = Debug|Any CPU
		{61C36869-9489-4EB7-B8EB-7AD5F7DC9B1A}.Debug|x86.ActiveCfg = Debug|Any CPU
		{61C36869-9489-4EB7-B8EB-7AD5F7DC9B1A}.Debug|x86.Build.0 = Debug|Any CPU
		{61C36869-9489-4EB7-B8EB-7AD5F7DC9B1A}.DebugMono|Any CPU.ActiveCfg = Debug|Any CPU
		{61C36869-9489-4EB7-B8EB-7AD5F7DC9B1A}.DebugMono|Any CPU.Build.0 = Debug|Any CPU
		{61C36869-9489-4EB7-B8EB-7AD5F7DC9B1A}.DebugMono|x64.ActiveCfg = Debug|Any CPU
		{61C36869-9489-4EB7-B8EB-7AD5F7DC9B1A}.DebugMono|x64.Build.0 = Debug|Any CPU
		{61C36869-9489-4EB7-B8EB-7AD5F7DC9B1A}.DebugMono|x86.ActiveCfg = Debug|Any CPU
		{61C36869-9489-4EB7-B8EB-7AD5F7DC9B1A}.DebugMono|x86.Build.0 = Debug|Any CPU
		{61C36869-9489-4EB7-B8EB-7AD5F7DC9B1A}.Release|Any CPU.ActiveCfg = Release|Any CPU
		{61C36869-9489-4EB7-B8EB-7AD5F7DC9B1A}.Release|Any CPU.Build.0 = Release|Any CPU
		{61C36869-9489-4EB7-B8EB-7AD5F7DC9B1A}.Release|x64.ActiveCfg = Release|Any CPU
		{61C36869-9489-4EB7-B8EB-7AD5F7DC9B1A}.Release|x64.Build.0 = Release|Any CPU
		{61C36869-9489-4EB7-B8EB-7AD5F7DC9B1A}.Release|x86.ActiveCfg = Release|Any CPU
		{61C36869-9489-4EB7-B8EB-7AD5F7DC9B1A}.Release|x86.Build.0 = Release|Any CPU
		{61C36869-9489-4EB7-B8EB-7AD5F7DC9B1A}.ReleaseMono|Any CPU.ActiveCfg = Release|Any CPU
		{61C36869-9489-4EB7-B8EB-7AD5F7DC9B1A}.ReleaseMono|Any CPU.Build.0 = Release|Any CPU
		{61C36869-9489-4EB7-B8EB-7AD5F7DC9B1A}.ReleaseMono|x64.ActiveCfg = Release|Any CPU
		{61C36869-9489-4EB7-B8EB-7AD5F7DC9B1A}.ReleaseMono|x64.Build.0 = Release|Any CPU
		{61C36869-9489-4EB7-B8EB-7AD5F7DC9B1A}.ReleaseMono|x86.ActiveCfg = Release|Any CPU
		{61C36869-9489-4EB7-B8EB-7AD5F7DC9B1A}.ReleaseMono|x86.Build.0 = Release|Any CPU
		{126597CA-D404-43B3-BCFE-36F777B6B741}.Debug|Any CPU.ActiveCfg = Debug|Any CPU
		{126597CA-D404-43B3-BCFE-36F777B6B741}.Debug|Any CPU.Build.0 = Debug|Any CPU
		{126597CA-D404-43B3-BCFE-36F777B6B741}.Debug|x64.ActiveCfg = Debug|Any CPU
		{126597CA-D404-43B3-BCFE-36F777B6B741}.Debug|x64.Build.0 = Debug|Any CPU
		{126597CA-D404-43B3-BCFE-36F777B6B741}.Debug|x86.ActiveCfg = Debug|Any CPU
		{126597CA-D404-43B3-BCFE-36F777B6B741}.Debug|x86.Build.0 = Debug|Any CPU
		{126597CA-D404-43B3-BCFE-36F777B6B741}.DebugMono|Any CPU.ActiveCfg = Debug|Any CPU
		{126597CA-D404-43B3-BCFE-36F777B6B741}.DebugMono|Any CPU.Build.0 = Debug|Any CPU
		{126597CA-D404-43B3-BCFE-36F777B6B741}.DebugMono|x64.ActiveCfg = Debug|Any CPU
		{126597CA-D404-43B3-BCFE-36F777B6B741}.DebugMono|x64.Build.0 = Debug|Any CPU
		{126597CA-D404-43B3-BCFE-36F777B6B741}.DebugMono|x86.ActiveCfg = Debug|Any CPU
		{126597CA-D404-43B3-BCFE-36F777B6B741}.DebugMono|x86.Build.0 = Debug|Any CPU
		{126597CA-D404-43B3-BCFE-36F777B6B741}.Release|Any CPU.ActiveCfg = Release|Any CPU
		{126597CA-D404-43B3-BCFE-36F777B6B741}.Release|Any CPU.Build.0 = Release|Any CPU
		{126597CA-D404-43B3-BCFE-36F777B6B741}.Release|x64.ActiveCfg = Release|Any CPU
		{126597CA-D404-43B3-BCFE-36F777B6B741}.Release|x64.Build.0 = Release|Any CPU
		{126597CA-D404-43B3-BCFE-36F777B6B741}.Release|x86.ActiveCfg = Release|Any CPU
		{126597CA-D404-43B3-BCFE-36F777B6B741}.Release|x86.Build.0 = Release|Any CPU
		{126597CA-D404-43B3-BCFE-36F777B6B741}.ReleaseMono|Any CPU.ActiveCfg = Release|Any CPU
		{126597CA-D404-43B3-BCFE-36F777B6B741}.ReleaseMono|Any CPU.Build.0 = Release|Any CPU
		{126597CA-D404-43B3-BCFE-36F777B6B741}.ReleaseMono|x64.ActiveCfg = Release|Any CPU
		{126597CA-D404-43B3-BCFE-36F777B6B741}.ReleaseMono|x64.Build.0 = Release|Any CPU
		{126597CA-D404-43B3-BCFE-36F777B6B741}.ReleaseMono|x86.ActiveCfg = Release|Any CPU
		{126597CA-D404-43B3-BCFE-36F777B6B741}.ReleaseMono|x86.Build.0 = Release|Any CPU
		{26D44C42-3D1F-42E5-AEBC-B365A92D0B39}.Debug|Any CPU.ActiveCfg = Debug|Any CPU
		{26D44C42-3D1F-42E5-AEBC-B365A92D0B39}.Debug|Any CPU.Build.0 = Debug|Any CPU
		{26D44C42-3D1F-42E5-AEBC-B365A92D0B39}.Debug|x64.ActiveCfg = Debug|Any CPU
		{26D44C42-3D1F-42E5-AEBC-B365A92D0B39}.Debug|x64.Build.0 = Debug|Any CPU
		{26D44C42-3D1F-42E5-AEBC-B365A92D0B39}.Debug|x86.ActiveCfg = Debug|Any CPU
		{26D44C42-3D1F-42E5-AEBC-B365A92D0B39}.Debug|x86.Build.0 = Debug|Any CPU
		{26D44C42-3D1F-42E5-AEBC-B365A92D0B39}.DebugMono|Any CPU.ActiveCfg = Debug|Any CPU
		{26D44C42-3D1F-42E5-AEBC-B365A92D0B39}.DebugMono|Any CPU.Build.0 = Debug|Any CPU
		{26D44C42-3D1F-42E5-AEBC-B365A92D0B39}.DebugMono|x64.ActiveCfg = Debug|Any CPU
		{26D44C42-3D1F-42E5-AEBC-B365A92D0B39}.DebugMono|x64.Build.0 = Debug|Any CPU
		{26D44C42-3D1F-42E5-AEBC-B365A92D0B39}.DebugMono|x86.ActiveCfg = Debug|Any CPU
		{26D44C42-3D1F-42E5-AEBC-B365A92D0B39}.DebugMono|x86.Build.0 = Debug|Any CPU
		{26D44C42-3D1F-42E5-AEBC-B365A92D0B39}.Release|Any CPU.ActiveCfg = Release|Any CPU
		{26D44C42-3D1F-42E5-AEBC-B365A92D0B39}.Release|Any CPU.Build.0 = Release|Any CPU
		{26D44C42-3D1F-42E5-AEBC-B365A92D0B39}.Release|x64.ActiveCfg = Release|Any CPU
		{26D44C42-3D1F-42E5-AEBC-B365A92D0B39}.Release|x64.Build.0 = Release|Any CPU
		{26D44C42-3D1F-42E5-AEBC-B365A92D0B39}.Release|x86.ActiveCfg = Release|Any CPU
		{26D44C42-3D1F-42E5-AEBC-B365A92D0B39}.Release|x86.Build.0 = Release|Any CPU
		{26D44C42-3D1F-42E5-AEBC-B365A92D0B39}.ReleaseMono|Any CPU.ActiveCfg = Release|Any CPU
		{26D44C42-3D1F-42E5-AEBC-B365A92D0B39}.ReleaseMono|Any CPU.Build.0 = Release|Any CPU
		{26D44C42-3D1F-42E5-AEBC-B365A92D0B39}.ReleaseMono|x64.ActiveCfg = Release|Any CPU
		{26D44C42-3D1F-42E5-AEBC-B365A92D0B39}.ReleaseMono|x64.Build.0 = Release|Any CPU
		{26D44C42-3D1F-42E5-AEBC-B365A92D0B39}.ReleaseMono|x86.ActiveCfg = Release|Any CPU
		{26D44C42-3D1F-42E5-AEBC-B365A92D0B39}.ReleaseMono|x86.Build.0 = Release|Any CPU
		{497B3AD1-4609-43DC-A862-99CEA17D3E85}.Debug|Any CPU.ActiveCfg = Debug|Any CPU
		{497B3AD1-4609-43DC-A862-99CEA17D3E85}.Debug|Any CPU.Build.0 = Debug|Any CPU
		{497B3AD1-4609-43DC-A862-99CEA17D3E85}.Debug|x64.ActiveCfg = Debug|Any CPU
		{497B3AD1-4609-43DC-A862-99CEA17D3E85}.Debug|x64.Build.0 = Debug|Any CPU
		{497B3AD1-4609-43DC-A862-99CEA17D3E85}.Debug|x86.ActiveCfg = Debug|Any CPU
		{497B3AD1-4609-43DC-A862-99CEA17D3E85}.Debug|x86.Build.0 = Debug|Any CPU
		{497B3AD1-4609-43DC-A862-99CEA17D3E85}.DebugMono|Any CPU.ActiveCfg = Debug|Any CPU
		{497B3AD1-4609-43DC-A862-99CEA17D3E85}.DebugMono|Any CPU.Build.0 = Debug|Any CPU
		{497B3AD1-4609-43DC-A862-99CEA17D3E85}.DebugMono|x64.ActiveCfg = Debug|Any CPU
		{497B3AD1-4609-43DC-A862-99CEA17D3E85}.DebugMono|x64.Build.0 = Debug|Any CPU
		{497B3AD1-4609-43DC-A862-99CEA17D3E85}.DebugMono|x86.ActiveCfg = Debug|Any CPU
		{497B3AD1-4609-43DC-A862-99CEA17D3E85}.DebugMono|x86.Build.0 = Debug|Any CPU
		{497B3AD1-4609-43DC-A862-99CEA17D3E85}.Release|Any CPU.ActiveCfg = Release|Any CPU
		{497B3AD1-4609-43DC-A862-99CEA17D3E85}.Release|Any CPU.Build.0 = Release|Any CPU
		{497B3AD1-4609-43DC-A862-99CEA17D3E85}.Release|x64.ActiveCfg = Release|Any CPU
		{497B3AD1-4609-43DC-A862-99CEA17D3E85}.Release|x64.Build.0 = Release|Any CPU
		{497B3AD1-4609-43DC-A862-99CEA17D3E85}.Release|x86.ActiveCfg = Release|Any CPU
		{497B3AD1-4609-43DC-A862-99CEA17D3E85}.Release|x86.Build.0 = Release|Any CPU
		{497B3AD1-4609-43DC-A862-99CEA17D3E85}.ReleaseMono|Any CPU.ActiveCfg = Release|Any CPU
		{497B3AD1-4609-43DC-A862-99CEA17D3E85}.ReleaseMono|Any CPU.Build.0 = Release|Any CPU
		{497B3AD1-4609-43DC-A862-99CEA17D3E85}.ReleaseMono|x64.ActiveCfg = Release|Any CPU
		{497B3AD1-4609-43DC-A862-99CEA17D3E85}.ReleaseMono|x64.Build.0 = Release|Any CPU
		{497B3AD1-4609-43DC-A862-99CEA17D3E85}.ReleaseMono|x86.ActiveCfg = Release|Any CPU
		{497B3AD1-4609-43DC-A862-99CEA17D3E85}.ReleaseMono|x86.Build.0 = Release|Any CPU
		{72297BB0-84FA-460F-9A95-FE300D14C3BE}.Debug|Any CPU.ActiveCfg = Debug|Any CPU
		{72297BB0-84FA-460F-9A95-FE300D14C3BE}.Debug|Any CPU.Build.0 = Debug|Any CPU
		{72297BB0-84FA-460F-9A95-FE300D14C3BE}.Debug|x64.ActiveCfg = Debug|Any CPU
		{72297BB0-84FA-460F-9A95-FE300D14C3BE}.Debug|x64.Build.0 = Debug|Any CPU
		{72297BB0-84FA-460F-9A95-FE300D14C3BE}.Debug|x86.ActiveCfg = Debug|Any CPU
		{72297BB0-84FA-460F-9A95-FE300D14C3BE}.Debug|x86.Build.0 = Debug|Any CPU
		{72297BB0-84FA-460F-9A95-FE300D14C3BE}.DebugMono|Any CPU.ActiveCfg = Debug|Any CPU
		{72297BB0-84FA-460F-9A95-FE300D14C3BE}.DebugMono|Any CPU.Build.0 = Debug|Any CPU
		{72297BB0-84FA-460F-9A95-FE300D14C3BE}.DebugMono|x64.ActiveCfg = Debug|Any CPU
		{72297BB0-84FA-460F-9A95-FE300D14C3BE}.DebugMono|x64.Build.0 = Debug|Any CPU
		{72297BB0-84FA-460F-9A95-FE300D14C3BE}.DebugMono|x86.ActiveCfg = Debug|Any CPU
		{72297BB0-84FA-460F-9A95-FE300D14C3BE}.DebugMono|x86.Build.0 = Debug|Any CPU
		{72297BB0-84FA-460F-9A95-FE300D14C3BE}.Release|Any CPU.ActiveCfg = Release|Any CPU
		{72297BB0-84FA-460F-9A95-FE300D14C3BE}.Release|Any CPU.Build.0 = Release|Any CPU
		{72297BB0-84FA-460F-9A95-FE300D14C3BE}.Release|x64.ActiveCfg = Release|Any CPU
		{72297BB0-84FA-460F-9A95-FE300D14C3BE}.Release|x64.Build.0 = Release|Any CPU
		{72297BB0-84FA-460F-9A95-FE300D14C3BE}.Release|x86.ActiveCfg = Release|Any CPU
		{72297BB0-84FA-460F-9A95-FE300D14C3BE}.Release|x86.Build.0 = Release|Any CPU
		{72297BB0-84FA-460F-9A95-FE300D14C3BE}.ReleaseMono|Any CPU.ActiveCfg = Release|Any CPU
		{72297BB0-84FA-460F-9A95-FE300D14C3BE}.ReleaseMono|Any CPU.Build.0 = Release|Any CPU
		{72297BB0-84FA-460F-9A95-FE300D14C3BE}.ReleaseMono|x64.ActiveCfg = Release|Any CPU
		{72297BB0-84FA-460F-9A95-FE300D14C3BE}.ReleaseMono|x64.Build.0 = Release|Any CPU
		{72297BB0-84FA-460F-9A95-FE300D14C3BE}.ReleaseMono|x86.ActiveCfg = Release|Any CPU
		{72297BB0-84FA-460F-9A95-FE300D14C3BE}.ReleaseMono|x86.Build.0 = Release|Any CPU
		{DD47CB0D-8ED7-44E8-B267-BE6CE1D8F49C}.Debug|Any CPU.ActiveCfg = Debug|Any CPU
		{DD47CB0D-8ED7-44E8-B267-BE6CE1D8F49C}.Debug|Any CPU.Build.0 = Debug|Any CPU
		{DD47CB0D-8ED7-44E8-B267-BE6CE1D8F49C}.Debug|x64.ActiveCfg = Debug|Any CPU
		{DD47CB0D-8ED7-44E8-B267-BE6CE1D8F49C}.Debug|x64.Build.0 = Debug|Any CPU
		{DD47CB0D-8ED7-44E8-B267-BE6CE1D8F49C}.Debug|x86.ActiveCfg = Debug|Any CPU
		{DD47CB0D-8ED7-44E8-B267-BE6CE1D8F49C}.Debug|x86.Build.0 = Debug|Any CPU
		{DD47CB0D-8ED7-44E8-B267-BE6CE1D8F49C}.DebugMono|Any CPU.ActiveCfg = Debug|Any CPU
		{DD47CB0D-8ED7-44E8-B267-BE6CE1D8F49C}.DebugMono|Any CPU.Build.0 = Debug|Any CPU
		{DD47CB0D-8ED7-44E8-B267-BE6CE1D8F49C}.DebugMono|x64.ActiveCfg = Debug|Any CPU
		{DD47CB0D-8ED7-44E8-B267-BE6CE1D8F49C}.DebugMono|x64.Build.0 = Debug|Any CPU
		{DD47CB0D-8ED7-44E8-B267-BE6CE1D8F49C}.DebugMono|x86.ActiveCfg = Debug|Any CPU
		{DD47CB0D-8ED7-44E8-B267-BE6CE1D8F49C}.DebugMono|x86.Build.0 = Debug|Any CPU
		{DD47CB0D-8ED7-44E8-B267-BE6CE1D8F49C}.Release|Any CPU.ActiveCfg = Release|Any CPU
		{DD47CB0D-8ED7-44E8-B267-BE6CE1D8F49C}.Release|Any CPU.Build.0 = Release|Any CPU
		{DD47CB0D-8ED7-44E8-B267-BE6CE1D8F49C}.Release|x64.ActiveCfg = Release|Any CPU
		{DD47CB0D-8ED7-44E8-B267-BE6CE1D8F49C}.Release|x64.Build.0 = Release|Any CPU
		{DD47CB0D-8ED7-44E8-B267-BE6CE1D8F49C}.Release|x86.ActiveCfg = Release|Any CPU
		{DD47CB0D-8ED7-44E8-B267-BE6CE1D8F49C}.Release|x86.Build.0 = Release|Any CPU
		{DD47CB0D-8ED7-44E8-B267-BE6CE1D8F49C}.ReleaseMono|Any CPU.ActiveCfg = Release|Any CPU
		{DD47CB0D-8ED7-44E8-B267-BE6CE1D8F49C}.ReleaseMono|Any CPU.Build.0 = Release|Any CPU
		{DD47CB0D-8ED7-44E8-B267-BE6CE1D8F49C}.ReleaseMono|x64.ActiveCfg = Release|Any CPU
		{DD47CB0D-8ED7-44E8-B267-BE6CE1D8F49C}.ReleaseMono|x64.Build.0 = Release|Any CPU
		{DD47CB0D-8ED7-44E8-B267-BE6CE1D8F49C}.ReleaseMono|x86.ActiveCfg = Release|Any CPU
		{DD47CB0D-8ED7-44E8-B267-BE6CE1D8F49C}.ReleaseMono|x86.Build.0 = Release|Any CPU
		{4E9A0514-95B6-49A6-8414-9BDABD274DFF}.Debug|Any CPU.ActiveCfg = Debug|Any CPU
		{4E9A0514-95B6-49A6-8414-9BDABD274DFF}.Debug|Any CPU.Build.0 = Debug|Any CPU
		{4E9A0514-95B6-49A6-8414-9BDABD274DFF}.Debug|x64.ActiveCfg = Debug|Any CPU
		{4E9A0514-95B6-49A6-8414-9BDABD274DFF}.Debug|x64.Build.0 = Debug|Any CPU
		{4E9A0514-95B6-49A6-8414-9BDABD274DFF}.Debug|x86.ActiveCfg = Debug|Any CPU
		{4E9A0514-95B6-49A6-8414-9BDABD274DFF}.Debug|x86.Build.0 = Debug|Any CPU
		{4E9A0514-95B6-49A6-8414-9BDABD274DFF}.DebugMono|Any CPU.ActiveCfg = Debug|Any CPU
		{4E9A0514-95B6-49A6-8414-9BDABD274DFF}.DebugMono|Any CPU.Build.0 = Debug|Any CPU
		{4E9A0514-95B6-49A6-8414-9BDABD274DFF}.DebugMono|x64.ActiveCfg = Debug|Any CPU
		{4E9A0514-95B6-49A6-8414-9BDABD274DFF}.DebugMono|x64.Build.0 = Debug|Any CPU
		{4E9A0514-95B6-49A6-8414-9BDABD274DFF}.DebugMono|x86.ActiveCfg = Debug|Any CPU
		{4E9A0514-95B6-49A6-8414-9BDABD274DFF}.DebugMono|x86.Build.0 = Debug|Any CPU
		{4E9A0514-95B6-49A6-8414-9BDABD274DFF}.Release|Any CPU.ActiveCfg = Release|Any CPU
		{4E9A0514-95B6-49A6-8414-9BDABD274DFF}.Release|Any CPU.Build.0 = Release|Any CPU
		{4E9A0514-95B6-49A6-8414-9BDABD274DFF}.Release|x64.ActiveCfg = Release|Any CPU
		{4E9A0514-95B6-49A6-8414-9BDABD274DFF}.Release|x64.Build.0 = Release|Any CPU
		{4E9A0514-95B6-49A6-8414-9BDABD274DFF}.Release|x86.ActiveCfg = Release|Any CPU
		{4E9A0514-95B6-49A6-8414-9BDABD274DFF}.Release|x86.Build.0 = Release|Any CPU
		{4E9A0514-95B6-49A6-8414-9BDABD274DFF}.ReleaseMono|Any CPU.ActiveCfg = Release|Any CPU
		{4E9A0514-95B6-49A6-8414-9BDABD274DFF}.ReleaseMono|Any CPU.Build.0 = Release|Any CPU
		{4E9A0514-95B6-49A6-8414-9BDABD274DFF}.ReleaseMono|x64.ActiveCfg = Release|Any CPU
		{4E9A0514-95B6-49A6-8414-9BDABD274DFF}.ReleaseMono|x64.Build.0 = Release|Any CPU
		{4E9A0514-95B6-49A6-8414-9BDABD274DFF}.ReleaseMono|x86.ActiveCfg = Release|Any CPU
		{4E9A0514-95B6-49A6-8414-9BDABD274DFF}.ReleaseMono|x86.Build.0 = Release|Any CPU
		{9815169D-A627-460E-97B4-B7850C7909F2}.Debug|Any CPU.ActiveCfg = Debug|Any CPU
		{9815169D-A627-460E-97B4-B7850C7909F2}.Debug|Any CPU.Build.0 = Debug|Any CPU
		{9815169D-A627-460E-97B4-B7850C7909F2}.Debug|x64.ActiveCfg = Debug|Any CPU
		{9815169D-A627-460E-97B4-B7850C7909F2}.Debug|x64.Build.0 = Debug|Any CPU
		{9815169D-A627-460E-97B4-B7850C7909F2}.Debug|x86.ActiveCfg = Debug|Any CPU
		{9815169D-A627-460E-97B4-B7850C7909F2}.Debug|x86.Build.0 = Debug|Any CPU
		{9815169D-A627-460E-97B4-B7850C7909F2}.DebugMono|Any CPU.ActiveCfg = Debug|Any CPU
		{9815169D-A627-460E-97B4-B7850C7909F2}.DebugMono|Any CPU.Build.0 = Debug|Any CPU
		{9815169D-A627-460E-97B4-B7850C7909F2}.DebugMono|x64.ActiveCfg = Debug|Any CPU
		{9815169D-A627-460E-97B4-B7850C7909F2}.DebugMono|x64.Build.0 = Debug|Any CPU
		{9815169D-A627-460E-97B4-B7850C7909F2}.DebugMono|x86.ActiveCfg = Debug|Any CPU
		{9815169D-A627-460E-97B4-B7850C7909F2}.DebugMono|x86.Build.0 = Debug|Any CPU
		{9815169D-A627-460E-97B4-B7850C7909F2}.Release|Any CPU.ActiveCfg = Release|Any CPU
		{9815169D-A627-460E-97B4-B7850C7909F2}.Release|Any CPU.Build.0 = Release|Any CPU
		{9815169D-A627-460E-97B4-B7850C7909F2}.Release|x64.ActiveCfg = Release|Any CPU
		{9815169D-A627-460E-97B4-B7850C7909F2}.Release|x64.Build.0 = Release|Any CPU
		{9815169D-A627-460E-97B4-B7850C7909F2}.Release|x86.ActiveCfg = Release|Any CPU
		{9815169D-A627-460E-97B4-B7850C7909F2}.Release|x86.Build.0 = Release|Any CPU
		{9815169D-A627-460E-97B4-B7850C7909F2}.ReleaseMono|Any CPU.ActiveCfg = Release|Any CPU
		{9815169D-A627-460E-97B4-B7850C7909F2}.ReleaseMono|Any CPU.Build.0 = Release|Any CPU
		{9815169D-A627-460E-97B4-B7850C7909F2}.ReleaseMono|x64.ActiveCfg = Release|Any CPU
		{9815169D-A627-460E-97B4-B7850C7909F2}.ReleaseMono|x64.Build.0 = Release|Any CPU
		{9815169D-A627-460E-97B4-B7850C7909F2}.ReleaseMono|x86.ActiveCfg = Release|Any CPU
		{9815169D-A627-460E-97B4-B7850C7909F2}.ReleaseMono|x86.Build.0 = Release|Any CPU
		{1FF7695C-1EE2-48FD-80A5-3481F4DC2C2E}.Debug|Any CPU.ActiveCfg = Debug|Any CPU
		{1FF7695C-1EE2-48FD-80A5-3481F4DC2C2E}.Debug|Any CPU.Build.0 = Debug|Any CPU
		{1FF7695C-1EE2-48FD-80A5-3481F4DC2C2E}.Debug|x64.ActiveCfg = Debug|Any CPU
		{1FF7695C-1EE2-48FD-80A5-3481F4DC2C2E}.Debug|x64.Build.0 = Debug|Any CPU
		{1FF7695C-1EE2-48FD-80A5-3481F4DC2C2E}.Debug|x86.ActiveCfg = Debug|Any CPU
		{1FF7695C-1EE2-48FD-80A5-3481F4DC2C2E}.Debug|x86.Build.0 = Debug|Any CPU
		{1FF7695C-1EE2-48FD-80A5-3481F4DC2C2E}.DebugMono|Any CPU.ActiveCfg = Debug|Any CPU
		{1FF7695C-1EE2-48FD-80A5-3481F4DC2C2E}.DebugMono|Any CPU.Build.0 = Debug|Any CPU
		{1FF7695C-1EE2-48FD-80A5-3481F4DC2C2E}.DebugMono|x64.ActiveCfg = Debug|Any CPU
		{1FF7695C-1EE2-48FD-80A5-3481F4DC2C2E}.DebugMono|x64.Build.0 = Debug|Any CPU
		{1FF7695C-1EE2-48FD-80A5-3481F4DC2C2E}.DebugMono|x86.ActiveCfg = Debug|Any CPU
		{1FF7695C-1EE2-48FD-80A5-3481F4DC2C2E}.DebugMono|x86.Build.0 = Debug|Any CPU
		{1FF7695C-1EE2-48FD-80A5-3481F4DC2C2E}.Release|Any CPU.ActiveCfg = Release|Any CPU
		{1FF7695C-1EE2-48FD-80A5-3481F4DC2C2E}.Release|Any CPU.Build.0 = Release|Any CPU
		{1FF7695C-1EE2-48FD-80A5-3481F4DC2C2E}.Release|x64.ActiveCfg = Release|Any CPU
		{1FF7695C-1EE2-48FD-80A5-3481F4DC2C2E}.Release|x64.Build.0 = Release|Any CPU
		{1FF7695C-1EE2-48FD-80A5-3481F4DC2C2E}.Release|x86.ActiveCfg = Release|Any CPU
		{1FF7695C-1EE2-48FD-80A5-3481F4DC2C2E}.Release|x86.Build.0 = Release|Any CPU
		{1FF7695C-1EE2-48FD-80A5-3481F4DC2C2E}.ReleaseMono|Any CPU.ActiveCfg = Release|Any CPU
		{1FF7695C-1EE2-48FD-80A5-3481F4DC2C2E}.ReleaseMono|Any CPU.Build.0 = Release|Any CPU
		{1FF7695C-1EE2-48FD-80A5-3481F4DC2C2E}.ReleaseMono|x64.ActiveCfg = Release|Any CPU
		{1FF7695C-1EE2-48FD-80A5-3481F4DC2C2E}.ReleaseMono|x64.Build.0 = Release|Any CPU
		{1FF7695C-1EE2-48FD-80A5-3481F4DC2C2E}.ReleaseMono|x86.ActiveCfg = Release|Any CPU
		{1FF7695C-1EE2-48FD-80A5-3481F4DC2C2E}.ReleaseMono|x86.Build.0 = Release|Any CPU
		{5B1E144D-0586-4B80-B4E6-F90C81E9CDB7}.Debug|Any CPU.ActiveCfg = Debug|Any CPU
		{5B1E144D-0586-4B80-B4E6-F90C81E9CDB7}.Debug|Any CPU.Build.0 = Debug|Any CPU
		{5B1E144D-0586-4B80-B4E6-F90C81E9CDB7}.Debug|x64.ActiveCfg = Debug|Any CPU
		{5B1E144D-0586-4B80-B4E6-F90C81E9CDB7}.Debug|x64.Build.0 = Debug|Any CPU
		{5B1E144D-0586-4B80-B4E6-F90C81E9CDB7}.Debug|x86.ActiveCfg = Debug|Any CPU
		{5B1E144D-0586-4B80-B4E6-F90C81E9CDB7}.Debug|x86.Build.0 = Debug|Any CPU
		{5B1E144D-0586-4B80-B4E6-F90C81E9CDB7}.DebugMono|Any CPU.ActiveCfg = Debug|Any CPU
		{5B1E144D-0586-4B80-B4E6-F90C81E9CDB7}.DebugMono|Any CPU.Build.0 = Debug|Any CPU
		{5B1E144D-0586-4B80-B4E6-F90C81E9CDB7}.DebugMono|x64.ActiveCfg = Debug|Any CPU
		{5B1E144D-0586-4B80-B4E6-F90C81E9CDB7}.DebugMono|x64.Build.0 = Debug|Any CPU
		{5B1E144D-0586-4B80-B4E6-F90C81E9CDB7}.DebugMono|x86.ActiveCfg = Debug|Any CPU
		{5B1E144D-0586-4B80-B4E6-F90C81E9CDB7}.DebugMono|x86.Build.0 = Debug|Any CPU
		{5B1E144D-0586-4B80-B4E6-F90C81E9CDB7}.Release|Any CPU.ActiveCfg = Release|Any CPU
		{5B1E144D-0586-4B80-B4E6-F90C81E9CDB7}.Release|Any CPU.Build.0 = Release|Any CPU
		{5B1E144D-0586-4B80-B4E6-F90C81E9CDB7}.Release|x64.ActiveCfg = Release|Any CPU
		{5B1E144D-0586-4B80-B4E6-F90C81E9CDB7}.Release|x64.Build.0 = Release|Any CPU
		{5B1E144D-0586-4B80-B4E6-F90C81E9CDB7}.Release|x86.ActiveCfg = Release|Any CPU
		{5B1E144D-0586-4B80-B4E6-F90C81E9CDB7}.Release|x86.Build.0 = Release|Any CPU
		{5B1E144D-0586-4B80-B4E6-F90C81E9CDB7}.ReleaseMono|Any CPU.ActiveCfg = Release|Any CPU
		{5B1E144D-0586-4B80-B4E6-F90C81E9CDB7}.ReleaseMono|Any CPU.Build.0 = Release|Any CPU
		{5B1E144D-0586-4B80-B4E6-F90C81E9CDB7}.ReleaseMono|x64.ActiveCfg = Release|Any CPU
		{5B1E144D-0586-4B80-B4E6-F90C81E9CDB7}.ReleaseMono|x64.Build.0 = Release|Any CPU
		{5B1E144D-0586-4B80-B4E6-F90C81E9CDB7}.ReleaseMono|x86.ActiveCfg = Release|Any CPU
		{5B1E144D-0586-4B80-B4E6-F90C81E9CDB7}.ReleaseMono|x86.Build.0 = Release|Any CPU
	EndGlobalSection
	GlobalSection(SolutionProperties) = preSolution
		HideSolutionNode = FALSE
	EndGlobalSection
	GlobalSection(NestedProjects) = preSolution
		{1255276C-756E-48AA-A09B-22E92D16D995} = {380DAE15-C41C-4424-A7EF-B8B74D1687D0}
		{A5F7C0AE-AF7A-45F6-8F50-C3AE5616ABBE} = {3FFCA506-E9BB-47CC-9760-B93A649E8E30}
		{1B4D683C-3FEF-4BCB-886A-BFF4B043B9A6} = {3FFCA506-E9BB-47CC-9760-B93A649E8E30}
		{EBF47F2C-9452-49E9-B984-5B6D44C3E608} = {3FFCA506-E9BB-47CC-9760-B93A649E8E30}
		{D38D1696-A995-4764-9A04-52D55DB2B947} = {A39689D5-9660-497A-AE76-467FBC7D05E6}
		{D0A1BC05-BBEE-442B-8CFD-8595F6ABC1B7} = {A39689D5-9660-497A-AE76-467FBC7D05E6}
		{E417153D-68B1-49F1-9DD5-4C6603334F19} = {219920D4-8F98-409D-861E-FF4F5C146E12}
		{EA746D4D-4888-43D2-BA78-D48F9286FDB2} = {219920D4-8F98-409D-861E-FF4F5C146E12}
		{9A702D80-E791-4A56-8B04-3B2BBAFA2C3F} = {219920D4-8F98-409D-861E-FF4F5C146E12}
		{7D231056-5E8A-4AEA-B3BF-98754CB95997} = {A39689D5-9660-497A-AE76-467FBC7D05E6}
		{62AC0217-6A60-4C29-99CA-18DD9C0BF8BF} = {380DAE15-C41C-4424-A7EF-B8B74D1687D0}
		{89A602B5-446E-4F7B-AA96-2E3B90358EF2} = {380DAE15-C41C-4424-A7EF-B8B74D1687D0}
		{C13F7A54-0CF8-4888-AD93-44312E211E6B} = {380DAE15-C41C-4424-A7EF-B8B74D1687D0}
		{98BDD5F6-5752-41D8-B1B2-4FAF69418A1A} = {A39689D5-9660-497A-AE76-467FBC7D05E6}
		{A9A0476D-E1C8-4488-ABC7-A19AA12509DD} = {466677B3-8708-4291-A5CB-31E256367E2F}
		{F3A4DCC4-196B-411C-B3AC-02177A58D071} = {466677B3-8708-4291-A5CB-31E256367E2F}
		{61C36869-9489-4EB7-B8EB-7AD5F7DC9B1A} = {466677B3-8708-4291-A5CB-31E256367E2F}
		{126597CA-D404-43B3-BCFE-36F777B6B741} = {27505EAA-C584-4618-AD8B-081832674612}
		{26D44C42-3D1F-42E5-AEBC-B365A92D0B39} = {27505EAA-C584-4618-AD8B-081832674612}
		{497B3AD1-4609-43DC-A862-99CEA17D3E85} = {27505EAA-C584-4618-AD8B-081832674612}
		{72297BB0-84FA-460F-9A95-FE300D14C3BE} = {27505EAA-C584-4618-AD8B-081832674612}
		{DD47CB0D-8ED7-44E8-B267-BE6CE1D8F49C} = {0C8399A0-3749-4155-A7F5-08F37BAC9DF9}
		{4E9A0514-95B6-49A6-8414-9BDABD274DFF} = {0C8399A0-3749-4155-A7F5-08F37BAC9DF9}
		{9815169D-A627-460E-97B4-B7850C7909F2} = {0C8399A0-3749-4155-A7F5-08F37BAC9DF9}
		{1FF7695C-1EE2-48FD-80A5-3481F4DC2C2E} = {0C8399A0-3749-4155-A7F5-08F37BAC9DF9}
		{5B1E144D-0586-4B80-B4E6-F90C81E9CDB7} = {0C8399A0-3749-4155-A7F5-08F37BAC9DF9}
	EndGlobalSection
	GlobalSection(ExtensibilityGlobals) = postSolution
		SolutionGuid = {797A0322-E124-4A78-9126-A666E4FD4EB7}
	EndGlobalSection
EndGlobal
